// !$*UTF8*$!
{
	archiveVersion = 1;
	classes = {
	};
	objectVersion = 46;
	objects = {

/* Begin PBXBuildFile section */
		1AC6FB1F180E996B004C840B /* libbox2d Mac.a in Frameworks */ = {isa = PBXBuildFile; fileRef = 1AC6FAFF180E9839004C840B /* libbox2d Mac.a */; };
		1AC6FB20180E996B004C840B /* libchipmunk Mac.a in Frameworks */ = {isa = PBXBuildFile; fileRef = 1AC6FAFD180E9839004C840B /* libchipmunk Mac.a */; };
		1AC6FB21180E996B004C840B /* libcocos2dx Mac.a in Frameworks */ = {isa = PBXBuildFile; fileRef = 1AC6FAF9180E9839004C840B /* libcocos2dx Mac.a */; };
		1AC6FB22180E996B004C840B /* libcocos2dx-extensions Mac.a in Frameworks */ = {isa = PBXBuildFile; fileRef = 1AC6FAFB180E9839004C840B /* libcocos2dx-extensions Mac.a */; };
		1AC6FB23180E996B004C840B /* libCocosDenshion Mac.a in Frameworks */ = {isa = PBXBuildFile; fileRef = 1AC6FB01180E9839004C840B /* libCocosDenshion Mac.a */; };
		1AC6FB2E180E99EB004C840B /* libbox2d iOS.a in Frameworks */ = {isa = PBXBuildFile; fileRef = 1AC6FB0D180E9839004C840B /* libbox2d iOS.a */; };
		1AC6FB2F180E99EB004C840B /* libchipmunk iOS.a in Frameworks */ = {isa = PBXBuildFile; fileRef = 1AC6FB0B180E9839004C840B /* libchipmunk iOS.a */; };
		1AC6FB30180E99EB004C840B /* libcocos2dx iOS.a in Frameworks */ = {isa = PBXBuildFile; fileRef = 1AC6FB07180E9839004C840B /* libcocos2dx iOS.a */; };
		1AC6FB31180E99EB004C840B /* libcocos2dx-extensions iOS.a in Frameworks */ = {isa = PBXBuildFile; fileRef = 1AC6FB09180E9839004C840B /* libcocos2dx-extensions iOS.a */; };
		1AC6FB32180E99EB004C840B /* libCocosDenshion iOS.a in Frameworks */ = {isa = PBXBuildFile; fileRef = 1AC6FB0F180E9839004C840B /* libCocosDenshion iOS.a */; };
		1D60589F0D05DD5A006BFB54 /* Foundation.framework in Frameworks */ = {isa = PBXBuildFile; fileRef = 1D30AB110D05D00D00671497 /* Foundation.framework */; };
		1DF5F4E00D08C38300B7A737 /* UIKit.framework in Frameworks */ = {isa = PBXBuildFile; fileRef = 1DF5F4DF0D08C38300B7A737 /* UIKit.framework */; };
		288765A50DF7441C002DB57D /* CoreGraphics.framework in Frameworks */ = {isa = PBXBuildFile; fileRef = 288765A40DF7441C002DB57D /* CoreGraphics.framework */; };
		503AE0F817EB97AB00D1A890 /* Icon.icns in Resources */ = {isa = PBXBuildFile; fileRef = 503AE0F617EB97AB00D1A890 /* Icon.icns */; };
		503AE10017EB989F00D1A890 /* AppController.mm in Sources */ = {isa = PBXBuildFile; fileRef = 503AE0FB17EB989F00D1A890 /* AppController.mm */; };
		503AE10117EB989F00D1A890 /* main.m in Sources */ = {isa = PBXBuildFile; fileRef = 503AE0FC17EB989F00D1A890 /* main.m */; };
		503AE10217EB989F00D1A890 /* RootViewController.mm in Sources */ = {isa = PBXBuildFile; fileRef = 503AE0FF17EB989F00D1A890 /* RootViewController.mm */; };
		503AE10517EB98FF00D1A890 /* main.cpp in Sources */ = {isa = PBXBuildFile; fileRef = 503AE10317EB98FF00D1A890 /* main.cpp */; };
		503AE11217EB99EE00D1A890 /* libcurl.dylib in Frameworks */ = {isa = PBXBuildFile; fileRef = 503AE11117EB99EE00D1A890 /* libcurl.dylib */; };
		503AE11B17EB9C5A00D1A890 /* IOKit.framework in Frameworks */ = {isa = PBXBuildFile; fileRef = 503AE11A17EB9C5A00D1A890 /* IOKit.framework */; };
		5087E76317EB910900C73F5D /* Foundation.framework in Frameworks */ = {isa = PBXBuildFile; fileRef = 1D30AB110D05D00D00671497 /* Foundation.framework */; };
		5087E76517EB910900C73F5D /* CoreGraphics.framework in Frameworks */ = {isa = PBXBuildFile; fileRef = 288765A40DF7441C002DB57D /* CoreGraphics.framework */; };
		5087E76717EB910900C73F5D /* libz.dylib in Frameworks */ = {isa = PBXBuildFile; fileRef = BF170DB412928DE900B8313A /* libz.dylib */; };
		5087E76817EB910900C73F5D /* QuartzCore.framework in Frameworks */ = {isa = PBXBuildFile; fileRef = BF1C47EA1293683800B63C5D /* QuartzCore.framework */; };
		5087E76917EB910900C73F5D /* OpenAL.framework in Frameworks */ = {isa = PBXBuildFile; fileRef = D44C620B132DFF330009C878 /* OpenAL.framework */; };
		5087E76A17EB910900C73F5D /* AVFoundation.framework in Frameworks */ = {isa = PBXBuildFile; fileRef = D44C620D132DFF430009C878 /* AVFoundation.framework */; };
		5087E76B17EB910900C73F5D /* AudioToolbox.framework in Frameworks */ = {isa = PBXBuildFile; fileRef = D44C620F132DFF4E0009C878 /* AudioToolbox.framework */; };
		5087E77D17EB970100C73F5D /* Default-568h@2x.png in Resources */ = {isa = PBXBuildFile; fileRef = 5087E77217EB970100C73F5D /* Default-568h@2x.png */; };
		5087E77E17EB970100C73F5D /* Default.png in Resources */ = {isa = PBXBuildFile; fileRef = 5087E77317EB970100C73F5D /* Default.png */; };
		5087E77F17EB970100C73F5D /* Default@2x.png in Resources */ = {isa = PBXBuildFile; fileRef = 5087E77417EB970100C73F5D /* Default@2x.png */; };
		5087E78017EB970100C73F5D /* Icon-114.png in Resources */ = {isa = PBXBuildFile; fileRef = 5087E77517EB970100C73F5D /* Icon-114.png */; };
		5087E78117EB970100C73F5D /* Icon-120.png in Resources */ = {isa = PBXBuildFile; fileRef = 5087E77617EB970100C73F5D /* Icon-120.png */; };
		5087E78217EB970100C73F5D /* Icon-144.png in Resources */ = {isa = PBXBuildFile; fileRef = 5087E77717EB970100C73F5D /* Icon-144.png */; };
		5087E78317EB970100C73F5D /* Icon-152.png in Resources */ = {isa = PBXBuildFile; fileRef = 5087E77817EB970100C73F5D /* Icon-152.png */; };
		5087E78417EB970100C73F5D /* Icon-57.png in Resources */ = {isa = PBXBuildFile; fileRef = 5087E77917EB970100C73F5D /* Icon-57.png */; };
		5087E78517EB970100C73F5D /* Icon-72.png in Resources */ = {isa = PBXBuildFile; fileRef = 5087E77A17EB970100C73F5D /* Icon-72.png */; };
		5087E78617EB970100C73F5D /* Icon-76.png in Resources */ = {isa = PBXBuildFile; fileRef = 5087E77B17EB970100C73F5D /* Icon-76.png */; };
		5087E78917EB974C00C73F5D /* AppKit.framework in Frameworks */ = {isa = PBXBuildFile; fileRef = 5087E78817EB974C00C73F5D /* AppKit.framework */; };
		5087E78B17EB975400C73F5D /* OpenGL.framework in Frameworks */ = {isa = PBXBuildFile; fileRef = 5087E78A17EB975400C73F5D /* OpenGL.framework */; };
		50EF629617ECD46A001EB2F8 /* Icon-40.png in Resources */ = {isa = PBXBuildFile; fileRef = 50EF629217ECD46A001EB2F8 /* Icon-40.png */; };
		50EF629717ECD46A001EB2F8 /* Icon-58.png in Resources */ = {isa = PBXBuildFile; fileRef = 50EF629317ECD46A001EB2F8 /* Icon-58.png */; };
		50EF629817ECD46A001EB2F8 /* Icon-80.png in Resources */ = {isa = PBXBuildFile; fileRef = 50EF629417ECD46A001EB2F8 /* Icon-80.png */; };
		50EF629917ECD46A001EB2F8 /* Icon-100.png in Resources */ = {isa = PBXBuildFile; fileRef = 50EF629517ECD46A001EB2F8 /* Icon-100.png */; };
		50EF62A217ECD613001EB2F8 /* Icon-29.png in Resources */ = {isa = PBXBuildFile; fileRef = 50EF62A017ECD613001EB2F8 /* Icon-29.png */; };
		50EF62A317ECD613001EB2F8 /* Icon-50.png in Resources */ = {isa = PBXBuildFile; fileRef = 50EF62A117ECD613001EB2F8 /* Icon-50.png */; };
		56F54D61190F87B200FA687F /* background.png in Resources */ = {isa = PBXBuildFile; fileRef = 56F54D59190F87B200FA687F /* background.png */; };
		56F54D62190F87B200FA687F /* se_slime.wav in Resources */ = {isa = PBXBuildFile; fileRef = 56F54D5A190F87B200FA687F /* se_slime.wav */; };
		7241413D19975C6E00354642 /* AppDelegate.cpp in Sources */ = {isa = PBXBuildFile; fileRef = 7241413B19975C6E00354642 /* AppDelegate.cpp */; };
		7241416019975DDA00354642 /* background.png in Resources */ = {isa = PBXBuildFile; fileRef = 7241413E19975DDA00354642 /* background.png */; };
		7241416519975DDA00354642 /* burn_out.plist in Resources */ = {isa = PBXBuildFile; fileRef = 7241414319975DDA00354642 /* burn_out.plist */; };
		7241416619975DDA00354642 /* circle_fire.plist in Resources */ = {isa = PBXBuildFile; fileRef = 7241414419975DDA00354642 /* circle_fire.plist */; };
		7241416719975DDA00354642 /* circle_light.plist in Resources */ = {isa = PBXBuildFile; fileRef = 7241414519975DDA00354642 /* circle_light.plist */; };
		7241416819975DDA00354642 /* CloseNormal.png in Resources */ = {isa = PBXBuildFile; fileRef = 7241414619975DDA00354642 /* CloseNormal.png */; };
		7241416919975DDA00354642 /* CloseSelected.png in Resources */ = {isa = PBXBuildFile; fileRef = 7241414719975DDA00354642 /* CloseSelected.png */; };
		7241416A19975DDA00354642 /* enemy01.png in Resources */ = {isa = PBXBuildFile; fileRef = 7241414819975DDA00354642 /* enemy01.png */; };
		7241416C19975DDA00354642 /* enemy03.png in Resources */ = {isa = PBXBuildFile; fileRef = 7241414A19975DDA00354642 /* enemy03.png */; };
		7241416E19975DDA00354642 /* Marker Felt.ttf in Resources */ = {isa = PBXBuildFile; fileRef = 7241414D19975DDA00354642 /* Marker Felt.ttf */; };
		7241417019975DDA00354642 /* left.png in Resources */ = {isa = PBXBuildFile; fileRef = 7241414F19975DDA00354642 /* left.png */; };
		7241417119975DDA00354642 /* lizi.plist in Resources */ = {isa = PBXBuildFile; fileRef = 7241415019975DDA00354642 /* lizi.plist */; };
		7241417219975DDA00354642 /* right.png in Resources */ = {isa = PBXBuildFile; fileRef = 7241415119975DDA00354642 /* right.png */; };
		7241417319975DDA00354642 /* se_slime.wav in Resources */ = {isa = PBXBuildFile; fileRef = 7241415219975DDA00354642 /* se_slime.wav */; };
		7241417C19975DDA00354642 /* war_ship.png in Resources */ = {isa = PBXBuildFile; fileRef = 7241415B19975DDA00354642 /* war_ship.png */; };
		7241417F19975DDA00354642 /* whiteFont.fnt in Resources */ = {isa = PBXBuildFile; fileRef = 7241415E19975DDA00354642 /* whiteFont.fnt */; };
		7241418019975DDA00354642 /* whiteFont.png in Resources */ = {isa = PBXBuildFile; fileRef = 7241415F19975DDA00354642 /* whiteFont.png */; };
		724141881997B3A600354642 /* Enemy05.cpp in Sources */ = {isa = PBXBuildFile; fileRef = 724141821997B3A600354642 /* Enemy05.cpp */; };
		724141891997B3A600354642 /* Enemy06.cpp in Sources */ = {isa = PBXBuildFile; fileRef = 724141841997B3A600354642 /* Enemy06.cpp */; };
		7241418A1997B3A600354642 /* Enemy08.cpp in Sources */ = {isa = PBXBuildFile; fileRef = 724141861997B3A600354642 /* Enemy08.cpp */; };
		7241418F1997B3B900354642 /* Star.cpp in Sources */ = {isa = PBXBuildFile; fileRef = 7241418D1997B3B900354642 /* Star.cpp */; };
		724141901997B3D100354642 /* Star.h in Sources */ = {isa = PBXBuildFile; fileRef = 7241418E1997B3B900354642 /* Star.h */; };
		724141911997B3D100354642 /* Enemy05.h in Sources */ = {isa = PBXBuildFile; fileRef = 724141831997B3A600354642 /* Enemy05.h */; };
		724141921997B3D100354642 /* Enemy06.h in Sources */ = {isa = PBXBuildFile; fileRef = 724141851997B3A600354642 /* Enemy06.h */; };
		724141931997B3D100354642 /* Enemy08.h in Sources */ = {isa = PBXBuildFile; fileRef = 724141871997B3A600354642 /* Enemy08.h */; };
		724141951997B50000354642 /* bomb.png in Resources */ = {isa = PBXBuildFile; fileRef = 724141941997B50000354642 /* bomb.png */; };
		724141971997B50600354642 /* star.png in Resources */ = {isa = PBXBuildFile; fileRef = 724141961997B50600354642 /* star.png */; };
		724141991997B56B00354642 /* enemy06.png in Resources */ = {isa = PBXBuildFile; fileRef = 724141981997B56B00354642 /* enemy06.png */; };
		7241419E1997B5B500354642 /* heart.png in Resources */ = {isa = PBXBuildFile; fileRef = 7241419A1997B5B500354642 /* heart.png */; };
		7241419F1997B5B500354642 /* life_left.png in Resources */ = {isa = PBXBuildFile; fileRef = 7241419B1997B5B500354642 /* life_left.png */; };
		724141A01997B5B500354642 /* life_right.png in Resources */ = {isa = PBXBuildFile; fileRef = 7241419C1997B5B500354642 /* life_right.png */; };
		724141A11997B5B500354642 /* life.png in Resources */ = {isa = PBXBuildFile; fileRef = 7241419D1997B5B500354642 /* life.png */; };
		724141A61997B67D00354642 /* LifeLeft.cpp in Sources */ = {isa = PBXBuildFile; fileRef = 724141A21997B67D00354642 /* LifeLeft.cpp */; };
		724141A71997B67D00354642 /* LifeRight.cpp in Sources */ = {isa = PBXBuildFile; fileRef = 724141A41997B67D00354642 /* LifeRight.cpp */; };
		724141A81997B6AF00354642 /* LifeLeft.h in Sources */ = {isa = PBXBuildFile; fileRef = 724141A31997B67D00354642 /* LifeLeft.h */; };
		724141A91997B6AF00354642 /* LifeRight.h in Sources */ = {isa = PBXBuildFile; fileRef = 724141A51997B67D00354642 /* LifeRight.h */; };
		729059E61997463C00E85837 /* Ignite.cpp in Sources */ = {isa = PBXBuildFile; fileRef = 729059A81997463C00E85837 /* Ignite.cpp */; };
		72B7A141199656290071AB52 /* left.png in Resources */ = {isa = PBXBuildFile; fileRef = 72B7A13F199656290071AB52 /* left.png */; };
		72B7A142199656290071AB52 /* right.png in Resources */ = {isa = PBXBuildFile; fileRef = 72B7A140199656290071AB52 /* right.png */; };
		72B7A1441996568F0071AB52 /* war_ship.png in Resources */ = {isa = PBXBuildFile; fileRef = 72B7A1431996568F0071AB52 /* war_ship.png */; };
		72CE709D199752AD0020F76C /* WarShip.cpp in Sources */ = {isa = PBXBuildFile; fileRef = 729059F91997464500E85837 /* WarShip.cpp */; };
		72CE709E199752AD0020F76C /* WarShip.h in Sources */ = {isa = PBXBuildFile; fileRef = 729059FA1997464500E85837 /* WarShip.h */; };
		72CE70A4199752AD0020F76C /* ArrowLeft.cpp in Sources */ = {isa = PBXBuildFile; fileRef = 7290596F1997463B00E85837 /* ArrowLeft.cpp */; };
		72CE70A5199752AD0020F76C /* ArrowLeft.h in Sources */ = {isa = PBXBuildFile; fileRef = 729059701997463B00E85837 /* ArrowLeft.h */; };
		72CE70A6199752AD0020F76C /* ArrowRight.cpp in Sources */ = {isa = PBXBuildFile; fileRef = 729059711997463B00E85837 /* ArrowRight.cpp */; };
		72CE70A7199752AD0020F76C /* ArrowRight.h in Sources */ = {isa = PBXBuildFile; fileRef = 729059721997463B00E85837 /* ArrowRight.h */; };
		72CE70AC199752AE0020F76C /* BattleManager.cpp in Sources */ = {isa = PBXBuildFile; fileRef = 729059771997463B00E85837 /* BattleManager.cpp */; };
		72CE70AD199752AE0020F76C /* BattleManager.h in Sources */ = {isa = PBXBuildFile; fileRef = 729059781997463B00E85837 /* BattleManager.h */; };
		72CE70B0199752AE0020F76C /* BurnOut.cpp in Sources */ = {isa = PBXBuildFile; fileRef = 7290597B1997463B00E85837 /* BurnOut.cpp */; };
		72CE70B1199752AE0020F76C /* BurnOut.h in Sources */ = {isa = PBXBuildFile; fileRef = 7290597C1997463B00E85837 /* BurnOut.h */; };
		72CE70B5199752AE0020F76C /* Config.h in Sources */ = {isa = PBXBuildFile; fileRef = 729059811997463B00E85837 /* Config.h */; };
		72CE70B6199752AE0020F76C /* Effect.cpp in Sources */ = {isa = PBXBuildFile; fileRef = 729059911997463B00E85837 /* Effect.cpp */; };
		72CE70B7199752AE0020F76C /* Effect.h in Sources */ = {isa = PBXBuildFile; fileRef = 729059921997463B00E85837 /* Effect.h */; };
		72CE70B8199752AE0020F76C /* Enemy.cpp in Sources */ = {isa = PBXBuildFile; fileRef = 729059931997463B00E85837 /* Enemy.cpp */; };
		72CE70B9199752AE0020F76C /* Enemy.h in Sources */ = {isa = PBXBuildFile; fileRef = 729059941997463B00E85837 /* Enemy.h */; };
		72CE70BA199752AE0020F76C /* Enemy01.cpp in Sources */ = {isa = PBXBuildFile; fileRef = 729059951997463B00E85837 /* Enemy01.cpp */; };
		72CE70BB199752AE0020F76C /* Enemy01.h in Sources */ = {isa = PBXBuildFile; fileRef = 729059961997463C00E85837 /* Enemy01.h */; };
		72CE70BE199752AE0020F76C /* Enemy03.cpp in Sources */ = {isa = PBXBuildFile; fileRef = 729059991997463C00E85837 /* Enemy03.cpp */; };
		72CE70BF199752AE0020F76C /* Enemy03.h in Sources */ = {isa = PBXBuildFile; fileRef = 7290599A1997463C00E85837 /* Enemy03.h */; };
		72CE70C8199752AE0020F76C /* EnemyClassLoader.h in Sources */ = {isa = PBXBuildFile; fileRef = 729059A31997463C00E85837 /* EnemyClassLoader.h */; };
		72CE70CB199752AE0020F76C /* GameScene.cpp in Sources */ = {isa = PBXBuildFile; fileRef = 729059A61997463C00E85837 /* GameScene.cpp */; };
		72CE70CC199752AE0020F76C /* GameScene.h in Sources */ = {isa = PBXBuildFile; fileRef = 729059A71997463C00E85837 /* GameScene.h */; };
		72CE70CD199752AE0020F76C /* Ignite.h in Sources */ = {isa = PBXBuildFile; fileRef = 729059A91997463C00E85837 /* Ignite.h */; };
		72CE70D8199752AE0020F76C /* OperationPanel.cpp in Sources */ = {isa = PBXBuildFile; fileRef = 729059BB1997463C00E85837 /* OperationPanel.cpp */; };
		72CE70D9199752AE0020F76C /* OperationPanel.h in Sources */ = {isa = PBXBuildFile; fileRef = 729059BC1997463C00E85837 /* OperationPanel.h */; };
		72CE70DA199752AE0020F76C /* OperationPanelClassLoader.h in Sources */ = {isa = PBXBuildFile; fileRef = 729059BD1997463C00E85837 /* OperationPanelClassLoader.h */; };
		72CE70DB199752AE0020F76C /* ParticleEffect.cpp in Sources */ = {isa = PBXBuildFile; fileRef = 729059BE1997463C00E85837 /* ParticleEffect.cpp */; };
		72CE70DC199752AE0020F76C /* ParticleEffect.h in Sources */ = {isa = PBXBuildFile; fileRef = 729059BF1997463C00E85837 /* ParticleEffect.h */; };
		72CE70DD199752AE0020F76C /* ParticleEffectClassLoader.h in Sources */ = {isa = PBXBuildFile; fileRef = 729059C01997463C00E85837 /* ParticleEffectClassLoader.h */; };
		72CE70DE199752AE0020F76C /* Player.cpp in Sources */ = {isa = PBXBuildFile; fileRef = 729059C11997463C00E85837 /* Player.cpp */; };
		72CE70DF199752AE0020F76C /* Player.h in Sources */ = {isa = PBXBuildFile; fileRef = 729059C21997463C00E85837 /* Player.h */; };
		72CE70E0199752AE0020F76C /* PlayerClassLoader.h in Sources */ = {isa = PBXBuildFile; fileRef = 729059C31997463C00E85837 /* PlayerClassLoader.h */; };
		72CE70E1199752AE0020F76C /* ResourceManager.cpp in Sources */ = {isa = PBXBuildFile; fileRef = 729059C41997463C00E85837 /* ResourceManager.cpp */; };
		72CE70E2199752AE0020F76C /* ResourceManager.h in Sources */ = {isa = PBXBuildFile; fileRef = 729059C51997463C00E85837 /* ResourceManager.h */; };
		72CE70E3199752AE0020F76C /* RewardManager.cpp in Sources */ = {isa = PBXBuildFile; fileRef = 729059C61997463C00E85837 /* RewardManager.cpp */; };
		72CE70E4199752AE0020F76C /* RewardManager.h in Sources */ = {isa = PBXBuildFile; fileRef = 729059C71997463C00E85837 /* RewardManager.h */; };
		BF171245129291EC00B8313A /* OpenGLES.framework in Frameworks */ = {isa = PBXBuildFile; fileRef = BF170DB012928DE900B8313A /* OpenGLES.framework */; };
		BF1712471292920000B8313A /* libz.dylib in Frameworks */ = {isa = PBXBuildFile; fileRef = BF170DB412928DE900B8313A /* libz.dylib */; };
		BF1C47F01293687400B63C5D /* QuartzCore.framework in Frameworks */ = {isa = PBXBuildFile; fileRef = BF1C47EA1293683800B63C5D /* QuartzCore.framework */; };
		D44C620C132DFF330009C878 /* OpenAL.framework in Frameworks */ = {isa = PBXBuildFile; fileRef = D44C620B132DFF330009C878 /* OpenAL.framework */; };
		D44C620E132DFF430009C878 /* AVFoundation.framework in Frameworks */ = {isa = PBXBuildFile; fileRef = D44C620D132DFF430009C878 /* AVFoundation.framework */; };
		D44C6210132DFF4E0009C878 /* AudioToolbox.framework in Frameworks */ = {isa = PBXBuildFile; fileRef = D44C620F132DFF4E0009C878 /* AudioToolbox.framework */; };
		D6B0611B1803AB670077942B /* CoreMotion.framework in Frameworks */ = {isa = PBXBuildFile; fileRef = D6B0611A1803AB670077942B /* CoreMotion.framework */; };
/* End PBXBuildFile section */

/* Begin PBXContainerItemProxy section */
		1AC6FAF8180E9839004C840B /* PBXContainerItemProxy */ = {
			isa = PBXContainerItemProxy;
			containerPortal = 1AC6FAE5180E9839004C840B /* cocos2d_libs.xcodeproj */;
			proxyType = 2;
			remoteGlobalIDString = 1551A33F158F2AB200E66CFE;
			remoteInfo = "cocos2dx Mac";
		};
		1AC6FAFA180E9839004C840B /* PBXContainerItemProxy */ = {
			isa = PBXContainerItemProxy;
			containerPortal = 1AC6FAE5180E9839004C840B /* cocos2d_libs.xcodeproj */;
			proxyType = 2;
			remoteGlobalIDString = A03F2FD617814595006731B9;
			remoteInfo = "cocos2dx-extensions Mac";
		};
		1AC6FAFC180E9839004C840B /* PBXContainerItemProxy */ = {
			isa = PBXContainerItemProxy;
			containerPortal = 1AC6FAE5180E9839004C840B /* cocos2d_libs.xcodeproj */;
			proxyType = 2;
			remoteGlobalIDString = A03F2CB81780BD04006731B9;
			remoteInfo = "chipmunk Mac";
		};
		1AC6FAFE180E9839004C840B /* PBXContainerItemProxy */ = {
			isa = PBXContainerItemProxy;
			containerPortal = 1AC6FAE5180E9839004C840B /* cocos2d_libs.xcodeproj */;
			proxyType = 2;
			remoteGlobalIDString = A03F2D9B1780BDF7006731B9;
			remoteInfo = "box2d Mac";
		};
		1AC6FB00180E9839004C840B /* PBXContainerItemProxy */ = {
			isa = PBXContainerItemProxy;
			containerPortal = 1AC6FAE5180E9839004C840B /* cocos2d_libs.xcodeproj */;
			proxyType = 2;
			remoteGlobalIDString = A03F2ED617814268006731B9;
			remoteInfo = "CocosDenshion Mac";
		};
		1AC6FB06180E9839004C840B /* PBXContainerItemProxy */ = {
			isa = PBXContainerItemProxy;
			containerPortal = 1AC6FAE5180E9839004C840B /* cocos2d_libs.xcodeproj */;
			proxyType = 2;
			remoteGlobalIDString = A07A4D641783777C0073F6A7;
			remoteInfo = "cocos2dx iOS";
		};
		1AC6FB08180E9839004C840B /* PBXContainerItemProxy */ = {
			isa = PBXContainerItemProxy;
			containerPortal = 1AC6FAE5180E9839004C840B /* cocos2d_libs.xcodeproj */;
			proxyType = 2;
			remoteGlobalIDString = A07A4EFC1783867C0073F6A7;
			remoteInfo = "cocos2dx-extensions iOS";
		};
		1AC6FB0A180E9839004C840B /* PBXContainerItemProxy */ = {
			isa = PBXContainerItemProxy;
			containerPortal = 1AC6FAE5180E9839004C840B /* cocos2d_libs.xcodeproj */;
			proxyType = 2;
			remoteGlobalIDString = A07A4F3B178387670073F6A7;
			remoteInfo = "chipmunk iOS";
		};
		1AC6FB0C180E9839004C840B /* PBXContainerItemProxy */ = {
			isa = PBXContainerItemProxy;
			containerPortal = 1AC6FAE5180E9839004C840B /* cocos2d_libs.xcodeproj */;
			proxyType = 2;
			remoteGlobalIDString = A07A4F9E1783876B0073F6A7;
			remoteInfo = "box2d iOS";
		};
		1AC6FB0E180E9839004C840B /* PBXContainerItemProxy */ = {
			isa = PBXContainerItemProxy;
			containerPortal = 1AC6FAE5180E9839004C840B /* cocos2d_libs.xcodeproj */;
			proxyType = 2;
			remoteGlobalIDString = A07A4FB4178387730073F6A7;
			remoteInfo = "CocosDenshion iOS";
		};
		1AC6FB15180E9959004C840B /* PBXContainerItemProxy */ = {
			isa = PBXContainerItemProxy;
			containerPortal = 1AC6FAE5180E9839004C840B /* cocos2d_libs.xcodeproj */;
			proxyType = 1;
			remoteGlobalIDString = 1551A33E158F2AB200E66CFE;
			remoteInfo = "cocos2dx Mac";
		};
		1AC6FB17180E9959004C840B /* PBXContainerItemProxy */ = {
			isa = PBXContainerItemProxy;
			containerPortal = 1AC6FAE5180E9839004C840B /* cocos2d_libs.xcodeproj */;
			proxyType = 1;
			remoteGlobalIDString = A03F2FC117814595006731B9;
			remoteInfo = "cocos2dx-extensions Mac";
		};
		1AC6FB19180E9959004C840B /* PBXContainerItemProxy */ = {
			isa = PBXContainerItemProxy;
			containerPortal = 1AC6FAE5180E9839004C840B /* cocos2d_libs.xcodeproj */;
			proxyType = 1;
			remoteGlobalIDString = A03F2B781780BD04006731B9;
			remoteInfo = "chipmunk Mac";
		};
		1AC6FB1B180E9959004C840B /* PBXContainerItemProxy */ = {
			isa = PBXContainerItemProxy;
			containerPortal = 1AC6FAE5180E9839004C840B /* cocos2d_libs.xcodeproj */;
			proxyType = 1;
			remoteGlobalIDString = A03F2E9817814268006731B9;
			remoteInfo = "CocosDenshion Mac";
		};
		1AC6FB1D180E9963004C840B /* PBXContainerItemProxy */ = {
			isa = PBXContainerItemProxy;
			containerPortal = 1AC6FAE5180E9839004C840B /* cocos2d_libs.xcodeproj */;
			proxyType = 1;
			remoteGlobalIDString = A03F2D5D1780BDF7006731B9;
			remoteInfo = "box2d Mac";
		};
		1AC6FB24180E99E1004C840B /* PBXContainerItemProxy */ = {
			isa = PBXContainerItemProxy;
			containerPortal = 1AC6FAE5180E9839004C840B /* cocos2d_libs.xcodeproj */;
			proxyType = 1;
			remoteGlobalIDString = A07A4C241783777C0073F6A7;
			remoteInfo = "cocos2dx iOS";
		};
		1AC6FB26180E99E1004C840B /* PBXContainerItemProxy */ = {
			isa = PBXContainerItemProxy;
			containerPortal = 1AC6FAE5180E9839004C840B /* cocos2d_libs.xcodeproj */;
			proxyType = 1;
			remoteGlobalIDString = A07A4E111783867C0073F6A7;
			remoteInfo = "cocos2dx-extensions iOS";
		};
		1AC6FB28180E99E1004C840B /* PBXContainerItemProxy */ = {
			isa = PBXContainerItemProxy;
			containerPortal = 1AC6FAE5180E9839004C840B /* cocos2d_libs.xcodeproj */;
			proxyType = 1;
			remoteGlobalIDString = A07A4EFD178387670073F6A7;
			remoteInfo = "chipmunk iOS";
		};
		1AC6FB2A180E99E1004C840B /* PBXContainerItemProxy */ = {
			isa = PBXContainerItemProxy;
			containerPortal = 1AC6FAE5180E9839004C840B /* cocos2d_libs.xcodeproj */;
			proxyType = 1;
			remoteGlobalIDString = A07A4F3C1783876B0073F6A7;
			remoteInfo = "box2d iOS";
		};
		1AC6FB2C180E99E1004C840B /* PBXContainerItemProxy */ = {
			isa = PBXContainerItemProxy;
			containerPortal = 1AC6FAE5180E9839004C840B /* cocos2d_libs.xcodeproj */;
			proxyType = 1;
			remoteGlobalIDString = A07A4F9F178387730073F6A7;
			remoteInfo = "CocosDenshion iOS";
		};
/* End PBXContainerItemProxy section */

/* Begin PBXFileReference section */
		1AC6FAE5180E9839004C840B /* cocos2d_libs.xcodeproj */ = {isa = PBXFileReference; lastKnownFileType = "wrapper.pb-project"; name = cocos2d_libs.xcodeproj; path = ../cocos2d/build/cocos2d_libs.xcodeproj; sourceTree = "<group>"; };
		1ACB3243164770DE00914215 /* libcurl.a */ = {isa = PBXFileReference; lastKnownFileType = archive.ar; name = libcurl.a; path = ../../cocos2dx/platform/third_party/ios/libraries/libcurl.a; sourceTree = "<group>"; };
		1D30AB110D05D00D00671497 /* Foundation.framework */ = {isa = PBXFileReference; lastKnownFileType = wrapper.framework; name = Foundation.framework; path = System/Library/Frameworks/Foundation.framework; sourceTree = SDKROOT; };
		1D6058910D05DD3D006BFB54 /* mole2 iOS.app */ = {isa = PBXFileReference; explicitFileType = wrapper.application; includeInIndex = 0; path = "mole2 iOS.app"; sourceTree = BUILT_PRODUCTS_DIR; };
		1DF5F4DF0D08C38300B7A737 /* UIKit.framework */ = {isa = PBXFileReference; lastKnownFileType = wrapper.framework; name = UIKit.framework; path = System/Library/Frameworks/UIKit.framework; sourceTree = SDKROOT; };
		288765A40DF7441C002DB57D /* CoreGraphics.framework */ = {isa = PBXFileReference; lastKnownFileType = wrapper.framework; name = CoreGraphics.framework; path = System/Library/Frameworks/CoreGraphics.framework; sourceTree = SDKROOT; };
		503AE0F617EB97AB00D1A890 /* Icon.icns */ = {isa = PBXFileReference; lastKnownFileType = image.icns; path = Icon.icns; sourceTree = "<group>"; };
		503AE0F717EB97AB00D1A890 /* Info.plist */ = {isa = PBXFileReference; fileEncoding = 4; lastKnownFileType = text.plist.xml; path = Info.plist; sourceTree = "<group>"; };
		503AE0FA17EB989F00D1A890 /* AppController.h */ = {isa = PBXFileReference; fileEncoding = 4; lastKnownFileType = sourcecode.c.h; name = AppController.h; path = ios/AppController.h; sourceTree = SOURCE_ROOT; };
		503AE0FB17EB989F00D1A890 /* AppController.mm */ = {isa = PBXFileReference; fileEncoding = 4; lastKnownFileType = sourcecode.cpp.objcpp; name = AppController.mm; path = ios/AppController.mm; sourceTree = SOURCE_ROOT; };
		503AE0FC17EB989F00D1A890 /* main.m */ = {isa = PBXFileReference; fileEncoding = 4; lastKnownFileType = sourcecode.c.objc; name = main.m; path = ios/main.m; sourceTree = SOURCE_ROOT; };
		503AE0FD17EB989F00D1A890 /* Prefix.pch */ = {isa = PBXFileReference; fileEncoding = 4; lastKnownFileType = sourcecode.c.h; name = Prefix.pch; path = ios/Prefix.pch; sourceTree = SOURCE_ROOT; };
		503AE0FE17EB989F00D1A890 /* RootViewController.h */ = {isa = PBXFileReference; fileEncoding = 4; lastKnownFileType = sourcecode.c.h; name = RootViewController.h; path = ios/RootViewController.h; sourceTree = SOURCE_ROOT; };
		503AE0FF17EB989F00D1A890 /* RootViewController.mm */ = {isa = PBXFileReference; fileEncoding = 4; lastKnownFileType = sourcecode.cpp.objcpp; name = RootViewController.mm; path = ios/RootViewController.mm; sourceTree = SOURCE_ROOT; };
		503AE10317EB98FF00D1A890 /* main.cpp */ = {isa = PBXFileReference; fileEncoding = 4; lastKnownFileType = sourcecode.cpp.cpp; name = main.cpp; path = mac/main.cpp; sourceTree = "<group>"; };
		503AE10417EB98FF00D1A890 /* Prefix.pch */ = {isa = PBXFileReference; fileEncoding = 4; lastKnownFileType = sourcecode.c.h; name = Prefix.pch; path = mac/Prefix.pch; sourceTree = "<group>"; };
		503AE11117EB99EE00D1A890 /* libcurl.dylib */ = {isa = PBXFileReference; lastKnownFileType = "compiled.mach-o.dylib"; name = libcurl.dylib; path = usr/lib/libcurl.dylib; sourceTree = SDKROOT; };
		503AE11A17EB9C5A00D1A890 /* IOKit.framework */ = {isa = PBXFileReference; lastKnownFileType = wrapper.framework; name = IOKit.framework; path = System/Library/Frameworks/IOKit.framework; sourceTree = SDKROOT; };
		5087E76F17EB910900C73F5D /* mole2 Mac.app */ = {isa = PBXFileReference; explicitFileType = wrapper.application; includeInIndex = 0; path = "mole2 Mac.app"; sourceTree = BUILT_PRODUCTS_DIR; };
		5087E77217EB970100C73F5D /* Default-568h@2x.png */ = {isa = PBXFileReference; lastKnownFileType = image.png; path = "Default-568h@2x.png"; sourceTree = "<group>"; };
		5087E77317EB970100C73F5D /* Default.png */ = {isa = PBXFileReference; lastKnownFileType = image.png; path = Default.png; sourceTree = "<group>"; };
		5087E77417EB970100C73F5D /* Default@2x.png */ = {isa = PBXFileReference; lastKnownFileType = image.png; path = "Default@2x.png"; sourceTree = "<group>"; };
		5087E77517EB970100C73F5D /* Icon-114.png */ = {isa = PBXFileReference; lastKnownFileType = image.png; path = "Icon-114.png"; sourceTree = "<group>"; };
		5087E77617EB970100C73F5D /* Icon-120.png */ = {isa = PBXFileReference; lastKnownFileType = image.png; path = "Icon-120.png"; sourceTree = "<group>"; };
		5087E77717EB970100C73F5D /* Icon-144.png */ = {isa = PBXFileReference; lastKnownFileType = image.png; path = "Icon-144.png"; sourceTree = "<group>"; };
		5087E77817EB970100C73F5D /* Icon-152.png */ = {isa = PBXFileReference; lastKnownFileType = image.png; path = "Icon-152.png"; sourceTree = "<group>"; };
		5087E77917EB970100C73F5D /* Icon-57.png */ = {isa = PBXFileReference; lastKnownFileType = image.png; path = "Icon-57.png"; sourceTree = "<group>"; };
		5087E77A17EB970100C73F5D /* Icon-72.png */ = {isa = PBXFileReference; lastKnownFileType = image.png; path = "Icon-72.png"; sourceTree = "<group>"; };
		5087E77B17EB970100C73F5D /* Icon-76.png */ = {isa = PBXFileReference; lastKnownFileType = image.png; path = "Icon-76.png"; sourceTree = "<group>"; };
		5087E77C17EB970100C73F5D /* Info.plist */ = {isa = PBXFileReference; fileEncoding = 4; lastKnownFileType = text.plist.xml; path = Info.plist; sourceTree = "<group>"; };
		5087E78817EB974C00C73F5D /* AppKit.framework */ = {isa = PBXFileReference; lastKnownFileType = wrapper.framework; name = AppKit.framework; path = System/Library/Frameworks/AppKit.framework; sourceTree = SDKROOT; };
		5087E78A17EB975400C73F5D /* OpenGL.framework */ = {isa = PBXFileReference; lastKnownFileType = wrapper.framework; name = OpenGL.framework; path = System/Library/Frameworks/OpenGL.framework; sourceTree = SDKROOT; };
		50EF629217ECD46A001EB2F8 /* Icon-40.png */ = {isa = PBXFileReference; lastKnownFileType = image.png; path = "Icon-40.png"; sourceTree = "<group>"; };
		50EF629317ECD46A001EB2F8 /* Icon-58.png */ = {isa = PBXFileReference; lastKnownFileType = image.png; path = "Icon-58.png"; sourceTree = "<group>"; };
		50EF629417ECD46A001EB2F8 /* Icon-80.png */ = {isa = PBXFileReference; lastKnownFileType = image.png; path = "Icon-80.png"; sourceTree = "<group>"; };
		50EF629517ECD46A001EB2F8 /* Icon-100.png */ = {isa = PBXFileReference; lastKnownFileType = image.png; path = "Icon-100.png"; sourceTree = "<group>"; };
		50EF62A017ECD613001EB2F8 /* Icon-29.png */ = {isa = PBXFileReference; lastKnownFileType = image.png; path = "Icon-29.png"; sourceTree = "<group>"; };
		50EF62A117ECD613001EB2F8 /* Icon-50.png */ = {isa = PBXFileReference; lastKnownFileType = image.png; path = "Icon-50.png"; sourceTree = "<group>"; };
		56F54D59190F87B200FA687F /* background.png */ = {isa = PBXFileReference; lastKnownFileType = image.png; path = background.png; sourceTree = "<group>"; };
		56F54D5A190F87B200FA687F /* se_slime.wav */ = {isa = PBXFileReference; lastKnownFileType = audio.wav; path = se_slime.wav; sourceTree = "<group>"; };
		7241413B19975C6E00354642 /* AppDelegate.cpp */ = {isa = PBXFileReference; fileEncoding = 4; lastKnownFileType = sourcecode.cpp.cpp; name = AppDelegate.cpp; path = ../Classes/AppDelegate.cpp; sourceTree = "<group>"; };
		7241413C19975C6E00354642 /* AppDelegate.h */ = {isa = PBXFileReference; fileEncoding = 4; lastKnownFileType = sourcecode.c.h; name = AppDelegate.h; path = ../Classes/AppDelegate.h; sourceTree = "<group>"; };
		7241413E19975DDA00354642 /* background.png */ = {isa = PBXFileReference; lastKnownFileType = image.png; path = background.png; sourceTree = "<group>"; };
		7241414319975DDA00354642 /* burn_out.plist */ = {isa = PBXFileReference; fileEncoding = 4; lastKnownFileType = text.plist.xml; path = burn_out.plist; sourceTree = "<group>"; };
		7241414419975DDA00354642 /* circle_fire.plist */ = {isa = PBXFileReference; fileEncoding = 4; lastKnownFileType = text.plist.xml; path = circle_fire.plist; sourceTree = "<group>"; };
		7241414519975DDA00354642 /* circle_light.plist */ = {isa = PBXFileReference; fileEncoding = 4; lastKnownFileType = text.plist.xml; path = circle_light.plist; sourceTree = "<group>"; };
		7241414619975DDA00354642 /* CloseNormal.png */ = {isa = PBXFileReference; lastKnownFileType = image.png; path = CloseNormal.png; sourceTree = "<group>"; };
		7241414719975DDA00354642 /* CloseSelected.png */ = {isa = PBXFileReference; lastKnownFileType = image.png; path = CloseSelected.png; sourceTree = "<group>"; };
		7241414819975DDA00354642 /* enemy01.png */ = {isa = PBXFileReference; lastKnownFileType = image.png; path = enemy01.png; sourceTree = "<group>"; };
		7241414A19975DDA00354642 /* enemy03.png */ = {isa = PBXFileReference; lastKnownFileType = image.png; path = enemy03.png; sourceTree = "<group>"; };
		7241414D19975DDA00354642 /* Marker Felt.ttf */ = {isa = PBXFileReference; lastKnownFileType = file; path = "Marker Felt.ttf"; sourceTree = "<group>"; };
		7241414F19975DDA00354642 /* left.png */ = {isa = PBXFileReference; lastKnownFileType = image.png; path = left.png; sourceTree = "<group>"; };
		7241415019975DDA00354642 /* lizi.plist */ = {isa = PBXFileReference; fileEncoding = 4; lastKnownFileType = text.plist.xml; path = lizi.plist; sourceTree = "<group>"; };
		7241415119975DDA00354642 /* right.png */ = {isa = PBXFileReference; lastKnownFileType = image.png; path = right.png; sourceTree = "<group>"; };
		7241415219975DDA00354642 /* se_slime.wav */ = {isa = PBXFileReference; lastKnownFileType = audio.wav; path = se_slime.wav; sourceTree = "<group>"; };
		7241415B19975DDA00354642 /* war_ship.png */ = {isa = PBXFileReference; lastKnownFileType = image.png; path = war_ship.png; sourceTree = "<group>"; };
		7241415E19975DDA00354642 /* whiteFont.fnt */ = {isa = PBXFileReference; fileEncoding = 4; lastKnownFileType = text; path = whiteFont.fnt; sourceTree = "<group>"; };
		7241415F19975DDA00354642 /* whiteFont.png */ = {isa = PBXFileReference; lastKnownFileType = image.png; path = whiteFont.png; sourceTree = "<group>"; };
		724141821997B3A600354642 /* Enemy05.cpp */ = {isa = PBXFileReference; fileEncoding = 4; lastKnownFileType = sourcecode.cpp.cpp; name = Enemy05.cpp; path = ../Classes/Enemy05.cpp; sourceTree = "<group>"; };
		724141831997B3A600354642 /* Enemy05.h */ = {isa = PBXFileReference; fileEncoding = 4; lastKnownFileType = sourcecode.c.h; name = Enemy05.h; path = ../Classes/Enemy05.h; sourceTree = "<group>"; };
		724141841997B3A600354642 /* Enemy06.cpp */ = {isa = PBXFileReference; fileEncoding = 4; lastKnownFileType = sourcecode.cpp.cpp; name = Enemy06.cpp; path = ../Classes/Enemy06.cpp; sourceTree = "<group>"; };
		724141851997B3A600354642 /* Enemy06.h */ = {isa = PBXFileReference; fileEncoding = 4; lastKnownFileType = sourcecode.c.h; name = Enemy06.h; path = ../Classes/Enemy06.h; sourceTree = "<group>"; };
		724141861997B3A600354642 /* Enemy08.cpp */ = {isa = PBXFileReference; fileEncoding = 4; lastKnownFileType = sourcecode.cpp.cpp; name = Enemy08.cpp; path = ../Classes/Enemy08.cpp; sourceTree = "<group>"; };
		724141871997B3A600354642 /* Enemy08.h */ = {isa = PBXFileReference; fileEncoding = 4; lastKnownFileType = sourcecode.c.h; name = Enemy08.h; path = ../Classes/Enemy08.h; sourceTree = "<group>"; };
		7241418D1997B3B900354642 /* Star.cpp */ = {isa = PBXFileReference; fileEncoding = 4; lastKnownFileType = sourcecode.cpp.cpp; name = Star.cpp; path = ../Classes/Star.cpp; sourceTree = "<group>"; };
		7241418E1997B3B900354642 /* Star.h */ = {isa = PBXFileReference; fileEncoding = 4; lastKnownFileType = sourcecode.c.h; name = Star.h; path = ../Classes/Star.h; sourceTree = "<group>"; };
		724141941997B50000354642 /* bomb.png */ = {isa = PBXFileReference; lastKnownFileType = image.png; path = bomb.png; sourceTree = "<group>"; };
		724141961997B50600354642 /* star.png */ = {isa = PBXFileReference; lastKnownFileType = image.png; path = star.png; sourceTree = "<group>"; };
		724141981997B56B00354642 /* enemy06.png */ = {isa = PBXFileReference; lastKnownFileType = image.png; path = enemy06.png; sourceTree = "<group>"; };
		7241419A1997B5B500354642 /* heart.png */ = {isa = PBXFileReference; lastKnownFileType = image.png; path = heart.png; sourceTree = "<group>"; };
		7241419B1997B5B500354642 /* life_left.png */ = {isa = PBXFileReference; lastKnownFileType = image.png; path = life_left.png; sourceTree = "<group>"; };
		7241419C1997B5B500354642 /* life_right.png */ = {isa = PBXFileReference; lastKnownFileType = image.png; path = life_right.png; sourceTree = "<group>"; };
		7241419D1997B5B500354642 /* life.png */ = {isa = PBXFileReference; lastKnownFileType = image.png; path = life.png; sourceTree = "<group>"; };
		724141A21997B67D00354642 /* LifeLeft.cpp */ = {isa = PBXFileReference; fileEncoding = 4; lastKnownFileType = sourcecode.cpp.cpp; name = LifeLeft.cpp; path = ../Classes/LifeLeft.cpp; sourceTree = "<group>"; };
		724141A31997B67D00354642 /* LifeLeft.h */ = {isa = PBXFileReference; fileEncoding = 4; lastKnownFileType = sourcecode.c.h; name = LifeLeft.h; path = ../Classes/LifeLeft.h; sourceTree = "<group>"; };
		724141A41997B67D00354642 /* LifeRight.cpp */ = {isa = PBXFileReference; fileEncoding = 4; lastKnownFileType = sourcecode.cpp.cpp; name = LifeRight.cpp; path = ../Classes/LifeRight.cpp; sourceTree = "<group>"; };
		724141A51997B67D00354642 /* LifeRight.h */ = {isa = PBXFileReference; fileEncoding = 4; lastKnownFileType = sourcecode.c.h; name = LifeRight.h; path = ../Classes/LifeRight.h; sourceTree = "<group>"; };
		728B3D5619973395004FDF6E /* GameScene.cpp */ = {isa = PBXFileReference; fileEncoding = 4; lastKnownFileType = sourcecode.cpp.cpp; name = GameScene.cpp; path = ../Classes/GameScene.cpp; sourceTree = "<group>"; };
		7290596F1997463B00E85837 /* ArrowLeft.cpp */ = {isa = PBXFileReference; fileEncoding = 4; lastKnownFileType = sourcecode.cpp.cpp; name = ArrowLeft.cpp; path = ../Classes/ArrowLeft.cpp; sourceTree = "<group>"; };
		729059701997463B00E85837 /* ArrowLeft.h */ = {isa = PBXFileReference; fileEncoding = 4; lastKnownFileType = sourcecode.c.h; name = ArrowLeft.h; path = ../Classes/ArrowLeft.h; sourceTree = "<group>"; };
		729059711997463B00E85837 /* ArrowRight.cpp */ = {isa = PBXFileReference; fileEncoding = 4; lastKnownFileType = sourcecode.cpp.cpp; name = ArrowRight.cpp; path = ../Classes/ArrowRight.cpp; sourceTree = "<group>"; };
		729059721997463B00E85837 /* ArrowRight.h */ = {isa = PBXFileReference; fileEncoding = 4; lastKnownFileType = sourcecode.c.h; name = ArrowRight.h; path = ../Classes/ArrowRight.h; sourceTree = "<group>"; };
		729059771997463B00E85837 /* BattleManager.cpp */ = {isa = PBXFileReference; fileEncoding = 4; lastKnownFileType = sourcecode.cpp.cpp; name = BattleManager.cpp; path = ../Classes/BattleManager.cpp; sourceTree = "<group>"; };
		729059781997463B00E85837 /* BattleManager.h */ = {isa = PBXFileReference; fileEncoding = 4; lastKnownFileType = sourcecode.c.h; name = BattleManager.h; path = ../Classes/BattleManager.h; sourceTree = "<group>"; };
		7290597B1997463B00E85837 /* BurnOut.cpp */ = {isa = PBXFileReference; fileEncoding = 4; lastKnownFileType = sourcecode.cpp.cpp; name = BurnOut.cpp; path = ../Classes/BurnOut.cpp; sourceTree = "<group>"; };
		7290597C1997463B00E85837 /* BurnOut.h */ = {isa = PBXFileReference; fileEncoding = 4; lastKnownFileType = sourcecode.c.h; name = BurnOut.h; path = ../Classes/BurnOut.h; sourceTree = "<group>"; };
		729059811997463B00E85837 /* Config.h */ = {isa = PBXFileReference; fileEncoding = 4; lastKnownFileType = sourcecode.c.h; name = Config.h; path = ../Classes/Config.h; sourceTree = "<group>"; };
		729059911997463B00E85837 /* Effect.cpp */ = {isa = PBXFileReference; fileEncoding = 4; lastKnownFileType = sourcecode.cpp.cpp; name = Effect.cpp; path = ../Classes/Effect.cpp; sourceTree = "<group>"; };
		729059921997463B00E85837 /* Effect.h */ = {isa = PBXFileReference; fileEncoding = 4; lastKnownFileType = sourcecode.c.h; name = Effect.h; path = ../Classes/Effect.h; sourceTree = "<group>"; };
		729059931997463B00E85837 /* Enemy.cpp */ = {isa = PBXFileReference; fileEncoding = 4; lastKnownFileType = sourcecode.cpp.cpp; name = Enemy.cpp; path = ../Classes/Enemy.cpp; sourceTree = "<group>"; };
		729059941997463B00E85837 /* Enemy.h */ = {isa = PBXFileReference; fileEncoding = 4; lastKnownFileType = sourcecode.c.h; name = Enemy.h; path = ../Classes/Enemy.h; sourceTree = "<group>"; };
		729059951997463B00E85837 /* Enemy01.cpp */ = {isa = PBXFileReference; fileEncoding = 4; lastKnownFileType = sourcecode.cpp.cpp; name = Enemy01.cpp; path = ../Classes/Enemy01.cpp; sourceTree = "<group>"; };
		729059961997463C00E85837 /* Enemy01.h */ = {isa = PBXFileReference; fileEncoding = 4; lastKnownFileType = sourcecode.c.h; name = Enemy01.h; path = ../Classes/Enemy01.h; sourceTree = "<group>"; };
		729059991997463C00E85837 /* Enemy03.cpp */ = {isa = PBXFileReference; fileEncoding = 4; lastKnownFileType = sourcecode.cpp.cpp; name = Enemy03.cpp; path = ../Classes/Enemy03.cpp; sourceTree = "<group>"; };
		7290599A1997463C00E85837 /* Enemy03.h */ = {isa = PBXFileReference; fileEncoding = 4; lastKnownFileType = sourcecode.c.h; name = Enemy03.h; path = ../Classes/Enemy03.h; sourceTree = "<group>"; };
		729059A31997463C00E85837 /* EnemyClassLoader.h */ = {isa = PBXFileReference; fileEncoding = 4; lastKnownFileType = sourcecode.c.h; name = EnemyClassLoader.h; path = ../Classes/EnemyClassLoader.h; sourceTree = "<group>"; };
		729059A61997463C00E85837 /* GameScene.cpp */ = {isa = PBXFileReference; fileEncoding = 4; lastKnownFileType = sourcecode.cpp.cpp; name = GameScene.cpp; path = ../Classes/GameScene.cpp; sourceTree = "<group>"; };
		729059A71997463C00E85837 /* GameScene.h */ = {isa = PBXFileReference; fileEncoding = 4; lastKnownFileType = sourcecode.c.h; name = GameScene.h; path = ../Classes/GameScene.h; sourceTree = "<group>"; };
		729059A81997463C00E85837 /* Ignite.cpp */ = {isa = PBXFileReference; fileEncoding = 4; lastKnownFileType = sourcecode.cpp.cpp; name = Ignite.cpp; path = ../Classes/Ignite.cpp; sourceTree = "<group>"; };
		729059A91997463C00E85837 /* Ignite.h */ = {isa = PBXFileReference; fileEncoding = 4; lastKnownFileType = sourcecode.c.h; name = Ignite.h; path = ../Classes/Ignite.h; sourceTree = "<group>"; };
		729059BB1997463C00E85837 /* OperationPanel.cpp */ = {isa = PBXFileReference; fileEncoding = 4; lastKnownFileType = sourcecode.cpp.cpp; name = OperationPanel.cpp; path = ../Classes/OperationPanel.cpp; sourceTree = "<group>"; };
		729059BC1997463C00E85837 /* OperationPanel.h */ = {isa = PBXFileReference; fileEncoding = 4; lastKnownFileType = sourcecode.c.h; name = OperationPanel.h; path = ../Classes/OperationPanel.h; sourceTree = "<group>"; };
		729059BD1997463C00E85837 /* OperationPanelClassLoader.h */ = {isa = PBXFileReference; fileEncoding = 4; lastKnownFileType = sourcecode.c.h; name = OperationPanelClassLoader.h; path = ../Classes/OperationPanelClassLoader.h; sourceTree = "<group>"; };
		729059BE1997463C00E85837 /* ParticleEffect.cpp */ = {isa = PBXFileReference; fileEncoding = 4; lastKnownFileType = sourcecode.cpp.cpp; name = ParticleEffect.cpp; path = ../Classes/ParticleEffect.cpp; sourceTree = "<group>"; };
		729059BF1997463C00E85837 /* ParticleEffect.h */ = {isa = PBXFileReference; fileEncoding = 4; lastKnownFileType = sourcecode.c.h; name = ParticleEffect.h; path = ../Classes/ParticleEffect.h; sourceTree = "<group>"; };
		729059C01997463C00E85837 /* ParticleEffectClassLoader.h */ = {isa = PBXFileReference; fileEncoding = 4; lastKnownFileType = sourcecode.c.h; name = ParticleEffectClassLoader.h; path = ../Classes/ParticleEffectClassLoader.h; sourceTree = "<group>"; };
		729059C11997463C00E85837 /* Player.cpp */ = {isa = PBXFileReference; fileEncoding = 4; lastKnownFileType = sourcecode.cpp.cpp; name = Player.cpp; path = ../Classes/Player.cpp; sourceTree = "<group>"; };
		729059C21997463C00E85837 /* Player.h */ = {isa = PBXFileReference; fileEncoding = 4; lastKnownFileType = sourcecode.c.h; name = Player.h; path = ../Classes/Player.h; sourceTree = "<group>"; };
		729059C31997463C00E85837 /* PlayerClassLoader.h */ = {isa = PBXFileReference; fileEncoding = 4; lastKnownFileType = sourcecode.c.h; name = PlayerClassLoader.h; path = ../Classes/PlayerClassLoader.h; sourceTree = "<group>"; };
		729059C41997463C00E85837 /* ResourceManager.cpp */ = {isa = PBXFileReference; fileEncoding = 4; lastKnownFileType = sourcecode.cpp.cpp; name = ResourceManager.cpp; path = ../Classes/ResourceManager.cpp; sourceTree = "<group>"; };
		729059C51997463C00E85837 /* ResourceManager.h */ = {isa = PBXFileReference; fileEncoding = 4; lastKnownFileType = sourcecode.c.h; name = ResourceManager.h; path = ../Classes/ResourceManager.h; sourceTree = "<group>"; };
		729059C61997463C00E85837 /* RewardManager.cpp */ = {isa = PBXFileReference; fileEncoding = 4; lastKnownFileType = sourcecode.cpp.cpp; name = RewardManager.cpp; path = ../Classes/RewardManager.cpp; sourceTree = "<group>"; };
		729059C71997463C00E85837 /* RewardManager.h */ = {isa = PBXFileReference; fileEncoding = 4; lastKnownFileType = sourcecode.c.h; name = RewardManager.h; path = ../Classes/RewardManager.h; sourceTree = "<group>"; };
		729059F91997464500E85837 /* WarShip.cpp */ = {isa = PBXFileReference; fileEncoding = 4; lastKnownFileType = sourcecode.cpp.cpp; name = WarShip.cpp; path = ../Classes/WarShip.cpp; sourceTree = "<group>"; };
		729059FA1997464500E85837 /* WarShip.h */ = {isa = PBXFileReference; fileEncoding = 4; lastKnownFileType = sourcecode.c.h; name = WarShip.h; path = ../Classes/WarShip.h; sourceTree = "<group>"; };
		72B7A13F199656290071AB52 /* left.png */ = {isa = PBXFileReference; lastKnownFileType = image.png; path = left.png; sourceTree = "<group>"; };
		72B7A140199656290071AB52 /* right.png */ = {isa = PBXFileReference; lastKnownFileType = image.png; path = right.png; sourceTree = "<group>"; };
		72B7A1431996568F0071AB52 /* war_ship.png */ = {isa = PBXFileReference; lastKnownFileType = image.png; path = war_ship.png; sourceTree = "<group>"; };
		BF170DB012928DE900B8313A /* OpenGLES.framework */ = {isa = PBXFileReference; lastKnownFileType = wrapper.framework; name = OpenGLES.framework; path = System/Library/Frameworks/OpenGLES.framework; sourceTree = SDKROOT; };
		BF170DB412928DE900B8313A /* libz.dylib */ = {isa = PBXFileReference; lastKnownFileType = "compiled.mach-o.dylib"; name = libz.dylib; path = usr/lib/libz.dylib; sourceTree = SDKROOT; };
		BF1C47EA1293683800B63C5D /* QuartzCore.framework */ = {isa = PBXFileReference; lastKnownFileType = wrapper.framework; name = QuartzCore.framework; path = System/Library/Frameworks/QuartzCore.framework; sourceTree = SDKROOT; };
		D44C620B132DFF330009C878 /* OpenAL.framework */ = {isa = PBXFileReference; lastKnownFileType = wrapper.framework; name = OpenAL.framework; path = System/Library/Frameworks/OpenAL.framework; sourceTree = SDKROOT; };
		D44C620D132DFF430009C878 /* AVFoundation.framework */ = {isa = PBXFileReference; lastKnownFileType = wrapper.framework; name = AVFoundation.framework; path = System/Library/Frameworks/AVFoundation.framework; sourceTree = SDKROOT; };
		D44C620F132DFF4E0009C878 /* AudioToolbox.framework */ = {isa = PBXFileReference; lastKnownFileType = wrapper.framework; name = AudioToolbox.framework; path = System/Library/Frameworks/AudioToolbox.framework; sourceTree = SDKROOT; };
		D6B0611A1803AB670077942B /* CoreMotion.framework */ = {isa = PBXFileReference; lastKnownFileType = wrapper.framework; name = CoreMotion.framework; path = Platforms/iPhoneOS.platform/Developer/SDKs/iPhoneOS7.0.sdk/System/Library/Frameworks/CoreMotion.framework; sourceTree = DEVELOPER_DIR; };
/* End PBXFileReference section */

/* Begin PBXFrameworksBuildPhase section */
		1D60588F0D05DD3D006BFB54 /* Frameworks */ = {
			isa = PBXFrameworksBuildPhase;
			buildActionMask = 2147483647;
			files = (
				1AC6FB2E180E99EB004C840B /* libbox2d iOS.a in Frameworks */,
				1AC6FB2F180E99EB004C840B /* libchipmunk iOS.a in Frameworks */,
				1AC6FB30180E99EB004C840B /* libcocos2dx iOS.a in Frameworks */,
				1AC6FB31180E99EB004C840B /* libcocos2dx-extensions iOS.a in Frameworks */,
				1AC6FB32180E99EB004C840B /* libCocosDenshion iOS.a in Frameworks */,
				D6B0611B1803AB670077942B /* CoreMotion.framework in Frameworks */,
				1D60589F0D05DD5A006BFB54 /* Foundation.framework in Frameworks */,
				1DF5F4E00D08C38300B7A737 /* UIKit.framework in Frameworks */,
				288765A50DF7441C002DB57D /* CoreGraphics.framework in Frameworks */,
				BF171245129291EC00B8313A /* OpenGLES.framework in Frameworks */,
				BF1712471292920000B8313A /* libz.dylib in Frameworks */,
				BF1C47F01293687400B63C5D /* QuartzCore.framework in Frameworks */,
				D44C620C132DFF330009C878 /* OpenAL.framework in Frameworks */,
				D44C620E132DFF430009C878 /* AVFoundation.framework in Frameworks */,
				D44C6210132DFF4E0009C878 /* AudioToolbox.framework in Frameworks */,
			);
			runOnlyForDeploymentPostprocessing = 0;
		};
		5087E75C17EB910900C73F5D /* Frameworks */ = {
			isa = PBXFrameworksBuildPhase;
			buildActionMask = 2147483647;
			files = (
				1AC6FB1F180E996B004C840B /* libbox2d Mac.a in Frameworks */,
				1AC6FB20180E996B004C840B /* libchipmunk Mac.a in Frameworks */,
				1AC6FB21180E996B004C840B /* libcocos2dx Mac.a in Frameworks */,
				1AC6FB22180E996B004C840B /* libcocos2dx-extensions Mac.a in Frameworks */,
				1AC6FB23180E996B004C840B /* libCocosDenshion Mac.a in Frameworks */,
				503AE11217EB99EE00D1A890 /* libcurl.dylib in Frameworks */,
				5087E76717EB910900C73F5D /* libz.dylib in Frameworks */,
				503AE11B17EB9C5A00D1A890 /* IOKit.framework in Frameworks */,
				5087E78B17EB975400C73F5D /* OpenGL.framework in Frameworks */,
				5087E78917EB974C00C73F5D /* AppKit.framework in Frameworks */,
				5087E76317EB910900C73F5D /* Foundation.framework in Frameworks */,
				5087E76517EB910900C73F5D /* CoreGraphics.framework in Frameworks */,
				5087E76817EB910900C73F5D /* QuartzCore.framework in Frameworks */,
				5087E76917EB910900C73F5D /* OpenAL.framework in Frameworks */,
				5087E76A17EB910900C73F5D /* AVFoundation.framework in Frameworks */,
				5087E76B17EB910900C73F5D /* AudioToolbox.framework in Frameworks */,
			);
			runOnlyForDeploymentPostprocessing = 0;
		};
/* End PBXFrameworksBuildPhase section */

/* Begin PBXGroup section */
		080E96DDFE201D6D7F000001 /* ios */ = {
			isa = PBXGroup;
			children = (
				5087E77117EB970100C73F5D /* Icons */,
				503AE0FA17EB989F00D1A890 /* AppController.h */,
				503AE0FB17EB989F00D1A890 /* AppController.mm */,
				503AE0FC17EB989F00D1A890 /* main.m */,
				503AE0FD17EB989F00D1A890 /* Prefix.pch */,
				503AE0FE17EB989F00D1A890 /* RootViewController.h */,
				503AE0FF17EB989F00D1A890 /* RootViewController.mm */,
			);
			name = ios;
			path = Classes;
			sourceTree = "<group>";
		};
		15AA9C4015B7EC450033D6C2 /* Classes */ = {
			isa = PBXGroup;
			children = (
				7241413B19975C6E00354642 /* AppDelegate.cpp */,
				7241413C19975C6E00354642 /* AppDelegate.h */,
				7290596F1997463B00E85837 /* ArrowLeft.cpp */,
				729059701997463B00E85837 /* ArrowLeft.h */,
				729059711997463B00E85837 /* ArrowRight.cpp */,
				729059721997463B00E85837 /* ArrowRight.h */,
				729059771997463B00E85837 /* BattleManager.cpp */,
				729059781997463B00E85837 /* BattleManager.h */,
				7290597B1997463B00E85837 /* BurnOut.cpp */,
				7290597C1997463B00E85837 /* BurnOut.h */,
				729059811997463B00E85837 /* Config.h */,
				729059911997463B00E85837 /* Effect.cpp */,
				729059921997463B00E85837 /* Effect.h */,
				729059931997463B00E85837 /* Enemy.cpp */,
				729059941997463B00E85837 /* Enemy.h */,
				729059951997463B00E85837 /* Enemy01.cpp */,
				729059961997463C00E85837 /* Enemy01.h */,
				729059991997463C00E85837 /* Enemy03.cpp */,
				7290599A1997463C00E85837 /* Enemy03.h */,
				724141821997B3A600354642 /* Enemy05.cpp */,
				724141831997B3A600354642 /* Enemy05.h */,
				724141841997B3A600354642 /* Enemy06.cpp */,
				724141851997B3A600354642 /* Enemy06.h */,
				724141861997B3A600354642 /* Enemy08.cpp */,
				724141871997B3A600354642 /* Enemy08.h */,
				729059A31997463C00E85837 /* EnemyClassLoader.h */,
				729059A61997463C00E85837 /* GameScene.cpp */,
				729059A71997463C00E85837 /* GameScene.h */,
				729059A81997463C00E85837 /* Ignite.cpp */,
				729059A91997463C00E85837 /* Ignite.h */,
				724141A21997B67D00354642 /* LifeLeft.cpp */,
				724141A31997B67D00354642 /* LifeLeft.h */,
				724141A41997B67D00354642 /* LifeRight.cpp */,
				724141A51997B67D00354642 /* LifeRight.h */,
				729059BB1997463C00E85837 /* OperationPanel.cpp */,
				729059BC1997463C00E85837 /* OperationPanel.h */,
				729059BD1997463C00E85837 /* OperationPanelClassLoader.h */,
				729059BE1997463C00E85837 /* ParticleEffect.cpp */,
				729059BF1997463C00E85837 /* ParticleEffect.h */,
				729059C01997463C00E85837 /* ParticleEffectClassLoader.h */,
				729059C11997463C00E85837 /* Player.cpp */,
				729059C21997463C00E85837 /* Player.h */,
				729059C31997463C00E85837 /* PlayerClassLoader.h */,
				729059C41997463C00E85837 /* ResourceManager.cpp */,
				729059C51997463C00E85837 /* ResourceManager.h */,
				729059C61997463C00E85837 /* RewardManager.cpp */,
				729059C71997463C00E85837 /* RewardManager.h */,
				7241418D1997B3B900354642 /* Star.cpp */,
				7241418E1997B3B900354642 /* Star.h */,
				729059F91997464500E85837 /* WarShip.cpp */,
				729059FA1997464500E85837 /* WarShip.h */,
				728B3D5619973395004FDF6E /* GameScene.cpp */,
			);
			name = Classes;
			path = ../classes;
			sourceTree = "<group>";
		};
		19C28FACFE9D520D11CA2CBB /* Products */ = {
			isa = PBXGroup;
			children = (
				1D6058910D05DD3D006BFB54 /* mole2 iOS.app */,
				5087E76F17EB910900C73F5D /* mole2 Mac.app */,
			);
			name = Products;
			sourceTree = "<group>";
		};
		1AC6FAE6180E9839004C840B /* Products */ = {
			isa = PBXGroup;
			children = (
				1AC6FAF9180E9839004C840B /* libcocos2dx Mac.a */,
				1AC6FAFB180E9839004C840B /* libcocos2dx-extensions Mac.a */,
				1AC6FAFD180E9839004C840B /* libchipmunk Mac.a */,
				1AC6FAFF180E9839004C840B /* libbox2d Mac.a */,
				1AC6FB01180E9839004C840B /* libCocosDenshion Mac.a */,
				1AC6FB07180E9839004C840B /* libcocos2dx iOS.a */,
				1AC6FB09180E9839004C840B /* libcocos2dx-extensions iOS.a */,
				1AC6FB0B180E9839004C840B /* libchipmunk iOS.a */,
				1AC6FB0D180E9839004C840B /* libbox2d iOS.a */,
				1AC6FB0F180E9839004C840B /* libCocosDenshion iOS.a */,
			);
			name = Products;
			sourceTree = "<group>";
		};
		29B97314FDCFA39411CA2CEA /* CustomTemplate */ = {
			isa = PBXGroup;
			children = (
				1AC6FAE5180E9839004C840B /* cocos2d_libs.xcodeproj */,
				15AA9C4015B7EC450033D6C2 /* Classes */,
				29B97323FDCFA39411CA2CEA /* Frameworks */,
				080E96DDFE201D6D7F000001 /* ios */,
				503AE10617EB990700D1A890 /* mac */,
				19C28FACFE9D520D11CA2CBB /* Products */,
				78C7DDAA14EBA5050085D0C2 /* Resources */,
			);
			name = CustomTemplate;
			sourceTree = "<group>";
		};
		29B97323FDCFA39411CA2CEA /* Frameworks */ = {
			isa = PBXGroup;
			children = (
				D6B0611A1803AB670077942B /* CoreMotion.framework */,
				503AE11A17EB9C5A00D1A890 /* IOKit.framework */,
				503AE11117EB99EE00D1A890 /* libcurl.dylib */,
				5087E78A17EB975400C73F5D /* OpenGL.framework */,
				5087E78817EB974C00C73F5D /* AppKit.framework */,
				1ACB3243164770DE00914215 /* libcurl.a */,
				BF170DB412928DE900B8313A /* libz.dylib */,
				D44C620F132DFF4E0009C878 /* AudioToolbox.framework */,
				D44C620D132DFF430009C878 /* AVFoundation.framework */,
				288765A40DF7441C002DB57D /* CoreGraphics.framework */,
				1D30AB110D05D00D00671497 /* Foundation.framework */,
				D44C620B132DFF330009C878 /* OpenAL.framework */,
				BF170DB012928DE900B8313A /* OpenGLES.framework */,
				BF1C47EA1293683800B63C5D /* QuartzCore.framework */,
				1DF5F4DF0D08C38300B7A737 /* UIKit.framework */,
			);
			name = Frameworks;
			sourceTree = "<group>";
		};
		503AE0F517EB97AB00D1A890 /* Icons */ = {
			isa = PBXGroup;
			children = (
				503AE0F617EB97AB00D1A890 /* Icon.icns */,
				503AE0F717EB97AB00D1A890 /* Info.plist */,
			);
			name = Icons;
			path = mac;
			sourceTree = SOURCE_ROOT;
		};
		503AE10617EB990700D1A890 /* mac */ = {
			isa = PBXGroup;
			children = (
				503AE0F517EB97AB00D1A890 /* Icons */,
				503AE10317EB98FF00D1A890 /* main.cpp */,
				503AE10417EB98FF00D1A890 /* Prefix.pch */,
			);
			name = mac;
			sourceTree = "<group>";
		};
		5087E77117EB970100C73F5D /* Icons */ = {
			isa = PBXGroup;
			children = (
				5087E77217EB970100C73F5D /* Default-568h@2x.png */,
				5087E77317EB970100C73F5D /* Default.png */,
				5087E77417EB970100C73F5D /* Default@2x.png */,
				50EF62A017ECD613001EB2F8 /* Icon-29.png */,
				50EF62A117ECD613001EB2F8 /* Icon-50.png */,
				50EF629217ECD46A001EB2F8 /* Icon-40.png */,
				50EF629317ECD46A001EB2F8 /* Icon-58.png */,
				50EF629417ECD46A001EB2F8 /* Icon-80.png */,
				50EF629517ECD46A001EB2F8 /* Icon-100.png */,
				5087E77517EB970100C73F5D /* Icon-114.png */,
				5087E77617EB970100C73F5D /* Icon-120.png */,
				5087E77717EB970100C73F5D /* Icon-144.png */,
				5087E77817EB970100C73F5D /* Icon-152.png */,
				5087E77917EB970100C73F5D /* Icon-57.png */,
				5087E77A17EB970100C73F5D /* Icon-72.png */,
				5087E77B17EB970100C73F5D /* Icon-76.png */,
				5087E77C17EB970100C73F5D /* Info.plist */,
			);
			name = Icons;
			path = ios;
			sourceTree = SOURCE_ROOT;
		};
		7241414C19975DDA00354642 /* fonts */ = {
			isa = PBXGroup;
			children = (
				7241414D19975DDA00354642 /* Marker Felt.ttf */,
			);
			path = fonts;
			sourceTree = "<group>";
		};
		78C7DDAA14EBA5050085D0C2 /* Resources */ = {
			isa = PBXGroup;
			children = (
				7241419A1997B5B500354642 /* heart.png */,
				7241419B1997B5B500354642 /* life_left.png */,
				7241419C1997B5B500354642 /* life_right.png */,
				7241419D1997B5B500354642 /* life.png */,
				724141981997B56B00354642 /* enemy06.png */,
				724141961997B50600354642 /* star.png */,
				724141941997B50000354642 /* bomb.png */,
				7241413E19975DDA00354642 /* background.png */,
				7241414319975DDA00354642 /* burn_out.plist */,
				7241414419975DDA00354642 /* circle_fire.plist */,
				7241414519975DDA00354642 /* circle_light.plist */,
				7241414619975DDA00354642 /* CloseNormal.png */,
				7241414719975DDA00354642 /* CloseSelected.png */,
				7241414819975DDA00354642 /* enemy01.png */,
				7241414A19975DDA00354642 /* enemy03.png */,
				7241414C19975DDA00354642 /* fonts */,
				7241414F19975DDA00354642 /* left.png */,
				7241415019975DDA00354642 /* lizi.plist */,
				7241415119975DDA00354642 /* right.png */,
				7241415219975DDA00354642 /* se_slime.wav */,
				7241415B19975DDA00354642 /* war_ship.png */,
				7241415E19975DDA00354642 /* whiteFont.fnt */,
				7241415F19975DDA00354642 /* whiteFont.png */,
				72B7A1431996568F0071AB52 /* war_ship.png */,
				56F54D59190F87B200FA687F /* background.png */,
				72B7A13F199656290071AB52 /* left.png */,
				72B7A140199656290071AB52 /* right.png */,
				56F54D5A190F87B200FA687F /* se_slime.wav */,
			);
			name = Resources;
			path = ../Resources;
			sourceTree = "<group>";
		};
/* End PBXGroup section */

/* Begin PBXNativeTarget section */
		1D6058900D05DD3D006BFB54 /* mole2 iOS */ = {
			isa = PBXNativeTarget;
			buildConfigurationList = 1D6058960D05DD3E006BFB54 /* Build configuration list for PBXNativeTarget "mole2 iOS" */;
			buildPhases = (
				1D60588D0D05DD3D006BFB54 /* Resources */,
				1D60588E0D05DD3D006BFB54 /* Sources */,
				1D60588F0D05DD3D006BFB54 /* Frameworks */,
			);
			buildRules = (
			);
			dependencies = (
				1AC6FB25180E99E1004C840B /* PBXTargetDependency */,
				1AC6FB27180E99E1004C840B /* PBXTargetDependency */,
				1AC6FB29180E99E1004C840B /* PBXTargetDependency */,
				1AC6FB2B180E99E1004C840B /* PBXTargetDependency */,
				1AC6FB2D180E99E1004C840B /* PBXTargetDependency */,
			);
			name = "mole2 iOS";
			productName = iphone;
			productReference = 1D6058910D05DD3D006BFB54 /* mole2 iOS.app */;
			productType = "com.apple.product-type.application";
		};
		5087E73D17EB910900C73F5D /* mole2 Mac */ = {
			isa = PBXNativeTarget;
			buildConfigurationList = 5087E76C17EB910900C73F5D /* Build configuration list for PBXNativeTarget "mole2 Mac" */;
			buildPhases = (
				5087E74817EB910900C73F5D /* Resources */,
				5087E75617EB910900C73F5D /* Sources */,
				5087E75C17EB910900C73F5D /* Frameworks */,
			);
			buildRules = (
			);
			dependencies = (
				1AC6FB1E180E9963004C840B /* PBXTargetDependency */,
				1AC6FB16180E9959004C840B /* PBXTargetDependency */,
				1AC6FB18180E9959004C840B /* PBXTargetDependency */,
				1AC6FB1A180E9959004C840B /* PBXTargetDependency */,
				1AC6FB1C180E9959004C840B /* PBXTargetDependency */,
			);
			name = "mole2 Mac";
			productName = iphone;
			productReference = 5087E76F17EB910900C73F5D /* mole2 Mac.app */;
			productType = "com.apple.product-type.application";
		};
/* End PBXNativeTarget section */

/* Begin PBXProject section */
		29B97313FDCFA39411CA2CEA /* Project object */ = {
			isa = PBXProject;
			attributes = {
				LastUpgradeCheck = 0500;
			};
			buildConfigurationList = C01FCF4E08A954540054247B /* Build configuration list for PBXProject "mole2" */;
			compatibilityVersion = "Xcode 3.2";
			developmentRegion = English;
			hasScannedForEncodings = 1;
			knownRegions = (
				English,
				Japanese,
				French,
				German,
			);
			mainGroup = 29B97314FDCFA39411CA2CEA /* CustomTemplate */;
			projectDirPath = "";
			projectReferences = (
				{
					ProductGroup = 1AC6FAE6180E9839004C840B /* Products */;
					ProjectRef = 1AC6FAE5180E9839004C840B /* cocos2d_libs.xcodeproj */;
				},
			);
			projectRoot = "";
			targets = (
				1D6058900D05DD3D006BFB54 /* mole2 iOS */,
				5087E73D17EB910900C73F5D /* mole2 Mac */,
			);
		};
/* End PBXProject section */

/* Begin PBXReferenceProxy section */
		1AC6FAF9180E9839004C840B /* libcocos2dx Mac.a */ = {
			isa = PBXReferenceProxy;
			fileType = archive.ar;
			path = "libcocos2dx Mac.a";
			remoteRef = 1AC6FAF8180E9839004C840B /* PBXContainerItemProxy */;
			sourceTree = BUILT_PRODUCTS_DIR;
		};
		1AC6FAFB180E9839004C840B /* libcocos2dx-extensions Mac.a */ = {
			isa = PBXReferenceProxy;
			fileType = archive.ar;
			path = "libcocos2dx-extensions Mac.a";
			remoteRef = 1AC6FAFA180E9839004C840B /* PBXContainerItemProxy */;
			sourceTree = BUILT_PRODUCTS_DIR;
		};
		1AC6FAFD180E9839004C840B /* libchipmunk Mac.a */ = {
			isa = PBXReferenceProxy;
			fileType = archive.ar;
			path = "libchipmunk Mac.a";
			remoteRef = 1AC6FAFC180E9839004C840B /* PBXContainerItemProxy */;
			sourceTree = BUILT_PRODUCTS_DIR;
		};
		1AC6FAFF180E9839004C840B /* libbox2d Mac.a */ = {
			isa = PBXReferenceProxy;
			fileType = archive.ar;
			path = "libbox2d Mac.a";
			remoteRef = 1AC6FAFE180E9839004C840B /* PBXContainerItemProxy */;
			sourceTree = BUILT_PRODUCTS_DIR;
		};
		1AC6FB01180E9839004C840B /* libCocosDenshion Mac.a */ = {
			isa = PBXReferenceProxy;
			fileType = archive.ar;
			path = "libCocosDenshion Mac.a";
			remoteRef = 1AC6FB00180E9839004C840B /* PBXContainerItemProxy */;
			sourceTree = BUILT_PRODUCTS_DIR;
		};
		1AC6FB07180E9839004C840B /* libcocos2dx iOS.a */ = {
			isa = PBXReferenceProxy;
			fileType = archive.ar;
			path = "libcocos2dx iOS.a";
			remoteRef = 1AC6FB06180E9839004C840B /* PBXContainerItemProxy */;
			sourceTree = BUILT_PRODUCTS_DIR;
		};
		1AC6FB09180E9839004C840B /* libcocos2dx-extensions iOS.a */ = {
			isa = PBXReferenceProxy;
			fileType = archive.ar;
			path = "libcocos2dx-extensions iOS.a";
			remoteRef = 1AC6FB08180E9839004C840B /* PBXContainerItemProxy */;
			sourceTree = BUILT_PRODUCTS_DIR;
		};
		1AC6FB0B180E9839004C840B /* libchipmunk iOS.a */ = {
			isa = PBXReferenceProxy;
			fileType = archive.ar;
			path = "libchipmunk iOS.a";
			remoteRef = 1AC6FB0A180E9839004C840B /* PBXContainerItemProxy */;
			sourceTree = BUILT_PRODUCTS_DIR;
		};
		1AC6FB0D180E9839004C840B /* libbox2d iOS.a */ = {
			isa = PBXReferenceProxy;
			fileType = archive.ar;
			path = "libbox2d iOS.a";
			remoteRef = 1AC6FB0C180E9839004C840B /* PBXContainerItemProxy */;
			sourceTree = BUILT_PRODUCTS_DIR;
		};
		1AC6FB0F180E9839004C840B /* libCocosDenshion iOS.a */ = {
			isa = PBXReferenceProxy;
			fileType = archive.ar;
			path = "libCocosDenshion iOS.a";
			remoteRef = 1AC6FB0E180E9839004C840B /* PBXContainerItemProxy */;
			sourceTree = BUILT_PRODUCTS_DIR;
		};
/* End PBXReferenceProxy section */

/* Begin PBXResourcesBuildPhase section */
		1D60588D0D05DD3D006BFB54 /* Resources */ = {
			isa = PBXResourcesBuildPhase;
			buildActionMask = 2147483647;
			files = (
				72B7A142199656290071AB52 /* right.png in Resources */,
				7241416A19975DDA00354642 /* enemy01.png in Resources */,
				724141A11997B5B500354642 /* life.png in Resources */,
				7241417F19975DDA00354642 /* whiteFont.fnt in Resources */,
				7241416719975DDA00354642 /* circle_light.plist in Resources */,
				5087E78117EB970100C73F5D /* Icon-120.png in Resources */,
				7241417119975DDA00354642 /* lizi.plist in Resources */,
				7241417C19975DDA00354642 /* war_ship.png in Resources */,
				5087E78617EB970100C73F5D /* Icon-76.png in Resources */,
				7241418019975DDA00354642 /* whiteFont.png in Resources */,
				7241419E1997B5B500354642 /* heart.png in Resources */,
				56F54D61190F87B200FA687F /* background.png in Resources */,
				5087E77F17EB970100C73F5D /* Default@2x.png in Resources */,
				7241416919975DDA00354642 /* CloseSelected.png in Resources */,
				7241416519975DDA00354642 /* burn_out.plist in Resources */,
				724141951997B50000354642 /* bomb.png in Resources */,
				7241416E19975DDA00354642 /* Marker Felt.ttf in Resources */,
				7241417219975DDA00354642 /* right.png in Resources */,
				72B7A1441996568F0071AB52 /* war_ship.png in Resources */,
				7241416019975DDA00354642 /* background.png in Resources */,
				50EF629917ECD46A001EB2F8 /* Icon-100.png in Resources */,
				7241417019975DDA00354642 /* left.png in Resources */,
				5087E78317EB970100C73F5D /* Icon-152.png in Resources */,
				5087E77D17EB970100C73F5D /* Default-568h@2x.png in Resources */,
				5087E78517EB970100C73F5D /* Icon-72.png in Resources */,
				7241417319975DDA00354642 /* se_slime.wav in Resources */,
				7241416C19975DDA00354642 /* enemy03.png in Resources */,
				50EF62A317ECD613001EB2F8 /* Icon-50.png in Resources */,
				724141A01997B5B500354642 /* life_right.png in Resources */,
				5087E78017EB970100C73F5D /* Icon-114.png in Resources */,
				7241416619975DDA00354642 /* circle_fire.plist in Resources */,
				50EF62A217ECD613001EB2F8 /* Icon-29.png in Resources */,
				724141991997B56B00354642 /* enemy06.png in Resources */,
				7241416819975DDA00354642 /* CloseNormal.png in Resources */,
				50EF629617ECD46A001EB2F8 /* Icon-40.png in Resources */,
				5087E78217EB970100C73F5D /* Icon-144.png in Resources */,
				50EF629817ECD46A001EB2F8 /* Icon-80.png in Resources */,
				7241419F1997B5B500354642 /* life_left.png in Resources */,
				5087E78417EB970100C73F5D /* Icon-57.png in Resources */,
				72B7A141199656290071AB52 /* left.png in Resources */,
				56F54D62190F87B200FA687F /* se_slime.wav in Resources */,
				724141971997B50600354642 /* star.png in Resources */,
				5087E77E17EB970100C73F5D /* Default.png in Resources */,
				50EF629717ECD46A001EB2F8 /* Icon-58.png in Resources */,
			);
			runOnlyForDeploymentPostprocessing = 0;
		};
		5087E74817EB910900C73F5D /* Resources */ = {
			isa = PBXResourcesBuildPhase;
			buildActionMask = 2147483647;
			files = (
				503AE0F817EB97AB00D1A890 /* Icon.icns in Resources */,
			);
			runOnlyForDeploymentPostprocessing = 0;
		};
/* End PBXResourcesBuildPhase section */

/* Begin PBXSourcesBuildPhase section */
		1D60588E0D05DD3D006BFB54 /* Sources */ = {
			isa = PBXSourcesBuildPhase;
			buildActionMask = 2147483647;
			files = (
				724141A81997B6AF00354642 /* LifeLeft.h in Sources */,
				724141A91997B6AF00354642 /* LifeRight.h in Sources */,
				724141901997B3D100354642 /* Star.h in Sources */,
				724141911997B3D100354642 /* Enemy05.h in Sources */,
				724141921997B3D100354642 /* Enemy06.h in Sources */,
				724141931997B3D100354642 /* Enemy08.h in Sources */,
				72CE709D199752AD0020F76C /* WarShip.cpp in Sources */,
				72CE709E199752AD0020F76C /* WarShip.h in Sources */,
				724141A61997B67D00354642 /* LifeLeft.cpp in Sources */,
				72CE70A4199752AD0020F76C /* ArrowLeft.cpp in Sources */,
				72CE70A5199752AD0020F76C /* ArrowLeft.h in Sources */,
				72CE70A6199752AD0020F76C /* ArrowRight.cpp in Sources */,
				724141A71997B67D00354642 /* LifeRight.cpp in Sources */,
				72CE70A7199752AD0020F76C /* ArrowRight.h in Sources */,
				72CE70AC199752AE0020F76C /* BattleManager.cpp in Sources */,
				72CE70AD199752AE0020F76C /* BattleManager.h in Sources */,
				72CE70B0199752AE0020F76C /* BurnOut.cpp in Sources */,
				72CE70B1199752AE0020F76C /* BurnOut.h in Sources */,
				72CE70B5199752AE0020F76C /* Config.h in Sources */,
				72CE70B6199752AE0020F76C /* Effect.cpp in Sources */,
				72CE70B7199752AE0020F76C /* Effect.h in Sources */,
				72CE70B8199752AE0020F76C /* Enemy.cpp in Sources */,
				7241418F1997B3B900354642 /* Star.cpp in Sources */,
				72CE70B9199752AE0020F76C /* Enemy.h in Sources */,
				72CE70BA199752AE0020F76C /* Enemy01.cpp in Sources */,
				72CE70BB199752AE0020F76C /* Enemy01.h in Sources */,
				724141891997B3A600354642 /* Enemy06.cpp in Sources */,
				72CE70BE199752AE0020F76C /* Enemy03.cpp in Sources */,
				72CE70BF199752AE0020F76C /* Enemy03.h in Sources */,
				7241418A1997B3A600354642 /* Enemy08.cpp in Sources */,
				72CE70C8199752AE0020F76C /* EnemyClassLoader.h in Sources */,
				72CE70CB199752AE0020F76C /* GameScene.cpp in Sources */,
				72CE70CC199752AE0020F76C /* GameScene.h in Sources */,
				72CE70CD199752AE0020F76C /* Ignite.h in Sources */,
				72CE70D8199752AE0020F76C /* OperationPanel.cpp in Sources */,
				72CE70D9199752AE0020F76C /* OperationPanel.h in Sources */,
				72CE70DA199752AE0020F76C /* OperationPanelClassLoader.h in Sources */,
				724141881997B3A600354642 /* Enemy05.cpp in Sources */,
				7241413D19975C6E00354642 /* AppDelegate.cpp in Sources */,
				72CE70DB199752AE0020F76C /* ParticleEffect.cpp in Sources */,
				72CE70DC199752AE0020F76C /* ParticleEffect.h in Sources */,
				72CE70DD199752AE0020F76C /* ParticleEffectClassLoader.h in Sources */,
				72CE70DE199752AE0020F76C /* Player.cpp in Sources */,
				72CE70DF199752AE0020F76C /* Player.h in Sources */,
				72CE70E0199752AE0020F76C /* PlayerClassLoader.h in Sources */,
				72CE70E1199752AE0020F76C /* ResourceManager.cpp in Sources */,
				72CE70E2199752AE0020F76C /* ResourceManager.h in Sources */,
				72CE70E3199752AE0020F76C /* RewardManager.cpp in Sources */,
				72CE70E4199752AE0020F76C /* RewardManager.h in Sources */,
				503AE10017EB989F00D1A890 /* AppController.mm in Sources */,
				503AE10217EB989F00D1A890 /* RootViewController.mm in Sources */,
				729059E61997463C00E85837 /* Ignite.cpp in Sources */,
				503AE10117EB989F00D1A890 /* main.m in Sources */,
			);
			runOnlyForDeploymentPostprocessing = 0;
		};
		5087E75617EB910900C73F5D /* Sources */ = {
			isa = PBXSourcesBuildPhase;
			buildActionMask = 2147483647;
			files = (
				503AE10517EB98FF00D1A890 /* main.cpp in Sources */,
			);
			runOnlyForDeploymentPostprocessing = 0;
		};
/* End PBXSourcesBuildPhase section */

/* Begin PBXTargetDependency section */
		1AC6FB16180E9959004C840B /* PBXTargetDependency */ = {
			isa = PBXTargetDependency;
			name = "cocos2dx Mac";
			targetProxy = 1AC6FB15180E9959004C840B /* PBXContainerItemProxy */;
		};
		1AC6FB18180E9959004C840B /* PBXTargetDependency */ = {
			isa = PBXTargetDependency;
			name = "cocos2dx-extensions Mac";
			targetProxy = 1AC6FB17180E9959004C840B /* PBXContainerItemProxy */;
		};
		1AC6FB1A180E9959004C840B /* PBXTargetDependency */ = {
			isa = PBXTargetDependency;
			name = "chipmunk Mac";
			targetProxy = 1AC6FB19180E9959004C840B /* PBXContainerItemProxy */;
		};
		1AC6FB1C180E9959004C840B /* PBXTargetDependency */ = {
			isa = PBXTargetDependency;
			name = "CocosDenshion Mac";
			targetProxy = 1AC6FB1B180E9959004C840B /* PBXContainerItemProxy */;
		};
		1AC6FB1E180E9963004C840B /* PBXTargetDependency */ = {
			isa = PBXTargetDependency;
			name = "box2d Mac";
			targetProxy = 1AC6FB1D180E9963004C840B /* PBXContainerItemProxy */;
		};
		1AC6FB25180E99E1004C840B /* PBXTargetDependency */ = {
			isa = PBXTargetDependency;
			name = "cocos2dx iOS";
			targetProxy = 1AC6FB24180E99E1004C840B /* PBXContainerItemProxy */;
		};
		1AC6FB27180E99E1004C840B /* PBXTargetDependency */ = {
			isa = PBXTargetDependency;
			name = "cocos2dx-extensions iOS";
			targetProxy = 1AC6FB26180E99E1004C840B /* PBXContainerItemProxy */;
		};
		1AC6FB29180E99E1004C840B /* PBXTargetDependency */ = {
			isa = PBXTargetDependency;
			name = "chipmunk iOS";
			targetProxy = 1AC6FB28180E99E1004C840B /* PBXContainerItemProxy */;
		};
		1AC6FB2B180E99E1004C840B /* PBXTargetDependency */ = {
			isa = PBXTargetDependency;
			name = "box2d iOS";
			targetProxy = 1AC6FB2A180E99E1004C840B /* PBXContainerItemProxy */;
		};
		1AC6FB2D180E99E1004C840B /* PBXTargetDependency */ = {
			isa = PBXTargetDependency;
			name = "CocosDenshion iOS";
			targetProxy = 1AC6FB2C180E99E1004C840B /* PBXContainerItemProxy */;
		};
/* End PBXTargetDependency section */

/* Begin XCBuildConfiguration section */
		1D6058940D05DD3E006BFB54 /* Debug */ = {
			isa = XCBuildConfiguration;
			buildSettings = {
				ALWAYS_SEARCH_USER_PATHS = YES;
				CODE_SIGN_IDENTITY = "iPhone Developer: 毅 大朝 (24X65D3K2K)";
				COMPRESS_PNG_FILES = NO;
				GCC_DYNAMIC_NO_PIC = NO;
				GCC_INLINES_ARE_PRIVATE_EXTERN = NO;
				GCC_PRECOMPILE_PREFIX_HEADER = YES;
				GCC_PREFIX_HEADER = ios/Prefix.pch;
				GCC_PREPROCESSOR_DEFINITIONS = (
					USE_FILE32API,
					CC_TARGET_OS_IPHONE,
					"COCOS2D_DEBUG=1",
					"CC_ENABLE_CHIPMUNK_INTEGRATION=1",
				);
				GCC_SYMBOLS_PRIVATE_EXTERN = NO;
				HEADER_SEARCH_PATHS = (
					"$(inherited)",
					"$(SRCROOT)/../cocos2d/cocos/2d/platform/ios",
					"$(SRCROOT)/../cocos2d/cocos/2d/platform/ios/Simulation",
				);
				INFOPLIST_FILE = ios/Info.plist;
				IPHONEOS_DEPLOYMENT_TARGET = 7.0;
				LIBRARY_SEARCH_PATHS = "";
				PRODUCT_NAME = "mole2 iOS";
				PROVISIONING_PROFILE = "";
				SDKROOT = iphoneos7.1;
				TARGETED_DEVICE_FAMILY = "1,2";
				USER_HEADER_SEARCH_PATHS = "";
			};
			name = Debug;
		};
		1D6058950D05DD3E006BFB54 /* Release */ = {
			isa = XCBuildConfiguration;
			buildSettings = {
				ALWAYS_SEARCH_USER_PATHS = YES;
				CODE_SIGN_IDENTITY = "iPhone Developer: 毅 大朝 (24X65D3K2K)";
				COMPRESS_PNG_FILES = NO;
				GCC_INLINES_ARE_PRIVATE_EXTERN = NO;
				GCC_PRECOMPILE_PREFIX_HEADER = YES;
				GCC_PREFIX_HEADER = ios/Prefix.pch;
				GCC_PREPROCESSOR_DEFINITIONS = (
					USE_FILE32API,
					CC_TARGET_OS_IPHONE,
					"CC_ENABLE_CHIPMUNK_INTEGRATION=1",
				);
				GCC_SYMBOLS_PRIVATE_EXTERN = NO;
				HEADER_SEARCH_PATHS = (
					"$(inherited)",
					"$(SRCROOT)/../cocos2d/cocos/2d/platform/ios",
					"$(SRCROOT)/../cocos2d/cocos/2d/platform/ios/Simulation",
				);
				INFOPLIST_FILE = ios/Info.plist;
				IPHONEOS_DEPLOYMENT_TARGET = 7.0;
				LIBRARY_SEARCH_PATHS = "";
				PRODUCT_NAME = "mole2 iOS";
				PROVISIONING_PROFILE = "";
				SDKROOT = iphoneos7.1;
				TARGETED_DEVICE_FAMILY = "1,2";
				USER_HEADER_SEARCH_PATHS = "";
			};
			name = Release;
		};
		5087E76D17EB910900C73F5D /* Debug */ = {
			isa = XCBuildConfiguration;
			buildSettings = {
				ALWAYS_SEARCH_USER_PATHS = YES;
				ARCHS = "$(ARCHS_STANDARD_64_BIT)";
				CLANG_CXX_LANGUAGE_STANDARD = "c++0x";
				CLANG_CXX_LIBRARY = "libc++";
				GCC_DYNAMIC_NO_PIC = NO;
				GCC_INLINES_ARE_PRIVATE_EXTERN = NO;
				GCC_PRECOMPILE_PREFIX_HEADER = YES;
				GCC_PREFIX_HEADER = mac/Prefix.pch;
				GCC_PREPROCESSOR_DEFINITIONS = (
					USE_FILE32API,
					CC_TARGET_OS_MAC,
					"COCOS2D_DEBUG=1",
					"CC_ENABLE_CHIPMUNK_INTEGRATION=1",
				);
				GCC_SYMBOLS_PRIVATE_EXTERN = NO;
				HEADER_SEARCH_PATHS = (
					"$(inherited)",
					"$(SRCROOT)/../cocos2d/cocos/2d/platform/mac",
					"$(SRCROOT)/../cocos2d/external/glfw3/include/mac",
				);
				INFOPLIST_FILE = mac/Info.plist;
				LIBRARY_SEARCH_PATHS = "";
				PRODUCT_NAME = "mole2 Mac";
				USER_HEADER_SEARCH_PATHS = "";
			};
			name = Debug;
		};
		5087E76E17EB910900C73F5D /* Release */ = {
			isa = XCBuildConfiguration;
			buildSettings = {
				ALWAYS_SEARCH_USER_PATHS = YES;
				ARCHS = "$(ARCHS_STANDARD_64_BIT)";
				CLANG_CXX_LANGUAGE_STANDARD = "c++0x";
				CLANG_CXX_LIBRARY = "libc++";
				GCC_INLINES_ARE_PRIVATE_EXTERN = NO;
				GCC_PRECOMPILE_PREFIX_HEADER = YES;
				GCC_PREFIX_HEADER = mac/Prefix.pch;
				GCC_PREPROCESSOR_DEFINITIONS = (
					USE_FILE32API,
					CC_TARGET_OS_MAC,
					"CC_ENABLE_CHIPMUNK_INTEGRATION=1",
				);
				GCC_SYMBOLS_PRIVATE_EXTERN = NO;
				HEADER_SEARCH_PATHS = (
					"$(inherited)",
					"$(SRCROOT)/../cocos2d/cocos/2d/platform/mac",
					"$(SRCROOT)/../cocos2d/external/glfw3/include/mac",
				);
				INFOPLIST_FILE = mac/Info.plist;
				LIBRARY_SEARCH_PATHS = "";
				PRODUCT_NAME = "mole2 Mac";
				USER_HEADER_SEARCH_PATHS = "";
			};
			name = Release;
		};
		C01FCF4F08A954540054247B /* Debug */ = {
			isa = XCBuildConfiguration;
			buildSettings = {
				CLANG_CXX_LANGUAGE_STANDARD = "c++0x";
				CLANG_CXX_LIBRARY = "libc++";
				COPY_PHASE_STRIP = NO;
				GCC_OPTIMIZATION_LEVEL = 0;
				GCC_WARN_ABOUT_RETURN_TYPE = YES;
				GCC_WARN_UNUSED_VARIABLE = YES;
				HEADER_SEARCH_PATHS = (
					"$(SRCROOT)/../cocos2d",
					"$(SRCROOT)/../cocos2d/cocos",
					"$(SRCROOT)/../cocos2d/cocos/base",
					"$(SRCROOT)/../cocos2d/cocos/physics",
					"$(SRCROOT)/../cocos2d/cocos/math/kazmath",
					"$(SRCROOT)/../cocos2d/cocos/2d",
					"$(SRCROOT)/../cocos2d/cocos/ui",
					"$(SRCROOT)/../cocos2d/cocos/network",
					"$(SRCROOT)/../cocos2d/cocos/audio/include",
					"$(SRCROOT)/../cocos2d/cocos/editor-support",
					"$(SRCROOT)/../cocos2d/extensions",
					"$(SRCROOT)/../cocos2d/external",
					"$(SRCROOT)/../cocos2d/external/chipmunk/include/chipmunk",
				);
				"INSTALL_PATH[sdk=*]" = "";
				IPHONEOS_DEPLOYMENT_TARGET = 7.1;
				New_Setting = "";
				New_Setting1 = "";
				New_Setting2 = "";
				New_Setting3 = "";
				ONLY_ACTIVE_ARCH = YES;
				PRODUCT_NAME = "$(TARGET_NAME)";
				SDKROOT = iphoneos7.1;
			};
			name = Debug;
		};
		C01FCF5008A954540054247B /* Release */ = {
			isa = XCBuildConfiguration;
			buildSettings = {
				CLANG_CXX_LANGUAGE_STANDARD = "c++0x";
				CLANG_CXX_LIBRARY = "libc++";
				GCC_WARN_ABOUT_RETURN_TYPE = YES;
				GCC_WARN_UNUSED_VARIABLE = YES;
				HEADER_SEARCH_PATHS = (
					"$(SRCROOT)/../cocos2d",
					"$(SRCROOT)/../cocos2d/cocos",
					"$(SRCROOT)/../cocos2d/cocos/base",
					"$(SRCROOT)/../cocos2d/cocos/physics",
					"$(SRCROOT)/../cocos2d/cocos/math/kazmath",
					"$(SRCROOT)/../cocos2d/cocos/2d",
					"$(SRCROOT)/../cocos2d/cocos/ui",
					"$(SRCROOT)/../cocos2d/cocos/network",
					"$(SRCROOT)/../cocos2d/cocos/audio/include",
					"$(SRCROOT)/../cocos2d/cocos/editor-support",
					"$(SRCROOT)/../cocos2d/extensions",
					"$(SRCROOT)/../cocos2d/external",
					"$(SRCROOT)/../cocos2d/external/chipmunk/include/chipmunk",
				);
				"INSTALL_PATH[sdk=*]" = "";
				IPHONEOS_DEPLOYMENT_TARGET = 7.1;
				New_Setting = "";
				New_Setting1 = "";
				New_Setting2 = "";
				New_Setting3 = "";
				OTHER_CFLAGS = "-DNS_BLOCK_ASSERTIONS=1";
				PRODUCT_NAME = "$(TARGET_NAME)";
				SDKROOT = iphoneos7.1;
				VALIDATE_PRODUCT = YES;
			};
			name = Release;
		};
/* End XCBuildConfiguration section */

/* Begin XCConfigurationList section */
		1D6058960D05DD3E006BFB54 /* Build configuration list for PBXNativeTarget "mole2 iOS" */ = {
			isa = XCConfigurationList;
			buildConfigurations = (
				1D6058940D05DD3E006BFB54 /* Debug */,
				1D6058950D05DD3E006BFB54 /* Release */,
			);
			defaultConfigurationIsVisible = 0;
			defaultConfigurationName = Debug;
		};
		5087E76C17EB910900C73F5D /* Build configuration list for PBXNativeTarget "mole2 Mac" */ = {
			isa = XCConfigurationList;
			buildConfigurations = (
				5087E76D17EB910900C73F5D /* Debug */,
				5087E76E17EB910900C73F5D /* Release */,
			);
			defaultConfigurationIsVisible = 0;
			defaultConfigurationName = Debug;
		};
		C01FCF4E08A954540054247B /* Build configuration list for PBXProject "mole2" */ = {
			isa = XCConfigurationList;
			buildConfigurations = (
				C01FCF4F08A954540054247B /* Debug */,
				C01FCF5008A954540054247B /* Release */,
			);
			defaultConfigurationIsVisible = 0;
			defaultConfigurationName = Debug;
		};
/* End XCConfigurationList section */
	};
	rootObject = 29B97313FDCFA39411CA2CEA /* Project object */;
}
