// !$*UTF8*$!
{
	archiveVersion = 1;
	classes = {
	};
	objectVersion = 46;
	objects = {

/* Begin PBXBuildFile section */
		1AC6FB1F180E996B004C840B /* libbox2d Mac.a in Frameworks */ = {isa = PBXBuildFile; fileRef = 1AC6FAFF180E9839004C840B /* libbox2d Mac.a */; };
		1AC6FB20180E996B004C840B /* libchipmunk Mac.a in Frameworks */ = {isa = PBXBuildFile; fileRef = 1AC6FAFD180E9839004C840B /* libchipmunk Mac.a */; };
		1AC6FB21180E996B004C840B /* libcocos2dx Mac.a in Frameworks */ = {isa = PBXBuildFile; fileRef = 1AC6FAF9180E9839004C840B /* libcocos2dx Mac.a */; };
		1AC6FB22180E996B004C840B /* libcocos2dx-extensions Mac.a in Frameworks */ = {isa = PBXBuildFile; fileRef = 1AC6FAFB180E9839004C840B /* libcocos2dx-extensions Mac.a */; };
		1AC6FB23180E996B004C840B /* libCocosDenshion Mac.a in Frameworks */ = {isa = PBXBuildFile; fileRef = 1AC6FB01180E9839004C840B /* libCocosDenshion Mac.a */; };
		1AC6FB2E180E99EB004C840B /* libbox2d iOS.a in Frameworks */ = {isa = PBXBuildFile; fileRef = 1AC6FB0D180E9839004C840B /* libbox2d iOS.a */; };
		1AC6FB2F180E99EB004C840B /* libchipmunk iOS.a in Frameworks */ = {isa = PBXBuildFile; fileRef = 1AC6FB0B180E9839004C840B /* libchipmunk iOS.a */; };
		1AC6FB30180E99EB004C840B /* libcocos2dx iOS.a in Frameworks */ = {isa = PBXBuildFile; fileRef = 1AC6FB07180E9839004C840B /* libcocos2dx iOS.a */; };
		1AC6FB31180E99EB004C840B /* libcocos2dx-extensions iOS.a in Frameworks */ = {isa = PBXBuildFile; fileRef = 1AC6FB09180E9839004C840B /* libcocos2dx-extensions iOS.a */; };
		1AC6FB32180E99EB004C840B /* libCocosDenshion iOS.a in Frameworks */ = {isa = PBXBuildFile; fileRef = 1AC6FB0F180E9839004C840B /* libCocosDenshion iOS.a */; };
		1AFAF8B716D35DE700DB1158 /* AppDelegate.cpp in Sources */ = {isa = PBXBuildFile; fileRef = 1AFAF8B316D35DE700DB1158 /* AppDelegate.cpp */; };
		1AFAF8BC16D35E4900DB1158 /* CloseNormal.png in Resources */ = {isa = PBXBuildFile; fileRef = 1AFAF8B916D35E4900DB1158 /* CloseNormal.png */; };
		1AFAF8BD16D35E4900DB1158 /* CloseSelected.png in Resources */ = {isa = PBXBuildFile; fileRef = 1AFAF8BA16D35E4900DB1158 /* CloseSelected.png */; };
		1AFAF8BE16D35E4900DB1158 /* HelloWorld.png in Resources */ = {isa = PBXBuildFile; fileRef = 1AFAF8BB16D35E4900DB1158 /* HelloWorld.png */; };
		1D60589F0D05DD5A006BFB54 /* Foundation.framework in Frameworks */ = {isa = PBXBuildFile; fileRef = 1D30AB110D05D00D00671497 /* Foundation.framework */; };
		1DF5F4E00D08C38300B7A737 /* UIKit.framework in Frameworks */ = {isa = PBXBuildFile; fileRef = 1DF5F4DF0D08C38300B7A737 /* UIKit.framework */; };
		288765A50DF7441C002DB57D /* CoreGraphics.framework in Frameworks */ = {isa = PBXBuildFile; fileRef = 288765A40DF7441C002DB57D /* CoreGraphics.framework */; };
		503AE0F817EB97AB00D1A890 /* Icon.icns in Resources */ = {isa = PBXBuildFile; fileRef = 503AE0F617EB97AB00D1A890 /* Icon.icns */; };
		503AE10017EB989F00D1A890 /* AppController.mm in Sources */ = {isa = PBXBuildFile; fileRef = 503AE0FB17EB989F00D1A890 /* AppController.mm */; };
		503AE10117EB989F00D1A890 /* main.m in Sources */ = {isa = PBXBuildFile; fileRef = 503AE0FC17EB989F00D1A890 /* main.m */; };
		503AE10217EB989F00D1A890 /* RootViewController.mm in Sources */ = {isa = PBXBuildFile; fileRef = 503AE0FF17EB989F00D1A890 /* RootViewController.mm */; };
		503AE10517EB98FF00D1A890 /* main.cpp in Sources */ = {isa = PBXBuildFile; fileRef = 503AE10317EB98FF00D1A890 /* main.cpp */; };
		503AE11217EB99EE00D1A890 /* libcurl.dylib in Frameworks */ = {isa = PBXBuildFile; fileRef = 503AE11117EB99EE00D1A890 /* libcurl.dylib */; };
		503AE11B17EB9C5A00D1A890 /* IOKit.framework in Frameworks */ = {isa = PBXBuildFile; fileRef = 503AE11A17EB9C5A00D1A890 /* IOKit.framework */; };
		5087E75317EB910900C73F5D /* CloseNormal.png in Resources */ = {isa = PBXBuildFile; fileRef = 1AFAF8B916D35E4900DB1158 /* CloseNormal.png */; };
		5087E75417EB910900C73F5D /* CloseSelected.png in Resources */ = {isa = PBXBuildFile; fileRef = 1AFAF8BA16D35E4900DB1158 /* CloseSelected.png */; };
		5087E75517EB910900C73F5D /* HelloWorld.png in Resources */ = {isa = PBXBuildFile; fileRef = 1AFAF8BB16D35E4900DB1158 /* HelloWorld.png */; };
		5087E75717EB910900C73F5D /* AppDelegate.cpp in Sources */ = {isa = PBXBuildFile; fileRef = 1AFAF8B316D35DE700DB1158 /* AppDelegate.cpp */; };
		5087E76317EB910900C73F5D /* Foundation.framework in Frameworks */ = {isa = PBXBuildFile; fileRef = 1D30AB110D05D00D00671497 /* Foundation.framework */; };
		5087E76517EB910900C73F5D /* CoreGraphics.framework in Frameworks */ = {isa = PBXBuildFile; fileRef = 288765A40DF7441C002DB57D /* CoreGraphics.framework */; };
		5087E76717EB910900C73F5D /* libz.dylib in Frameworks */ = {isa = PBXBuildFile; fileRef = BF170DB412928DE900B8313A /* libz.dylib */; };
		5087E76817EB910900C73F5D /* QuartzCore.framework in Frameworks */ = {isa = PBXBuildFile; fileRef = BF1C47EA1293683800B63C5D /* QuartzCore.framework */; };
		5087E76917EB910900C73F5D /* OpenAL.framework in Frameworks */ = {isa = PBXBuildFile; fileRef = D44C620B132DFF330009C878 /* OpenAL.framework */; };
		5087E76A17EB910900C73F5D /* AVFoundation.framework in Frameworks */ = {isa = PBXBuildFile; fileRef = D44C620D132DFF430009C878 /* AVFoundation.framework */; };
		5087E76B17EB910900C73F5D /* AudioToolbox.framework in Frameworks */ = {isa = PBXBuildFile; fileRef = D44C620F132DFF4E0009C878 /* AudioToolbox.framework */; };
		5087E77D17EB970100C73F5D /* Default-568h@2x.png in Resources */ = {isa = PBXBuildFile; fileRef = 5087E77217EB970100C73F5D /* Default-568h@2x.png */; };
		5087E77E17EB970100C73F5D /* Default.png in Resources */ = {isa = PBXBuildFile; fileRef = 5087E77317EB970100C73F5D /* Default.png */; };
		5087E77F17EB970100C73F5D /* Default@2x.png in Resources */ = {isa = PBXBuildFile; fileRef = 5087E77417EB970100C73F5D /* Default@2x.png */; };
		5087E78017EB970100C73F5D /* Icon-114.png in Resources */ = {isa = PBXBuildFile; fileRef = 5087E77517EB970100C73F5D /* Icon-114.png */; };
		5087E78117EB970100C73F5D /* Icon-120.png in Resources */ = {isa = PBXBuildFile; fileRef = 5087E77617EB970100C73F5D /* Icon-120.png */; };
		5087E78217EB970100C73F5D /* Icon-144.png in Resources */ = {isa = PBXBuildFile; fileRef = 5087E77717EB970100C73F5D /* Icon-144.png */; };
		5087E78317EB970100C73F5D /* Icon-152.png in Resources */ = {isa = PBXBuildFile; fileRef = 5087E77817EB970100C73F5D /* Icon-152.png */; };
		5087E78417EB970100C73F5D /* Icon-57.png in Resources */ = {isa = PBXBuildFile; fileRef = 5087E77917EB970100C73F5D /* Icon-57.png */; };
		5087E78517EB970100C73F5D /* Icon-72.png in Resources */ = {isa = PBXBuildFile; fileRef = 5087E77A17EB970100C73F5D /* Icon-72.png */; };
		5087E78617EB970100C73F5D /* Icon-76.png in Resources */ = {isa = PBXBuildFile; fileRef = 5087E77B17EB970100C73F5D /* Icon-76.png */; };
		5087E78917EB974C00C73F5D /* AppKit.framework in Frameworks */ = {isa = PBXBuildFile; fileRef = 5087E78817EB974C00C73F5D /* AppKit.framework */; };
		5087E78B17EB975400C73F5D /* OpenGL.framework in Frameworks */ = {isa = PBXBuildFile; fileRef = 5087E78A17EB975400C73F5D /* OpenGL.framework */; };
		50EF629617ECD46A001EB2F8 /* Icon-40.png in Resources */ = {isa = PBXBuildFile; fileRef = 50EF629217ECD46A001EB2F8 /* Icon-40.png */; };
		50EF629717ECD46A001EB2F8 /* Icon-58.png in Resources */ = {isa = PBXBuildFile; fileRef = 50EF629317ECD46A001EB2F8 /* Icon-58.png */; };
		50EF629817ECD46A001EB2F8 /* Icon-80.png in Resources */ = {isa = PBXBuildFile; fileRef = 50EF629417ECD46A001EB2F8 /* Icon-80.png */; };
		50EF629917ECD46A001EB2F8 /* Icon-100.png in Resources */ = {isa = PBXBuildFile; fileRef = 50EF629517ECD46A001EB2F8 /* Icon-100.png */; };
		50EF62A217ECD613001EB2F8 /* Icon-29.png in Resources */ = {isa = PBXBuildFile; fileRef = 50EF62A017ECD613001EB2F8 /* Icon-29.png */; };
		50EF62A317ECD613001EB2F8 /* Icon-50.png in Resources */ = {isa = PBXBuildFile; fileRef = 50EF62A117ECD613001EB2F8 /* Icon-50.png */; };
		727A4C851995FF25008EEB98 /* bg1.png in Resources */ = {isa = PBXBuildFile; fileRef = 727A4C631995FF25008EEB98 /* bg1.png */; };
		727A4C861995FF25008EEB98 /* bg2.png in Resources */ = {isa = PBXBuildFile; fileRef = 727A4C641995FF25008EEB98 /* bg2.png */; };
		727A4C871995FF25008EEB98 /* bg3.png in Resources */ = {isa = PBXBuildFile; fileRef = 727A4C651995FF25008EEB98 /* bg3.png */; };
		727A4C881995FF25008EEB98 /* bomb.png in Resources */ = {isa = PBXBuildFile; fileRef = 727A4C661995FF25008EEB98 /* bomb.png */; };
		727A4C891995FF25008EEB98 /* bullet.png in Resources */ = {isa = PBXBuildFile; fileRef = 727A4C671995FF25008EEB98 /* bullet.png */; };
		727A4C8A1995FF25008EEB98 /* burn_out.plist in Resources */ = {isa = PBXBuildFile; fileRef = 727A4C681995FF25008EEB98 /* burn_out.plist */; };
		727A4C8B1995FF25008EEB98 /* circle_fire.plist in Resources */ = {isa = PBXBuildFile; fileRef = 727A4C691995FF25008EEB98 /* circle_fire.plist */; };
		727A4C8C1995FF25008EEB98 /* circle_light.plist in Resources */ = {isa = PBXBuildFile; fileRef = 727A4C6A1995FF25008EEB98 /* circle_light.plist */; };
		727A4C8D1995FF25008EEB98 /* CloseNormal.png in Resources */ = {isa = PBXBuildFile; fileRef = 727A4C6B1995FF25008EEB98 /* CloseNormal.png */; };
		727A4C8E1995FF25008EEB98 /* CloseSelected.png in Resources */ = {isa = PBXBuildFile; fileRef = 727A4C6C1995FF25008EEB98 /* CloseSelected.png */; };
		727A4C8F1995FF25008EEB98 /* enemy01.png in Resources */ = {isa = PBXBuildFile; fileRef = 727A4C6D1995FF25008EEB98 /* enemy01.png */; };
		727A4C901995FF25008EEB98 /* enemy02.png in Resources */ = {isa = PBXBuildFile; fileRef = 727A4C6E1995FF25008EEB98 /* enemy02.png */; };
		727A4C911995FF25008EEB98 /* enemy03.png in Resources */ = {isa = PBXBuildFile; fileRef = 727A4C6F1995FF25008EEB98 /* enemy03.png */; };
		727A4C921995FF25008EEB98 /* enemy04.png in Resources */ = {isa = PBXBuildFile; fileRef = 727A4C701995FF25008EEB98 /* enemy04.png */; };
		727A4C931995FF25008EEB98 /* enemy06.png in Resources */ = {isa = PBXBuildFile; fileRef = 727A4C711995FF25008EEB98 /* enemy06.png */; };
		727A4C941995FF25008EEB98 /* Marker Felt.ttf in Resources */ = {isa = PBXBuildFile; fileRef = 727A4C731995FF25008EEB98 /* Marker Felt.ttf */; };
		727A4C951995FF25008EEB98 /* friend01.png in Resources */ = {isa = PBXBuildFile; fileRef = 727A4C741995FF25008EEB98 /* friend01.png */; };
		727A4C961995FF25008EEB98 /* heart.png in Resources */ = {isa = PBXBuildFile; fileRef = 727A4C751995FF25008EEB98 /* heart.png */; };
		727A4C971995FF25008EEB98 /* HelloWorld.png in Resources */ = {isa = PBXBuildFile; fileRef = 727A4C761995FF25008EEB98 /* HelloWorld.png */; };
		727A4C981995FF25008EEB98 /* left.png in Resources */ = {isa = PBXBuildFile; fileRef = 727A4C771995FF25008EEB98 /* left.png */; };
		727A4C991995FF25008EEB98 /* life_left.png in Resources */ = {isa = PBXBuildFile; fileRef = 727A4C781995FF25008EEB98 /* life_left.png */; };
		727A4C9A1995FF25008EEB98 /* life_right.png in Resources */ = {isa = PBXBuildFile; fileRef = 727A4C791995FF25008EEB98 /* life_right.png */; };
		727A4C9B1995FF25008EEB98 /* life.png in Resources */ = {isa = PBXBuildFile; fileRef = 727A4C7A1995FF25008EEB98 /* life.png */; };
		727A4C9C1995FF25008EEB98 /* lizi.plist in Resources */ = {isa = PBXBuildFile; fileRef = 727A4C7B1995FF25008EEB98 /* lizi.plist */; };
		727A4C9D1995FF25008EEB98 /* right.png in Resources */ = {isa = PBXBuildFile; fileRef = 727A4C7C1995FF25008EEB98 /* right.png */; };
		727A4C9E1995FF25008EEB98 /* star.png in Resources */ = {isa = PBXBuildFile; fileRef = 727A4C7D1995FF25008EEB98 /* star.png */; };
		727A4C9F1995FF25008EEB98 /* top.png in Resources */ = {isa = PBXBuildFile; fileRef = 727A4C7E1995FF25008EEB98 /* top.png */; };
		727A4CA01995FF25008EEB98 /* under.png in Resources */ = {isa = PBXBuildFile; fileRef = 727A4C7F1995FF25008EEB98 /* under.png */; };
		727A4CA11995FF25008EEB98 /* war_ship.png in Resources */ = {isa = PBXBuildFile; fileRef = 727A4C801995FF25008EEB98 /* war_ship.png */; };
		727A4CA21995FF25008EEB98 /* weapon_a.png in Resources */ = {isa = PBXBuildFile; fileRef = 727A4C811995FF25008EEB98 /* weapon_a.png */; };
		727A4CA31995FF25008EEB98 /* weapon_b.png in Resources */ = {isa = PBXBuildFile; fileRef = 727A4C821995FF25008EEB98 /* weapon_b.png */; };
		727A4CA41995FF25008EEB98 /* whiteFont.fnt in Resources */ = {isa = PBXBuildFile; fileRef = 727A4C831995FF25008EEB98 /* whiteFont.fnt */; };
		727A4CA51995FF25008EEB98 /* whiteFont.png in Resources */ = {isa = PBXBuildFile; fileRef = 727A4C841995FF25008EEB98 /* whiteFont.png */; };
		727A4CA91995FFB0008EEB98 /* GameScene.cpp in Sources */ = {isa = PBXBuildFile; fileRef = 727A4CA81995FFB0008EEB98 /* GameScene.cpp */; };
		727A4CAA1995FFB0008EEB98 /* GameScene.cpp in Sources */ = {isa = PBXBuildFile; fileRef = 727A4CA81995FFB0008EEB98 /* GameScene.cpp */; };
		727A4CAE199603EC008EEB98 /* CloseNormal.png in Resources */ = {isa = PBXBuildFile; fileRef = 727A4CAC199603EC008EEB98 /* CloseNormal.png */; };
		727A4CAF199603EC008EEB98 /* CloseNormal.png in Resources */ = {isa = PBXBuildFile; fileRef = 727A4CAC199603EC008EEB98 /* CloseNormal.png */; };
		727A4CB0199603EC008EEB98 /* CloseSelected.png in Resources */ = {isa = PBXBuildFile; fileRef = 727A4CAD199603EC008EEB98 /* CloseSelected.png */; };
		727A4CB1199603EC008EEB98 /* CloseSelected.png in Resources */ = {isa = PBXBuildFile; fileRef = 727A4CAD199603EC008EEB98 /* CloseSelected.png */; };
		727A4CB5199606DF008EEB98 /* HelloWorldScene.cpp in Sources */ = {isa = PBXBuildFile; fileRef = 727A4CB3199606DF008EEB98 /* HelloWorldScene.cpp */; };
		727A4CEB19961587008EEB98 /* AppDelegate.h in Sources */ = {isa = PBXBuildFile; fileRef = 1AFAF8B416D35DE700DB1158 /* AppDelegate.h */; };
		727A4CEC19961587008EEB98 /* GameScene.h in Sources */ = {isa = PBXBuildFile; fileRef = 727A4CA71995FF98008EEB98 /* GameScene.h */; };
		727A4CED19961587008EEB98 /* Config.h in Sources */ = {isa = PBXBuildFile; fileRef = 727A4CAB1996015C008EEB98 /* Config.h */; };
		727A4CEE19961587008EEB98 /* HelloWorldScene.h in Sources */ = {isa = PBXBuildFile; fileRef = 727A4CB2199606C9008EEB98 /* HelloWorldScene.h */; };
		727A4CEF19961587008EEB98 /* HelloWorldScene.cpp in Sources */ = {isa = PBXBuildFile; fileRef = 727A4CB3199606DF008EEB98 /* HelloWorldScene.cpp */; };
		727A4D52199617F4008EEB98 /* Effect.cpp in Sources */ = {isa = PBXBuildFile; fileRef = 727A4D04199617F4008EEB98 /* Effect.cpp */; };
		727A4D53199617F4008EEB98 /* BurnOut.cpp in Sources */ = {isa = PBXBuildFile; fileRef = 727A4D07199617F4008EEB98 /* BurnOut.cpp */; };
		727A4D54199617F4008EEB98 /* CircleFire.cpp in Sources */ = {isa = PBXBuildFile; fileRef = 727A4D09199617F4008EEB98 /* CircleFire.cpp */; };
		727A4D55199617F4008EEB98 /* CircleLight.cpp in Sources */ = {isa = PBXBuildFile; fileRef = 727A4D0B199617F4008EEB98 /* CircleLight.cpp */; };
		727A4D56199617F4008EEB98 /* Ignite.cpp in Sources */ = {isa = PBXBuildFile; fileRef = 727A4D0D199617F4008EEB98 /* Ignite.cpp */; };
		727A4D57199617F4008EEB98 /* ParticleEffect.cpp in Sources */ = {isa = PBXBuildFile; fileRef = 727A4D0F199617F4008EEB98 /* ParticleEffect.cpp */; };
		727A4D58199617F4008EEB98 /* BattleManager.cpp in Sources */ = {isa = PBXBuildFile; fileRef = 727A4D13199617F4008EEB98 /* BattleManager.cpp */; };
		727A4D59199617F4008EEB98 /* ResourceManager.cpp in Sources */ = {isa = PBXBuildFile; fileRef = 727A4D15199617F4008EEB98 /* ResourceManager.cpp */; };
		727A4D5A199617F4008EEB98 /* RewardManager.cpp in Sources */ = {isa = PBXBuildFile; fileRef = 727A4D17199617F4008EEB98 /* RewardManager.cpp */; };
		727A4D5B199617F4008EEB98 /* Ally.cpp in Sources */ = {isa = PBXBuildFile; fileRef = 727A4D1B199617F4008EEB98 /* Ally.cpp */; };
		727A4D5C199617F4008EEB98 /* Bomb.cpp in Sources */ = {isa = PBXBuildFile; fileRef = 727A4D1E199617F4008EEB98 /* Bomb.cpp */; };
		727A4D5D199617F4008EEB98 /* NormalBullet.cpp in Sources */ = {isa = PBXBuildFile; fileRef = 727A4D20199617F4008EEB98 /* NormalBullet.cpp */; };
		727A4D5E199617F4008EEB98 /* Enemy.cpp in Sources */ = {isa = PBXBuildFile; fileRef = 727A4D23199617F4008EEB98 /* Enemy.cpp */; };
		727A4D5F199617F4008EEB98 /* Enemy01.cpp in Sources */ = {isa = PBXBuildFile; fileRef = 727A4D25199617F4008EEB98 /* Enemy01.cpp */; };
		727A4D60199617F4008EEB98 /* Enemy02.cpp in Sources */ = {isa = PBXBuildFile; fileRef = 727A4D27199617F4008EEB98 /* Enemy02.cpp */; };
		727A4D61199617F4008EEB98 /* Enemy03.cpp in Sources */ = {isa = PBXBuildFile; fileRef = 727A4D29199617F4008EEB98 /* Enemy03.cpp */; };
		727A4D62199617F4008EEB98 /* Enemy04.cpp in Sources */ = {isa = PBXBuildFile; fileRef = 727A4D2B199617F4008EEB98 /* Enemy04.cpp */; };
		727A4D63199617F4008EEB98 /* Enemy05.cpp in Sources */ = {isa = PBXBuildFile; fileRef = 727A4D2D199617F4008EEB98 /* Enemy05.cpp */; };
		727A4D64199617F4008EEB98 /* Enemy06.cpp in Sources */ = {isa = PBXBuildFile; fileRef = 727A4D2F199617F4008EEB98 /* Enemy06.cpp */; };
		727A4D65199617F4008EEB98 /* Enemy08.cpp in Sources */ = {isa = PBXBuildFile; fileRef = 727A4D31199617F4008EEB98 /* Enemy08.cpp */; };
		727A4D66199617F4008EEB98 /* EnemyNormalBullet.cpp in Sources */ = {isa = PBXBuildFile; fileRef = 727A4D34199617F4008EEB98 /* EnemyNormalBullet.cpp */; };
		727A4D67199617F4008EEB98 /* Star.cpp in Sources */ = {isa = PBXBuildFile; fileRef = 727A4D36199617F4008EEB98 /* Star.cpp */; };
		727A4D68199617F4008EEB98 /* ArrowLeft.cpp in Sources */ = {isa = PBXBuildFile; fileRef = 727A4D39199617F4008EEB98 /* ArrowLeft.cpp */; };
		727A4D69199617F4008EEB98 /* ArrowRight.cpp in Sources */ = {isa = PBXBuildFile; fileRef = 727A4D3B199617F4008EEB98 /* ArrowRight.cpp */; };
		727A4D6A199617F4008EEB98 /* ArrowTop.cpp in Sources */ = {isa = PBXBuildFile; fileRef = 727A4D3D199617F4008EEB98 /* ArrowTop.cpp */; };
		727A4D6B199617F4008EEB98 /* ArrowUnder.cpp in Sources */ = {isa = PBXBuildFile; fileRef = 727A4D3F199617F4008EEB98 /* ArrowUnder.cpp */; };
		727A4D6C199617F4008EEB98 /* LifeLeft.cpp in Sources */ = {isa = PBXBuildFile; fileRef = 727A4D41199617F4008EEB98 /* LifeLeft.cpp */; };
		727A4D6D199617F4008EEB98 /* LifeRight.cpp in Sources */ = {isa = PBXBuildFile; fileRef = 727A4D43199617F4008EEB98 /* LifeRight.cpp */; };
		727A4D6E199617F4008EEB98 /* NormalAttack.cpp in Sources */ = {isa = PBXBuildFile; fileRef = 727A4D45199617F4008EEB98 /* NormalAttack.cpp */; };
		727A4D6F199617F4008EEB98 /* OperationPanel.cpp in Sources */ = {isa = PBXBuildFile; fileRef = 727A4D47199617F4008EEB98 /* OperationPanel.cpp */; };
		727A4D70199617F4008EEB98 /* SpecialAttack.cpp in Sources */ = {isa = PBXBuildFile; fileRef = 727A4D4A199617F4008EEB98 /* SpecialAttack.cpp */; };
		727A4D71199617F4008EEB98 /* Player.cpp in Sources */ = {isa = PBXBuildFile; fileRef = 727A4D4D199617F4008EEB98 /* Player.cpp */; };
		727A4D72199617F4008EEB98 /* WarShip.cpp in Sources */ = {isa = PBXBuildFile; fileRef = 727A4D50199617F4008EEB98 /* WarShip.cpp */; };
		727A4D7319961837008EEB98 /* BurnOut.h in Sources */ = {isa = PBXBuildFile; fileRef = 727A4D08199617F4008EEB98 /* BurnOut.h */; };
		727A4D7419961837008EEB98 /* CircleFire.h in Sources */ = {isa = PBXBuildFile; fileRef = 727A4D0A199617F4008EEB98 /* CircleFire.h */; };
		727A4D7519961837008EEB98 /* CircleLight.h in Sources */ = {isa = PBXBuildFile; fileRef = 727A4D0C199617F4008EEB98 /* CircleLight.h */; };
		727A4D7619961837008EEB98 /* Ignite.h in Sources */ = {isa = PBXBuildFile; fileRef = 727A4D0E199617F4008EEB98 /* Ignite.h */; };
		727A4D7719961837008EEB98 /* ParticleEffect.h in Sources */ = {isa = PBXBuildFile; fileRef = 727A4D10199617F4008EEB98 /* ParticleEffect.h */; };
		727A4D7819961837008EEB98 /* ParticleEffectClassLoader.h in Sources */ = {isa = PBXBuildFile; fileRef = 727A4D11199617F4008EEB98 /* ParticleEffectClassLoader.h */; };
		727A4D791996183C008EEB98 /* Effect.h in Sources */ = {isa = PBXBuildFile; fileRef = 727A4D05199617F4008EEB98 /* Effect.h */; };
		727A4D7A19961841008EEB98 /* BattleManager.h in Sources */ = {isa = PBXBuildFile; fileRef = 727A4D14199617F4008EEB98 /* BattleManager.h */; };
		727A4D7B19961841008EEB98 /* ResourceManager.h in Sources */ = {isa = PBXBuildFile; fileRef = 727A4D16199617F4008EEB98 /* ResourceManager.h */; };
		727A4D7C19961841008EEB98 /* RewardManager.h in Sources */ = {isa = PBXBuildFile; fileRef = 727A4D18199617F4008EEB98 /* RewardManager.h */; };
		727A4D7D19961846008EEB98 /* Ally.h in Sources */ = {isa = PBXBuildFile; fileRef = 727A4D1C199617F4008EEB98 /* Ally.h */; };
		727A4D7E19961846008EEB98 /* AllyClassLoader.h in Sources */ = {isa = PBXBuildFile; fileRef = 727A4D1D199617F4008EEB98 /* AllyClassLoader.h */; };
		727A4D7F19961846008EEB98 /* Bomb.h in Sources */ = {isa = PBXBuildFile; fileRef = 727A4D1F199617F4008EEB98 /* Bomb.h */; };
		727A4D8019961846008EEB98 /* NormalBullet.h in Sources */ = {isa = PBXBuildFile; fileRef = 727A4D21199617F4008EEB98 /* NormalBullet.h */; };
		727A4D811996184B008EEB98 /* Enemy.h in Sources */ = {isa = PBXBuildFile; fileRef = 727A4D24199617F4008EEB98 /* Enemy.h */; };
		727A4D821996184B008EEB98 /* Enemy01.h in Sources */ = {isa = PBXBuildFile; fileRef = 727A4D26199617F4008EEB98 /* Enemy01.h */; };
		727A4D831996184B008EEB98 /* Enemy02.h in Sources */ = {isa = PBXBuildFile; fileRef = 727A4D28199617F4008EEB98 /* Enemy02.h */; };
		727A4D841996184B008EEB98 /* Enemy03.h in Sources */ = {isa = PBXBuildFile; fileRef = 727A4D2A199617F4008EEB98 /* Enemy03.h */; };
		727A4D851996184B008EEB98 /* Enemy04.h in Sources */ = {isa = PBXBuildFile; fileRef = 727A4D2C199617F4008EEB98 /* Enemy04.h */; };
		727A4D861996184B008EEB98 /* Enemy05.h in Sources */ = {isa = PBXBuildFile; fileRef = 727A4D2E199617F4008EEB98 /* Enemy05.h */; };
		727A4D871996184B008EEB98 /* Enemy06.h in Sources */ = {isa = PBXBuildFile; fileRef = 727A4D30199617F4008EEB98 /* Enemy06.h */; };
		727A4D881996184B008EEB98 /* Enemy08.h in Sources */ = {isa = PBXBuildFile; fileRef = 727A4D32199617F4008EEB98 /* Enemy08.h */; };
		727A4D891996184B008EEB98 /* EnemyClassLoader.h in Sources */ = {isa = PBXBuildFile; fileRef = 727A4D33199617F4008EEB98 /* EnemyClassLoader.h */; };
		727A4D8A1996184B008EEB98 /* EnemyNormalBullet.h in Sources */ = {isa = PBXBuildFile; fileRef = 727A4D35199617F4008EEB98 /* EnemyNormalBullet.h */; };
		727A4D8B1996184B008EEB98 /* Star.h in Sources */ = {isa = PBXBuildFile; fileRef = 727A4D37199617F4008EEB98 /* Star.h */; };
		727A4D8C19961850008EEB98 /* ArrowLeft.h in Sources */ = {isa = PBXBuildFile; fileRef = 727A4D3A199617F4008EEB98 /* ArrowLeft.h */; };
		727A4D8D19961850008EEB98 /* ArrowRight.h in Sources */ = {isa = PBXBuildFile; fileRef = 727A4D3C199617F4008EEB98 /* ArrowRight.h */; };
		727A4D8E19961850008EEB98 /* ArrowTop.h in Sources */ = {isa = PBXBuildFile; fileRef = 727A4D3E199617F4008EEB98 /* ArrowTop.h */; };
		727A4D8F19961850008EEB98 /* ArrowUnder.h in Sources */ = {isa = PBXBuildFile; fileRef = 727A4D40199617F4008EEB98 /* ArrowUnder.h */; };
		727A4D9019961850008EEB98 /* LifeLeft.h in Sources */ = {isa = PBXBuildFile; fileRef = 727A4D42199617F4008EEB98 /* LifeLeft.h */; };
		727A4D9119961850008EEB98 /* LifeRight.h in Sources */ = {isa = PBXBuildFile; fileRef = 727A4D44199617F4008EEB98 /* LifeRight.h */; };
		727A4D9219961850008EEB98 /* NormalAttack.h in Sources */ = {isa = PBXBuildFile; fileRef = 727A4D46199617F4008EEB98 /* NormalAttack.h */; };
		727A4D9319961850008EEB98 /* OperationPanel.h in Sources */ = {isa = PBXBuildFile; fileRef = 727A4D48199617F4008EEB98 /* OperationPanel.h */; };
		727A4D9419961850008EEB98 /* OperationPanelClassLoader.h in Sources */ = {isa = PBXBuildFile; fileRef = 727A4D49199617F4008EEB98 /* OperationPanelClassLoader.h */; };
		727A4D9519961850008EEB98 /* SpecialAttack.h in Sources */ = {isa = PBXBuildFile; fileRef = 727A4D4B199617F4008EEB98 /* SpecialAttack.h */; };
		727A4D9619961854008EEB98 /* Player.h in Sources */ = {isa = PBXBuildFile; fileRef = 727A4D4E199617F4008EEB98 /* Player.h */; };
		727A4D9719961854008EEB98 /* PlayerClassLoader.h in Sources */ = {isa = PBXBuildFile; fileRef = 727A4D4F199617F4008EEB98 /* PlayerClassLoader.h */; };
		727A4D9819961854008EEB98 /* WarShip.h in Sources */ = {isa = PBXBuildFile; fileRef = 727A4D51199617F4008EEB98 /* WarShip.h */; };
		BF171245129291EC00B8313A /* OpenGLES.framework in Frameworks */ = {isa = PBXBuildFile; fileRef = BF170DB012928DE900B8313A /* OpenGLES.framework */; };
		BF1712471292920000B8313A /* libz.dylib in Frameworks */ = {isa = PBXBuildFile; fileRef = BF170DB412928DE900B8313A /* libz.dylib */; };
		BF1C47F01293687400B63C5D /* QuartzCore.framework in Frameworks */ = {isa = PBXBuildFile; fileRef = BF1C47EA1293683800B63C5D /* QuartzCore.framework */; };
		D44C620C132DFF330009C878 /* OpenAL.framework in Frameworks */ = {isa = PBXBuildFile; fileRef = D44C620B132DFF330009C878 /* OpenAL.framework */; };
		D44C620E132DFF430009C878 /* AVFoundation.framework in Frameworks */ = {isa = PBXBuildFile; fileRef = D44C620D132DFF430009C878 /* AVFoundation.framework */; };
		D44C6210132DFF4E0009C878 /* AudioToolbox.framework in Frameworks */ = {isa = PBXBuildFile; fileRef = D44C620F132DFF4E0009C878 /* AudioToolbox.framework */; };
		D6B0611B1803AB670077942B /* CoreMotion.framework in Frameworks */ = {isa = PBXBuildFile; fileRef = D6B0611A1803AB670077942B /* CoreMotion.framework */; };
/* End PBXBuildFile section */

/* Begin PBXContainerItemProxy section */
		1AC6FAF8180E9839004C840B /* PBXContainerItemProxy */ = {
			isa = PBXContainerItemProxy;
			containerPortal = 1AC6FAE5180E9839004C840B /* cocos2d_libs.xcodeproj */;
			proxyType = 2;
			remoteGlobalIDString = 1551A33F158F2AB200E66CFE;
			remoteInfo = "cocos2dx Mac";
		};
		1AC6FAFA180E9839004C840B /* PBXContainerItemProxy */ = {
			isa = PBXContainerItemProxy;
			containerPortal = 1AC6FAE5180E9839004C840B /* cocos2d_libs.xcodeproj */;
			proxyType = 2;
			remoteGlobalIDString = A03F2FD617814595006731B9;
			remoteInfo = "cocos2dx-extensions Mac";
		};
		1AC6FAFC180E9839004C840B /* PBXContainerItemProxy */ = {
			isa = PBXContainerItemProxy;
			containerPortal = 1AC6FAE5180E9839004C840B /* cocos2d_libs.xcodeproj */;
			proxyType = 2;
			remoteGlobalIDString = A03F2CB81780BD04006731B9;
			remoteInfo = "chipmunk Mac";
		};
		1AC6FAFE180E9839004C840B /* PBXContainerItemProxy */ = {
			isa = PBXContainerItemProxy;
			containerPortal = 1AC6FAE5180E9839004C840B /* cocos2d_libs.xcodeproj */;
			proxyType = 2;
			remoteGlobalIDString = A03F2D9B1780BDF7006731B9;
			remoteInfo = "box2d Mac";
		};
		1AC6FB00180E9839004C840B /* PBXContainerItemProxy */ = {
			isa = PBXContainerItemProxy;
			containerPortal = 1AC6FAE5180E9839004C840B /* cocos2d_libs.xcodeproj */;
			proxyType = 2;
			remoteGlobalIDString = A03F2ED617814268006731B9;
			remoteInfo = "CocosDenshion Mac";
		};
		1AC6FB06180E9839004C840B /* PBXContainerItemProxy */ = {
			isa = PBXContainerItemProxy;
			containerPortal = 1AC6FAE5180E9839004C840B /* cocos2d_libs.xcodeproj */;
			proxyType = 2;
			remoteGlobalIDString = A07A4D641783777C0073F6A7;
			remoteInfo = "cocos2dx iOS";
		};
		1AC6FB08180E9839004C840B /* PBXContainerItemProxy */ = {
			isa = PBXContainerItemProxy;
			containerPortal = 1AC6FAE5180E9839004C840B /* cocos2d_libs.xcodeproj */;
			proxyType = 2;
			remoteGlobalIDString = A07A4EFC1783867C0073F6A7;
			remoteInfo = "cocos2dx-extensions iOS";
		};
		1AC6FB0A180E9839004C840B /* PBXContainerItemProxy */ = {
			isa = PBXContainerItemProxy;
			containerPortal = 1AC6FAE5180E9839004C840B /* cocos2d_libs.xcodeproj */;
			proxyType = 2;
			remoteGlobalIDString = A07A4F3B178387670073F6A7;
			remoteInfo = "chipmunk iOS";
		};
		1AC6FB0C180E9839004C840B /* PBXContainerItemProxy */ = {
			isa = PBXContainerItemProxy;
			containerPortal = 1AC6FAE5180E9839004C840B /* cocos2d_libs.xcodeproj */;
			proxyType = 2;
			remoteGlobalIDString = A07A4F9E1783876B0073F6A7;
			remoteInfo = "box2d iOS";
		};
		1AC6FB0E180E9839004C840B /* PBXContainerItemProxy */ = {
			isa = PBXContainerItemProxy;
			containerPortal = 1AC6FAE5180E9839004C840B /* cocos2d_libs.xcodeproj */;
			proxyType = 2;
			remoteGlobalIDString = A07A4FB4178387730073F6A7;
			remoteInfo = "CocosDenshion iOS";
		};
		1AC6FB15180E9959004C840B /* PBXContainerItemProxy */ = {
			isa = PBXContainerItemProxy;
			containerPortal = 1AC6FAE5180E9839004C840B /* cocos2d_libs.xcodeproj */;
			proxyType = 1;
			remoteGlobalIDString = 1551A33E158F2AB200E66CFE;
			remoteInfo = "cocos2dx Mac";
		};
		1AC6FB17180E9959004C840B /* PBXContainerItemProxy */ = {
			isa = PBXContainerItemProxy;
			containerPortal = 1AC6FAE5180E9839004C840B /* cocos2d_libs.xcodeproj */;
			proxyType = 1;
			remoteGlobalIDString = A03F2FC117814595006731B9;
			remoteInfo = "cocos2dx-extensions Mac";
		};
		1AC6FB19180E9959004C840B /* PBXContainerItemProxy */ = {
			isa = PBXContainerItemProxy;
			containerPortal = 1AC6FAE5180E9839004C840B /* cocos2d_libs.xcodeproj */;
			proxyType = 1;
			remoteGlobalIDString = A03F2B781780BD04006731B9;
			remoteInfo = "chipmunk Mac";
		};
		1AC6FB1B180E9959004C840B /* PBXContainerItemProxy */ = {
			isa = PBXContainerItemProxy;
			containerPortal = 1AC6FAE5180E9839004C840B /* cocos2d_libs.xcodeproj */;
			proxyType = 1;
			remoteGlobalIDString = A03F2E9817814268006731B9;
			remoteInfo = "CocosDenshion Mac";
		};
		1AC6FB1D180E9963004C840B /* PBXContainerItemProxy */ = {
			isa = PBXContainerItemProxy;
			containerPortal = 1AC6FAE5180E9839004C840B /* cocos2d_libs.xcodeproj */;
			proxyType = 1;
			remoteGlobalIDString = A03F2D5D1780BDF7006731B9;
			remoteInfo = "box2d Mac";
		};
		1AC6FB24180E99E1004C840B /* PBXContainerItemProxy */ = {
			isa = PBXContainerItemProxy;
			containerPortal = 1AC6FAE5180E9839004C840B /* cocos2d_libs.xcodeproj */;
			proxyType = 1;
			remoteGlobalIDString = A07A4C241783777C0073F6A7;
			remoteInfo = "cocos2dx iOS";
		};
		1AC6FB26180E99E1004C840B /* PBXContainerItemProxy */ = {
			isa = PBXContainerItemProxy;
			containerPortal = 1AC6FAE5180E9839004C840B /* cocos2d_libs.xcodeproj */;
			proxyType = 1;
			remoteGlobalIDString = A07A4E111783867C0073F6A7;
			remoteInfo = "cocos2dx-extensions iOS";
		};
		1AC6FB28180E99E1004C840B /* PBXContainerItemProxy */ = {
			isa = PBXContainerItemProxy;
			containerPortal = 1AC6FAE5180E9839004C840B /* cocos2d_libs.xcodeproj */;
			proxyType = 1;
			remoteGlobalIDString = A07A4EFD178387670073F6A7;
			remoteInfo = "chipmunk iOS";
		};
		1AC6FB2A180E99E1004C840B /* PBXContainerItemProxy */ = {
			isa = PBXContainerItemProxy;
			containerPortal = 1AC6FAE5180E9839004C840B /* cocos2d_libs.xcodeproj */;
			proxyType = 1;
			remoteGlobalIDString = A07A4F3C1783876B0073F6A7;
			remoteInfo = "box2d iOS";
		};
		1AC6FB2C180E99E1004C840B /* PBXContainerItemProxy */ = {
			isa = PBXContainerItemProxy;
			containerPortal = 1AC6FAE5180E9839004C840B /* cocos2d_libs.xcodeproj */;
			proxyType = 1;
			remoteGlobalIDString = A07A4F9F178387730073F6A7;
			remoteInfo = "CocosDenshion iOS";
		};
/* End PBXContainerItemProxy section */

/* Begin PBXFileReference section */
		1AC6FAE5180E9839004C840B /* cocos2d_libs.xcodeproj */ = {isa = PBXFileReference; lastKnownFileType = "wrapper.pb-project"; name = cocos2d_libs.xcodeproj; path = ../cocos2d/build/cocos2d_libs.xcodeproj; sourceTree = "<group>"; };
		1ACB3243164770DE00914215 /* libcurl.a */ = {isa = PBXFileReference; lastKnownFileType = archive.ar; name = libcurl.a; path = ../../cocos2dx/platform/third_party/ios/libraries/libcurl.a; sourceTree = "<group>"; };
		1AFAF8B316D35DE700DB1158 /* AppDelegate.cpp */ = {isa = PBXFileReference; fileEncoding = 4; lastKnownFileType = sourcecode.cpp.cpp; name = AppDelegate.cpp; path = ../Classes/AppDelegate.cpp; sourceTree = "<group>"; };
		1AFAF8B416D35DE700DB1158 /* AppDelegate.h */ = {isa = PBXFileReference; fileEncoding = 4; lastKnownFileType = sourcecode.c.h; name = AppDelegate.h; path = ../Classes/AppDelegate.h; sourceTree = "<group>"; };
		1AFAF8B916D35E4900DB1158 /* CloseNormal.png */ = {isa = PBXFileReference; lastKnownFileType = image.png; path = CloseNormal.png; sourceTree = "<group>"; };
		1AFAF8BA16D35E4900DB1158 /* CloseSelected.png */ = {isa = PBXFileReference; lastKnownFileType = image.png; path = CloseSelected.png; sourceTree = "<group>"; };
		1AFAF8BB16D35E4900DB1158 /* HelloWorld.png */ = {isa = PBXFileReference; lastKnownFileType = image.png; path = HelloWorld.png; sourceTree = "<group>"; };
		1D30AB110D05D00D00671497 /* Foundation.framework */ = {isa = PBXFileReference; lastKnownFileType = wrapper.framework; name = Foundation.framework; path = System/Library/Frameworks/Foundation.framework; sourceTree = SDKROOT; };
		1D6058910D05DD3D006BFB54 /* HelloWorldApp.temp_caseinsensitive_rename iOS.app */ = {isa = PBXFileReference; explicitFileType = wrapper.application; includeInIndex = 0; path = "HelloWorldApp.temp_caseinsensitive_rename iOS.app"; sourceTree = BUILT_PRODUCTS_DIR; };
		1DF5F4DF0D08C38300B7A737 /* UIKit.framework */ = {isa = PBXFileReference; lastKnownFileType = wrapper.framework; name = UIKit.framework; path = System/Library/Frameworks/UIKit.framework; sourceTree = SDKROOT; };
		288765A40DF7441C002DB57D /* CoreGraphics.framework */ = {isa = PBXFileReference; lastKnownFileType = wrapper.framework; name = CoreGraphics.framework; path = System/Library/Frameworks/CoreGraphics.framework; sourceTree = SDKROOT; };
		503AE0F617EB97AB00D1A890 /* Icon.icns */ = {isa = PBXFileReference; lastKnownFileType = image.icns; path = Icon.icns; sourceTree = "<group>"; };
		503AE0F717EB97AB00D1A890 /* Info.plist */ = {isa = PBXFileReference; fileEncoding = 4; lastKnownFileType = text.plist.xml; path = Info.plist; sourceTree = "<group>"; };
		503AE0FA17EB989F00D1A890 /* AppController.h */ = {isa = PBXFileReference; fileEncoding = 4; lastKnownFileType = sourcecode.c.h; name = AppController.h; path = ios/AppController.h; sourceTree = SOURCE_ROOT; };
		503AE0FB17EB989F00D1A890 /* AppController.mm */ = {isa = PBXFileReference; fileEncoding = 4; lastKnownFileType = sourcecode.cpp.objcpp; name = AppController.mm; path = ios/AppController.mm; sourceTree = SOURCE_ROOT; };
		503AE0FC17EB989F00D1A890 /* main.m */ = {isa = PBXFileReference; fileEncoding = 4; lastKnownFileType = sourcecode.c.objc; name = main.m; path = ios/main.m; sourceTree = SOURCE_ROOT; };
		503AE0FD17EB989F00D1A890 /* Prefix.pch */ = {isa = PBXFileReference; fileEncoding = 4; lastKnownFileType = sourcecode.c.h; name = Prefix.pch; path = ios/Prefix.pch; sourceTree = SOURCE_ROOT; };
		503AE0FE17EB989F00D1A890 /* RootViewController.h */ = {isa = PBXFileReference; fileEncoding = 4; lastKnownFileType = sourcecode.c.h; name = RootViewController.h; path = ios/RootViewController.h; sourceTree = SOURCE_ROOT; };
		503AE0FF17EB989F00D1A890 /* RootViewController.mm */ = {isa = PBXFileReference; fileEncoding = 4; lastKnownFileType = sourcecode.cpp.objcpp; name = RootViewController.mm; path = ios/RootViewController.mm; sourceTree = SOURCE_ROOT; };
		503AE10317EB98FF00D1A890 /* main.cpp */ = {isa = PBXFileReference; fileEncoding = 4; lastKnownFileType = sourcecode.cpp.cpp; name = main.cpp; path = mac/main.cpp; sourceTree = "<group>"; };
		503AE10417EB98FF00D1A890 /* Prefix.pch */ = {isa = PBXFileReference; fileEncoding = 4; lastKnownFileType = sourcecode.c.h; name = Prefix.pch; path = mac/Prefix.pch; sourceTree = "<group>"; };
		503AE11117EB99EE00D1A890 /* libcurl.dylib */ = {isa = PBXFileReference; lastKnownFileType = "compiled.mach-o.dylib"; name = libcurl.dylib; path = usr/lib/libcurl.dylib; sourceTree = SDKROOT; };
		503AE11A17EB9C5A00D1A890 /* IOKit.framework */ = {isa = PBXFileReference; lastKnownFileType = wrapper.framework; name = IOKit.framework; path = System/Library/Frameworks/IOKit.framework; sourceTree = SDKROOT; };
		5087E76F17EB910900C73F5D /* HelloWorldApp.temp_caseinsensitive_rename Mac.app */ = {isa = PBXFileReference; explicitFileType = wrapper.application; includeInIndex = 0; path = "HelloWorldApp.temp_caseinsensitive_rename Mac.app"; sourceTree = BUILT_PRODUCTS_DIR; };
		5087E77217EB970100C73F5D /* Default-568h@2x.png */ = {isa = PBXFileReference; lastKnownFileType = image.png; path = "Default-568h@2x.png"; sourceTree = "<group>"; };
		5087E77317EB970100C73F5D /* Default.png */ = {isa = PBXFileReference; lastKnownFileType = image.png; path = Default.png; sourceTree = "<group>"; };
		5087E77417EB970100C73F5D /* Default@2x.png */ = {isa = PBXFileReference; lastKnownFileType = image.png; path = "Default@2x.png"; sourceTree = "<group>"; };
		5087E77517EB970100C73F5D /* Icon-114.png */ = {isa = PBXFileReference; lastKnownFileType = image.png; path = "Icon-114.png"; sourceTree = "<group>"; };
		5087E77617EB970100C73F5D /* Icon-120.png */ = {isa = PBXFileReference; lastKnownFileType = image.png; path = "Icon-120.png"; sourceTree = "<group>"; };
		5087E77717EB970100C73F5D /* Icon-144.png */ = {isa = PBXFileReference; lastKnownFileType = image.png; path = "Icon-144.png"; sourceTree = "<group>"; };
		5087E77817EB970100C73F5D /* Icon-152.png */ = {isa = PBXFileReference; lastKnownFileType = image.png; path = "Icon-152.png"; sourceTree = "<group>"; };
		5087E77917EB970100C73F5D /* Icon-57.png */ = {isa = PBXFileReference; lastKnownFileType = image.png; path = "Icon-57.png"; sourceTree = "<group>"; };
		5087E77A17EB970100C73F5D /* Icon-72.png */ = {isa = PBXFileReference; lastKnownFileType = image.png; path = "Icon-72.png"; sourceTree = "<group>"; };
		5087E77B17EB970100C73F5D /* Icon-76.png */ = {isa = PBXFileReference; lastKnownFileType = image.png; path = "Icon-76.png"; sourceTree = "<group>"; };
		5087E77C17EB970100C73F5D /* Info.plist */ = {isa = PBXFileReference; fileEncoding = 4; lastKnownFileType = text.plist.xml; path = Info.plist; sourceTree = "<group>"; };
		5087E78817EB974C00C73F5D /* AppKit.framework */ = {isa = PBXFileReference; lastKnownFileType = wrapper.framework; name = AppKit.framework; path = System/Library/Frameworks/AppKit.framework; sourceTree = SDKROOT; };
		5087E78A17EB975400C73F5D /* OpenGL.framework */ = {isa = PBXFileReference; lastKnownFileType = wrapper.framework; name = OpenGL.framework; path = System/Library/Frameworks/OpenGL.framework; sourceTree = SDKROOT; };
		50EF629217ECD46A001EB2F8 /* Icon-40.png */ = {isa = PBXFileReference; lastKnownFileType = image.png; path = "Icon-40.png"; sourceTree = "<group>"; };
		50EF629317ECD46A001EB2F8 /* Icon-58.png */ = {isa = PBXFileReference; lastKnownFileType = image.png; path = "Icon-58.png"; sourceTree = "<group>"; };
		50EF629417ECD46A001EB2F8 /* Icon-80.png */ = {isa = PBXFileReference; lastKnownFileType = image.png; path = "Icon-80.png"; sourceTree = "<group>"; };
		50EF629517ECD46A001EB2F8 /* Icon-100.png */ = {isa = PBXFileReference; lastKnownFileType = image.png; path = "Icon-100.png"; sourceTree = "<group>"; };
		50EF62A017ECD613001EB2F8 /* Icon-29.png */ = {isa = PBXFileReference; lastKnownFileType = image.png; path = "Icon-29.png"; sourceTree = "<group>"; };
		50EF62A117ECD613001EB2F8 /* Icon-50.png */ = {isa = PBXFileReference; lastKnownFileType = image.png; path = "Icon-50.png"; sourceTree = "<group>"; };
		727A4C631995FF25008EEB98 /* bg1.png */ = {isa = PBXFileReference; lastKnownFileType = image.png; path = bg1.png; sourceTree = "<group>"; };
		727A4C641995FF25008EEB98 /* bg2.png */ = {isa = PBXFileReference; lastKnownFileType = image.png; path = bg2.png; sourceTree = "<group>"; };
		727A4C651995FF25008EEB98 /* bg3.png */ = {isa = PBXFileReference; lastKnownFileType = image.png; path = bg3.png; sourceTree = "<group>"; };
		727A4C661995FF25008EEB98 /* bomb.png */ = {isa = PBXFileReference; lastKnownFileType = image.png; path = bomb.png; sourceTree = "<group>"; };
		727A4C671995FF25008EEB98 /* bullet.png */ = {isa = PBXFileReference; lastKnownFileType = image.png; path = bullet.png; sourceTree = "<group>"; };
		727A4C681995FF25008EEB98 /* burn_out.plist */ = {isa = PBXFileReference; fileEncoding = 4; lastKnownFileType = text.plist.xml; path = burn_out.plist; sourceTree = "<group>"; };
		727A4C691995FF25008EEB98 /* circle_fire.plist */ = {isa = PBXFileReference; fileEncoding = 4; lastKnownFileType = text.plist.xml; path = circle_fire.plist; sourceTree = "<group>"; };
		727A4C6A1995FF25008EEB98 /* circle_light.plist */ = {isa = PBXFileReference; fileEncoding = 4; lastKnownFileType = text.plist.xml; path = circle_light.plist; sourceTree = "<group>"; };
		727A4C6B1995FF25008EEB98 /* CloseNormal.png */ = {isa = PBXFileReference; lastKnownFileType = image.png; path = CloseNormal.png; sourceTree = "<group>"; };
		727A4C6C1995FF25008EEB98 /* CloseSelected.png */ = {isa = PBXFileReference; lastKnownFileType = image.png; path = CloseSelected.png; sourceTree = "<group>"; };
		727A4C6D1995FF25008EEB98 /* enemy01.png */ = {isa = PBXFileReference; lastKnownFileType = image.png; path = enemy01.png; sourceTree = "<group>"; };
		727A4C6E1995FF25008EEB98 /* enemy02.png */ = {isa = PBXFileReference; lastKnownFileType = image.png; path = enemy02.png; sourceTree = "<group>"; };
		727A4C6F1995FF25008EEB98 /* enemy03.png */ = {isa = PBXFileReference; lastKnownFileType = image.png; path = enemy03.png; sourceTree = "<group>"; };
		727A4C701995FF25008EEB98 /* enemy04.png */ = {isa = PBXFileReference; lastKnownFileType = image.png; path = enemy04.png; sourceTree = "<group>"; };
		727A4C711995FF25008EEB98 /* enemy06.png */ = {isa = PBXFileReference; lastKnownFileType = image.png; path = enemy06.png; sourceTree = "<group>"; };
		727A4C731995FF25008EEB98 /* Marker Felt.ttf */ = {isa = PBXFileReference; lastKnownFileType = file; path = "Marker Felt.ttf"; sourceTree = "<group>"; };
		727A4C741995FF25008EEB98 /* friend01.png */ = {isa = PBXFileReference; lastKnownFileType = image.png; path = friend01.png; sourceTree = "<group>"; };
		727A4C751995FF25008EEB98 /* heart.png */ = {isa = PBXFileReference; lastKnownFileType = image.png; path = heart.png; sourceTree = "<group>"; };
		727A4C761995FF25008EEB98 /* HelloWorld.png */ = {isa = PBXFileReference; lastKnownFileType = image.png; path = HelloWorld.png; sourceTree = "<group>"; };
		727A4C771995FF25008EEB98 /* left.png */ = {isa = PBXFileReference; lastKnownFileType = image.png; path = left.png; sourceTree = "<group>"; };
		727A4C781995FF25008EEB98 /* life_left.png */ = {isa = PBXFileReference; lastKnownFileType = image.png; path = life_left.png; sourceTree = "<group>"; };
		727A4C791995FF25008EEB98 /* life_right.png */ = {isa = PBXFileReference; lastKnownFileType = image.png; path = life_right.png; sourceTree = "<group>"; };
		727A4C7A1995FF25008EEB98 /* life.png */ = {isa = PBXFileReference; lastKnownFileType = image.png; path = life.png; sourceTree = "<group>"; };
		727A4C7B1995FF25008EEB98 /* lizi.plist */ = {isa = PBXFileReference; fileEncoding = 4; lastKnownFileType = text.plist.xml; path = lizi.plist; sourceTree = "<group>"; };
		727A4C7C1995FF25008EEB98 /* right.png */ = {isa = PBXFileReference; lastKnownFileType = image.png; path = right.png; sourceTree = "<group>"; };
		727A4C7D1995FF25008EEB98 /* star.png */ = {isa = PBXFileReference; lastKnownFileType = image.png; path = star.png; sourceTree = "<group>"; };
		727A4C7E1995FF25008EEB98 /* top.png */ = {isa = PBXFileReference; lastKnownFileType = image.png; path = top.png; sourceTree = "<group>"; };
		727A4C7F1995FF25008EEB98 /* under.png */ = {isa = PBXFileReference; lastKnownFileType = image.png; path = under.png; sourceTree = "<group>"; };
		727A4C801995FF25008EEB98 /* war_ship.png */ = {isa = PBXFileReference; lastKnownFileType = image.png; path = war_ship.png; sourceTree = "<group>"; };
		727A4C811995FF25008EEB98 /* weapon_a.png */ = {isa = PBXFileReference; lastKnownFileType = image.png; path = weapon_a.png; sourceTree = "<group>"; };
		727A4C821995FF25008EEB98 /* weapon_b.png */ = {isa = PBXFileReference; lastKnownFileType = image.png; path = weapon_b.png; sourceTree = "<group>"; };
		727A4C831995FF25008EEB98 /* whiteFont.fnt */ = {isa = PBXFileReference; fileEncoding = 4; lastKnownFileType = text; path = whiteFont.fnt; sourceTree = "<group>"; };
		727A4C841995FF25008EEB98 /* whiteFont.png */ = {isa = PBXFileReference; lastKnownFileType = image.png; path = whiteFont.png; sourceTree = "<group>"; };
		727A4CA71995FF98008EEB98 /* GameScene.h */ = {isa = PBXFileReference; fileEncoding = 4; lastKnownFileType = sourcecode.c.h; name = GameScene.h; path = ../Classes/GameScene.h; sourceTree = "<group>"; };
		727A4CA81995FFB0008EEB98 /* GameScene.cpp */ = {isa = PBXFileReference; fileEncoding = 4; lastKnownFileType = sourcecode.cpp.cpp; name = GameScene.cpp; path = ../Classes/GameScene.cpp; sourceTree = "<group>"; };
		727A4CAB1996015C008EEB98 /* Config.h */ = {isa = PBXFileReference; fileEncoding = 4; lastKnownFileType = sourcecode.c.h; name = Config.h; path = ../Classes/Config.h; sourceTree = "<group>"; };
		727A4CAC199603EC008EEB98 /* CloseNormal.png */ = {isa = PBXFileReference; lastKnownFileType = image.png; path = CloseNormal.png; sourceTree = "<group>"; };
		727A4CAD199603EC008EEB98 /* CloseSelected.png */ = {isa = PBXFileReference; lastKnownFileType = image.png; path = CloseSelected.png; sourceTree = "<group>"; };
		727A4CB2199606C9008EEB98 /* HelloWorldScene.h */ = {isa = PBXFileReference; lastKnownFileType = sourcecode.c.h; name = HelloWorldScene.h; path = ../Classes/HelloWorldScene.h; sourceTree = "<group>"; };
		727A4CB3199606DF008EEB98 /* HelloWorldScene.cpp */ = {isa = PBXFileReference; fileEncoding = 4; lastKnownFileType = sourcecode.cpp.cpp; name = HelloWorldScene.cpp; path = ../Classes/HelloWorldScene.cpp; sourceTree = "<group>"; };
		727A4D04199617F4008EEB98 /* Effect.cpp */ = {isa = PBXFileReference; fileEncoding = 4; lastKnownFileType = sourcecode.cpp.cpp; path = Effect.cpp; sourceTree = "<group>"; };
		727A4D05199617F4008EEB98 /* Effect.h */ = {isa = PBXFileReference; fileEncoding = 4; lastKnownFileType = sourcecode.c.h; path = Effect.h; sourceTree = "<group>"; };
		727A4D07199617F4008EEB98 /* BurnOut.cpp */ = {isa = PBXFileReference; fileEncoding = 4; lastKnownFileType = sourcecode.cpp.cpp; path = BurnOut.cpp; sourceTree = "<group>"; };
		727A4D08199617F4008EEB98 /* BurnOut.h */ = {isa = PBXFileReference; fileEncoding = 4; lastKnownFileType = sourcecode.c.h; path = BurnOut.h; sourceTree = "<group>"; };
		727A4D09199617F4008EEB98 /* CircleFire.cpp */ = {isa = PBXFileReference; fileEncoding = 4; lastKnownFileType = sourcecode.cpp.cpp; path = CircleFire.cpp; sourceTree = "<group>"; };
		727A4D0A199617F4008EEB98 /* CircleFire.h */ = {isa = PBXFileReference; fileEncoding = 4; lastKnownFileType = sourcecode.c.h; path = CircleFire.h; sourceTree = "<group>"; };
		727A4D0B199617F4008EEB98 /* CircleLight.cpp */ = {isa = PBXFileReference; fileEncoding = 4; lastKnownFileType = sourcecode.cpp.cpp; path = CircleLight.cpp; sourceTree = "<group>"; };
		727A4D0C199617F4008EEB98 /* CircleLight.h */ = {isa = PBXFileReference; fileEncoding = 4; lastKnownFileType = sourcecode.c.h; path = CircleLight.h; sourceTree = "<group>"; };
		727A4D0D199617F4008EEB98 /* Ignite.cpp */ = {isa = PBXFileReference; fileEncoding = 4; lastKnownFileType = sourcecode.cpp.cpp; path = Ignite.cpp; sourceTree = "<group>"; };
		727A4D0E199617F4008EEB98 /* Ignite.h */ = {isa = PBXFileReference; fileEncoding = 4; lastKnownFileType = sourcecode.c.h; path = Ignite.h; sourceTree = "<group>"; };
		727A4D0F199617F4008EEB98 /* ParticleEffect.cpp */ = {isa = PBXFileReference; fileEncoding = 4; lastKnownFileType = sourcecode.cpp.cpp; path = ParticleEffect.cpp; sourceTree = "<group>"; };
		727A4D10199617F4008EEB98 /* ParticleEffect.h */ = {isa = PBXFileReference; fileEncoding = 4; lastKnownFileType = sourcecode.c.h; path = ParticleEffect.h; sourceTree = "<group>"; };
		727A4D11199617F4008EEB98 /* ParticleEffectClassLoader.h */ = {isa = PBXFileReference; fileEncoding = 4; lastKnownFileType = sourcecode.c.h; path = ParticleEffectClassLoader.h; sourceTree = "<group>"; };
		727A4D13199617F4008EEB98 /* BattleManager.cpp */ = {isa = PBXFileReference; fileEncoding = 4; lastKnownFileType = sourcecode.cpp.cpp; path = BattleManager.cpp; sourceTree = "<group>"; };
		727A4D14199617F4008EEB98 /* BattleManager.h */ = {isa = PBXFileReference; fileEncoding = 4; lastKnownFileType = sourcecode.c.h; path = BattleManager.h; sourceTree = "<group>"; };
		727A4D15199617F4008EEB98 /* ResourceManager.cpp */ = {isa = PBXFileReference; fileEncoding = 4; lastKnownFileType = sourcecode.cpp.cpp; path = ResourceManager.cpp; sourceTree = "<group>"; };
		727A4D16199617F4008EEB98 /* ResourceManager.h */ = {isa = PBXFileReference; fileEncoding = 4; lastKnownFileType = sourcecode.c.h; path = ResourceManager.h; sourceTree = "<group>"; };
		727A4D17199617F4008EEB98 /* RewardManager.cpp */ = {isa = PBXFileReference; fileEncoding = 4; lastKnownFileType = sourcecode.cpp.cpp; path = RewardManager.cpp; sourceTree = "<group>"; };
		727A4D18199617F4008EEB98 /* RewardManager.h */ = {isa = PBXFileReference; fileEncoding = 4; lastKnownFileType = sourcecode.c.h; path = RewardManager.h; sourceTree = "<group>"; };
		727A4D1B199617F4008EEB98 /* Ally.cpp */ = {isa = PBXFileReference; fileEncoding = 4; lastKnownFileType = sourcecode.cpp.cpp; path = Ally.cpp; sourceTree = "<group>"; };
		727A4D1C199617F4008EEB98 /* Ally.h */ = {isa = PBXFileReference; fileEncoding = 4; lastKnownFileType = sourcecode.c.h; path = Ally.h; sourceTree = "<group>"; };
		727A4D1D199617F4008EEB98 /* AllyClassLoader.h */ = {isa = PBXFileReference; fileEncoding = 4; lastKnownFileType = sourcecode.c.h; path = AllyClassLoader.h; sourceTree = "<group>"; };
		727A4D1E199617F4008EEB98 /* Bomb.cpp */ = {isa = PBXFileReference; fileEncoding = 4; lastKnownFileType = sourcecode.cpp.cpp; path = Bomb.cpp; sourceTree = "<group>"; };
		727A4D1F199617F4008EEB98 /* Bomb.h */ = {isa = PBXFileReference; fileEncoding = 4; lastKnownFileType = sourcecode.c.h; path = Bomb.h; sourceTree = "<group>"; };
		727A4D20199617F4008EEB98 /* NormalBullet.cpp */ = {isa = PBXFileReference; fileEncoding = 4; lastKnownFileType = sourcecode.cpp.cpp; path = NormalBullet.cpp; sourceTree = "<group>"; };
		727A4D21199617F4008EEB98 /* NormalBullet.h */ = {isa = PBXFileReference; fileEncoding = 4; lastKnownFileType = sourcecode.c.h; path = NormalBullet.h; sourceTree = "<group>"; };
		727A4D23199617F4008EEB98 /* Enemy.cpp */ = {isa = PBXFileReference; fileEncoding = 4; lastKnownFileType = sourcecode.cpp.cpp; path = Enemy.cpp; sourceTree = "<group>"; };
		727A4D24199617F4008EEB98 /* Enemy.h */ = {isa = PBXFileReference; fileEncoding = 4; lastKnownFileType = sourcecode.c.h; path = Enemy.h; sourceTree = "<group>"; };
		727A4D25199617F4008EEB98 /* Enemy01.cpp */ = {isa = PBXFileReference; fileEncoding = 4; lastKnownFileType = sourcecode.cpp.cpp; path = Enemy01.cpp; sourceTree = "<group>"; };
		727A4D26199617F4008EEB98 /* Enemy01.h */ = {isa = PBXFileReference; fileEncoding = 4; lastKnownFileType = sourcecode.c.h; path = Enemy01.h; sourceTree = "<group>"; };
		727A4D27199617F4008EEB98 /* Enemy02.cpp */ = {isa = PBXFileReference; fileEncoding = 4; lastKnownFileType = sourcecode.cpp.cpp; path = Enemy02.cpp; sourceTree = "<group>"; };
		727A4D28199617F4008EEB98 /* Enemy02.h */ = {isa = PBXFileReference; fileEncoding = 4; lastKnownFileType = sourcecode.c.h; path = Enemy02.h; sourceTree = "<group>"; };
		727A4D29199617F4008EEB98 /* Enemy03.cpp */ = {isa = PBXFileReference; fileEncoding = 4; lastKnownFileType = sourcecode.cpp.cpp; path = Enemy03.cpp; sourceTree = "<group>"; };
		727A4D2A199617F4008EEB98 /* Enemy03.h */ = {isa = PBXFileReference; fileEncoding = 4; lastKnownFileType = sourcecode.c.h; path = Enemy03.h; sourceTree = "<group>"; };
		727A4D2B199617F4008EEB98 /* Enemy04.cpp */ = {isa = PBXFileReference; fileEncoding = 4; lastKnownFileType = sourcecode.cpp.cpp; path = Enemy04.cpp; sourceTree = "<group>"; };
		727A4D2C199617F4008EEB98 /* Enemy04.h */ = {isa = PBXFileReference; fileEncoding = 4; lastKnownFileType = sourcecode.c.h; path = Enemy04.h; sourceTree = "<group>"; };
		727A4D2D199617F4008EEB98 /* Enemy05.cpp */ = {isa = PBXFileReference; fileEncoding = 4; lastKnownFileType = sourcecode.cpp.cpp; path = Enemy05.cpp; sourceTree = "<group>"; };
		727A4D2E199617F4008EEB98 /* Enemy05.h */ = {isa = PBXFileReference; fileEncoding = 4; lastKnownFileType = sourcecode.c.h; path = Enemy05.h; sourceTree = "<group>"; };
		727A4D2F199617F4008EEB98 /* Enemy06.cpp */ = {isa = PBXFileReference; fileEncoding = 4; lastKnownFileType = sourcecode.cpp.cpp; path = Enemy06.cpp; sourceTree = "<group>"; };
		727A4D30199617F4008EEB98 /* Enemy06.h */ = {isa = PBXFileReference; fileEncoding = 4; lastKnownFileType = sourcecode.c.h; path = Enemy06.h; sourceTree = "<group>"; };
		727A4D31199617F4008EEB98 /* Enemy08.cpp */ = {isa = PBXFileReference; fileEncoding = 4; lastKnownFileType = sourcecode.cpp.cpp; path = Enemy08.cpp; sourceTree = "<group>"; };
		727A4D32199617F4008EEB98 /* Enemy08.h */ = {isa = PBXFileReference; fileEncoding = 4; lastKnownFileType = sourcecode.c.h; path = Enemy08.h; sourceTree = "<group>"; };
		727A4D33199617F4008EEB98 /* EnemyClassLoader.h */ = {isa = PBXFileReference; fileEncoding = 4; lastKnownFileType = sourcecode.c.h; path = EnemyClassLoader.h; sourceTree = "<group>"; };
		727A4D34199617F4008EEB98 /* EnemyNormalBullet.cpp */ = {isa = PBXFileReference; fileEncoding = 4; lastKnownFileType = sourcecode.cpp.cpp; path = EnemyNormalBullet.cpp; sourceTree = "<group>"; };
		727A4D35199617F4008EEB98 /* EnemyNormalBullet.h */ = {isa = PBXFileReference; fileEncoding = 4; lastKnownFileType = sourcecode.c.h; path = EnemyNormalBullet.h; sourceTree = "<group>"; };
		727A4D36199617F4008EEB98 /* Star.cpp */ = {isa = PBXFileReference; fileEncoding = 4; lastKnownFileType = sourcecode.cpp.cpp; path = Star.cpp; sourceTree = "<group>"; };
		727A4D37199617F4008EEB98 /* Star.h */ = {isa = PBXFileReference; fileEncoding = 4; lastKnownFileType = sourcecode.c.h; path = Star.h; sourceTree = "<group>"; };
		727A4D39199617F4008EEB98 /* ArrowLeft.cpp */ = {isa = PBXFileReference; fileEncoding = 4; lastKnownFileType = sourcecode.cpp.cpp; path = ArrowLeft.cpp; sourceTree = "<group>"; };
		727A4D3A199617F4008EEB98 /* ArrowLeft.h */ = {isa = PBXFileReference; fileEncoding = 4; lastKnownFileType = sourcecode.c.h; path = ArrowLeft.h; sourceTree = "<group>"; };
		727A4D3B199617F4008EEB98 /* ArrowRight.cpp */ = {isa = PBXFileReference; fileEncoding = 4; lastKnownFileType = sourcecode.cpp.cpp; path = ArrowRight.cpp; sourceTree = "<group>"; };
		727A4D3C199617F4008EEB98 /* ArrowRight.h */ = {isa = PBXFileReference; fileEncoding = 4; lastKnownFileType = sourcecode.c.h; path = ArrowRight.h; sourceTree = "<group>"; };
		727A4D3D199617F4008EEB98 /* ArrowTop.cpp */ = {isa = PBXFileReference; fileEncoding = 4; lastKnownFileType = sourcecode.cpp.cpp; path = ArrowTop.cpp; sourceTree = "<group>"; };
		727A4D3E199617F4008EEB98 /* ArrowTop.h */ = {isa = PBXFileReference; fileEncoding = 4; lastKnownFileType = sourcecode.c.h; path = ArrowTop.h; sourceTree = "<group>"; };
		727A4D3F199617F4008EEB98 /* ArrowUnder.cpp */ = {isa = PBXFileReference; fileEncoding = 4; lastKnownFileType = sourcecode.cpp.cpp; path = ArrowUnder.cpp; sourceTree = "<group>"; };
		727A4D40199617F4008EEB98 /* ArrowUnder.h */ = {isa = PBXFileReference; fileEncoding = 4; lastKnownFileType = sourcecode.c.h; path = ArrowUnder.h; sourceTree = "<group>"; };
		727A4D41199617F4008EEB98 /* LifeLeft.cpp */ = {isa = PBXFileReference; fileEncoding = 4; lastKnownFileType = sourcecode.cpp.cpp; path = LifeLeft.cpp; sourceTree = "<group>"; };
		727A4D42199617F4008EEB98 /* LifeLeft.h */ = {isa = PBXFileReference; fileEncoding = 4; lastKnownFileType = sourcecode.c.h; path = LifeLeft.h; sourceTree = "<group>"; };
		727A4D43199617F4008EEB98 /* LifeRight.cpp */ = {isa = PBXFileReference; fileEncoding = 4; lastKnownFileType = sourcecode.cpp.cpp; path = LifeRight.cpp; sourceTree = "<group>"; };
		727A4D44199617F4008EEB98 /* LifeRight.h */ = {isa = PBXFileReference; fileEncoding = 4; lastKnownFileType = sourcecode.c.h; path = LifeRight.h; sourceTree = "<group>"; };
		727A4D45199617F4008EEB98 /* NormalAttack.cpp */ = {isa = PBXFileReference; fileEncoding = 4; lastKnownFileType = sourcecode.cpp.cpp; path = NormalAttack.cpp; sourceTree = "<group>"; };
		727A4D46199617F4008EEB98 /* NormalAttack.h */ = {isa = PBXFileReference; fileEncoding = 4; lastKnownFileType = sourcecode.c.h; path = NormalAttack.h; sourceTree = "<group>"; };
		727A4D47199617F4008EEB98 /* OperationPanel.cpp */ = {isa = PBXFileReference; fileEncoding = 4; lastKnownFileType = sourcecode.cpp.cpp; path = OperationPanel.cpp; sourceTree = "<group>"; };
		727A4D48199617F4008EEB98 /* OperationPanel.h */ = {isa = PBXFileReference; fileEncoding = 4; lastKnownFileType = sourcecode.c.h; path = OperationPanel.h; sourceTree = "<group>"; };
		727A4D49199617F4008EEB98 /* OperationPanelClassLoader.h */ = {isa = PBXFileReference; fileEncoding = 4; lastKnownFileType = sourcecode.c.h; path = OperationPanelClassLoader.h; sourceTree = "<group>"; };
		727A4D4A199617F4008EEB98 /* SpecialAttack.cpp */ = {isa = PBXFileReference; fileEncoding = 4; lastKnownFileType = sourcecode.cpp.cpp; path = SpecialAttack.cpp; sourceTree = "<group>"; };
		727A4D4B199617F4008EEB98 /* SpecialAttack.h */ = {isa = PBXFileReference; fileEncoding = 4; lastKnownFileType = sourcecode.c.h; path = SpecialAttack.h; sourceTree = "<group>"; };
		727A4D4D199617F4008EEB98 /* Player.cpp */ = {isa = PBXFileReference; fileEncoding = 4; lastKnownFileType = sourcecode.cpp.cpp; path = Player.cpp; sourceTree = "<group>"; };
		727A4D4E199617F4008EEB98 /* Player.h */ = {isa = PBXFileReference; fileEncoding = 4; lastKnownFileType = sourcecode.c.h; path = Player.h; sourceTree = "<group>"; };
		727A4D4F199617F4008EEB98 /* PlayerClassLoader.h */ = {isa = PBXFileReference; fileEncoding = 4; lastKnownFileType = sourcecode.c.h; path = PlayerClassLoader.h; sourceTree = "<group>"; };
		727A4D50199617F4008EEB98 /* WarShip.cpp */ = {isa = PBXFileReference; fileEncoding = 4; lastKnownFileType = sourcecode.cpp.cpp; path = WarShip.cpp; sourceTree = "<group>"; };
		727A4D51199617F4008EEB98 /* WarShip.h */ = {isa = PBXFileReference; fileEncoding = 4; lastKnownFileType = sourcecode.c.h; path = WarShip.h; sourceTree = "<group>"; };
		BF170DB012928DE900B8313A /* OpenGLES.framework */ = {isa = PBXFileReference; lastKnownFileType = wrapper.framework; name = OpenGLES.framework; path = System/Library/Frameworks/OpenGLES.framework; sourceTree = SDKROOT; };
		BF170DB412928DE900B8313A /* libz.dylib */ = {isa = PBXFileReference; lastKnownFileType = "compiled.mach-o.dylib"; name = libz.dylib; path = usr/lib/libz.dylib; sourceTree = SDKROOT; };
		BF1C47EA1293683800B63C5D /* QuartzCore.framework */ = {isa = PBXFileReference; lastKnownFileType = wrapper.framework; name = QuartzCore.framework; path = System/Library/Frameworks/QuartzCore.framework; sourceTree = SDKROOT; };
		D44C620B132DFF330009C878 /* OpenAL.framework */ = {isa = PBXFileReference; lastKnownFileType = wrapper.framework; name = OpenAL.framework; path = System/Library/Frameworks/OpenAL.framework; sourceTree = SDKROOT; };
		D44C620D132DFF430009C878 /* AVFoundation.framework */ = {isa = PBXFileReference; lastKnownFileType = wrapper.framework; name = AVFoundation.framework; path = System/Library/Frameworks/AVFoundation.framework; sourceTree = SDKROOT; };
		D44C620F132DFF4E0009C878 /* AudioToolbox.framework */ = {isa = PBXFileReference; lastKnownFileType = wrapper.framework; name = AudioToolbox.framework; path = System/Library/Frameworks/AudioToolbox.framework; sourceTree = SDKROOT; };
		D6B0611A1803AB670077942B /* CoreMotion.framework */ = {isa = PBXFileReference; lastKnownFileType = wrapper.framework; name = CoreMotion.framework; path = Platforms/iPhoneOS.platform/Developer/SDKs/iPhoneOS7.0.sdk/System/Library/Frameworks/CoreMotion.framework; sourceTree = DEVELOPER_DIR; };
/* End PBXFileReference section */

/* Begin PBXFrameworksBuildPhase section */
		1D60588F0D05DD3D006BFB54 /* Frameworks */ = {
			isa = PBXFrameworksBuildPhase;
			buildActionMask = 2147483647;
			files = (
				1AC6FB2E180E99EB004C840B /* libbox2d iOS.a in Frameworks */,
				1AC6FB2F180E99EB004C840B /* libchipmunk iOS.a in Frameworks */,
				1AC6FB30180E99EB004C840B /* libcocos2dx iOS.a in Frameworks */,
				1AC6FB31180E99EB004C840B /* libcocos2dx-extensions iOS.a in Frameworks */,
				1AC6FB32180E99EB004C840B /* libCocosDenshion iOS.a in Frameworks */,
				D6B0611B1803AB670077942B /* CoreMotion.framework in Frameworks */,
				1D60589F0D05DD5A006BFB54 /* Foundation.framework in Frameworks */,
				1DF5F4E00D08C38300B7A737 /* UIKit.framework in Frameworks */,
				288765A50DF7441C002DB57D /* CoreGraphics.framework in Frameworks */,
				BF171245129291EC00B8313A /* OpenGLES.framework in Frameworks */,
				BF1712471292920000B8313A /* libz.dylib in Frameworks */,
				BF1C47F01293687400B63C5D /* QuartzCore.framework in Frameworks */,
				D44C620C132DFF330009C878 /* OpenAL.framework in Frameworks */,
				D44C620E132DFF430009C878 /* AVFoundation.framework in Frameworks */,
				D44C6210132DFF4E0009C878 /* AudioToolbox.framework in Frameworks */,
			);
			runOnlyForDeploymentPostprocessing = 0;
		};
		5087E75C17EB910900C73F5D /* Frameworks */ = {
			isa = PBXFrameworksBuildPhase;
			buildActionMask = 2147483647;
			files = (
				1AC6FB1F180E996B004C840B /* libbox2d Mac.a in Frameworks */,
				1AC6FB20180E996B004C840B /* libchipmunk Mac.a in Frameworks */,
				1AC6FB21180E996B004C840B /* libcocos2dx Mac.a in Frameworks */,
				1AC6FB22180E996B004C840B /* libcocos2dx-extensions Mac.a in Frameworks */,
				1AC6FB23180E996B004C840B /* libCocosDenshion Mac.a in Frameworks */,
				503AE11217EB99EE00D1A890 /* libcurl.dylib in Frameworks */,
				5087E76717EB910900C73F5D /* libz.dylib in Frameworks */,
				503AE11B17EB9C5A00D1A890 /* IOKit.framework in Frameworks */,
				5087E78B17EB975400C73F5D /* OpenGL.framework in Frameworks */,
				5087E78917EB974C00C73F5D /* AppKit.framework in Frameworks */,
				5087E76317EB910900C73F5D /* Foundation.framework in Frameworks */,
				5087E76517EB910900C73F5D /* CoreGraphics.framework in Frameworks */,
				5087E76817EB910900C73F5D /* QuartzCore.framework in Frameworks */,
				5087E76917EB910900C73F5D /* OpenAL.framework in Frameworks */,
				5087E76A17EB910900C73F5D /* AVFoundation.framework in Frameworks */,
				5087E76B17EB910900C73F5D /* AudioToolbox.framework in Frameworks */,
			);
			runOnlyForDeploymentPostprocessing = 0;
		};
/* End PBXFrameworksBuildPhase section */

/* Begin PBXGroup section */
		080E96DDFE201D6D7F000001 /* ios */ = {
			isa = PBXGroup;
			children = (
				5087E77117EB970100C73F5D /* Icons */,
				503AE0FA17EB989F00D1A890 /* AppController.h */,
				503AE0FB17EB989F00D1A890 /* AppController.mm */,
				503AE0FC17EB989F00D1A890 /* main.m */,
				503AE0FD17EB989F00D1A890 /* Prefix.pch */,
				503AE0FE17EB989F00D1A890 /* RootViewController.h */,
				503AE0FF17EB989F00D1A890 /* RootViewController.mm */,
			);
			name = ios;
			path = Classes;
			sourceTree = "<group>";
		};
		15AA9C4015B7EC450033D6C2 /* Classes */ = {
			isa = PBXGroup;
			children = (
				727A4D03199617F4008EEB98 /* Effect */,
				727A4D12199617F4008EEB98 /* Manager */,
				727A4D19199617F4008EEB98 /* Sprite */,
				1AFAF8B316D35DE700DB1158 /* AppDelegate.cpp */,
				1AFAF8B416D35DE700DB1158 /* AppDelegate.h */,
				727A4CA71995FF98008EEB98 /* GameScene.h */,
				727A4CA81995FFB0008EEB98 /* GameScene.cpp */,
				727A4CAB1996015C008EEB98 /* Config.h */,
				727A4CB2199606C9008EEB98 /* HelloWorldScene.h */,
				727A4CB3199606DF008EEB98 /* HelloWorldScene.cpp */,
			);
			name = Classes;
			path = ../classes;
			sourceTree = "<group>";
		};
		19C28FACFE9D520D11CA2CBB /* Products */ = {
			isa = PBXGroup;
			children = (
				1D6058910D05DD3D006BFB54 /* HelloWorldApp.temp_caseinsensitive_rename iOS.app */,
				5087E76F17EB910900C73F5D /* HelloWorldApp.temp_caseinsensitive_rename Mac.app */,
			);
			name = Products;
			sourceTree = "<group>";
		};
		1AC6FAE6180E9839004C840B /* Products */ = {
			isa = PBXGroup;
			children = (
				1AC6FAF9180E9839004C840B /* libcocos2dx Mac.a */,
				1AC6FAFB180E9839004C840B /* libcocos2dx-extensions Mac.a */,
				1AC6FAFD180E9839004C840B /* libchipmunk Mac.a */,
				1AC6FAFF180E9839004C840B /* libbox2d Mac.a */,
				1AC6FB01180E9839004C840B /* libCocosDenshion Mac.a */,
				1AC6FB07180E9839004C840B /* libcocos2dx iOS.a */,
				1AC6FB09180E9839004C840B /* libcocos2dx-extensions iOS.a */,
				1AC6FB0B180E9839004C840B /* libchipmunk iOS.a */,
				1AC6FB0D180E9839004C840B /* libbox2d iOS.a */,
				1AC6FB0F180E9839004C840B /* libCocosDenshion iOS.a */,
			);
			name = Products;
			sourceTree = "<group>";
		};
		29B97314FDCFA39411CA2CEA /* CustomTemplate */ = {
			isa = PBXGroup;
			children = (
				1AC6FAE5180E9839004C840B /* cocos2d_libs.xcodeproj */,
				15AA9C4015B7EC450033D6C2 /* Classes */,
				29B97323FDCFA39411CA2CEA /* Frameworks */,
				080E96DDFE201D6D7F000001 /* ios */,
				503AE10617EB990700D1A890 /* mac */,
				19C28FACFE9D520D11CA2CBB /* Products */,
				78C7DDAA14EBA5050085D0C2 /* Resources */,
			);
			name = CustomTemplate;
			sourceTree = "<group>";
		};
		29B97323FDCFA39411CA2CEA /* Frameworks */ = {
			isa = PBXGroup;
			children = (
				D6B0611A1803AB670077942B /* CoreMotion.framework */,
				503AE11A17EB9C5A00D1A890 /* IOKit.framework */,
				503AE11117EB99EE00D1A890 /* libcurl.dylib */,
				5087E78A17EB975400C73F5D /* OpenGL.framework */,
				5087E78817EB974C00C73F5D /* AppKit.framework */,
				1ACB3243164770DE00914215 /* libcurl.a */,
				BF170DB412928DE900B8313A /* libz.dylib */,
				D44C620F132DFF4E0009C878 /* AudioToolbox.framework */,
				D44C620D132DFF430009C878 /* AVFoundation.framework */,
				288765A40DF7441C002DB57D /* CoreGraphics.framework */,
				1D30AB110D05D00D00671497 /* Foundation.framework */,
				D44C620B132DFF330009C878 /* OpenAL.framework */,
				BF170DB012928DE900B8313A /* OpenGLES.framework */,
				BF1C47EA1293683800B63C5D /* QuartzCore.framework */,
				1DF5F4DF0D08C38300B7A737 /* UIKit.framework */,
			);
			name = Frameworks;
			sourceTree = "<group>";
		};
		503AE0F517EB97AB00D1A890 /* Icons */ = {
			isa = PBXGroup;
			children = (
				503AE0F617EB97AB00D1A890 /* Icon.icns */,
				503AE0F717EB97AB00D1A890 /* Info.plist */,
			);
			name = Icons;
			path = mac;
			sourceTree = SOURCE_ROOT;
		};
		503AE10617EB990700D1A890 /* mac */ = {
			isa = PBXGroup;
			children = (
				503AE0F517EB97AB00D1A890 /* Icons */,
				503AE10317EB98FF00D1A890 /* main.cpp */,
				503AE10417EB98FF00D1A890 /* Prefix.pch */,
			);
			name = mac;
			sourceTree = "<group>";
		};
		5087E77117EB970100C73F5D /* Icons */ = {
			isa = PBXGroup;
			children = (
				5087E77217EB970100C73F5D /* Default-568h@2x.png */,
				5087E77317EB970100C73F5D /* Default.png */,
				5087E77417EB970100C73F5D /* Default@2x.png */,
				50EF62A017ECD613001EB2F8 /* Icon-29.png */,
				50EF62A117ECD613001EB2F8 /* Icon-50.png */,
				50EF629217ECD46A001EB2F8 /* Icon-40.png */,
				50EF629317ECD46A001EB2F8 /* Icon-58.png */,
				50EF629417ECD46A001EB2F8 /* Icon-80.png */,
				50EF629517ECD46A001EB2F8 /* Icon-100.png */,
				5087E77517EB970100C73F5D /* Icon-114.png */,
				5087E77617EB970100C73F5D /* Icon-120.png */,
				5087E77717EB970100C73F5D /* Icon-144.png */,
				5087E77817EB970100C73F5D /* Icon-152.png */,
				5087E77917EB970100C73F5D /* Icon-57.png */,
				5087E77A17EB970100C73F5D /* Icon-72.png */,
				5087E77B17EB970100C73F5D /* Icon-76.png */,
				5087E77C17EB970100C73F5D /* Info.plist */,
			);
			name = Icons;
			path = ios;
			sourceTree = SOURCE_ROOT;
		};
		727A4C721995FF25008EEB98 /* fonts */ = {
			isa = PBXGroup;
			children = (
				727A4C731995FF25008EEB98 /* Marker Felt.ttf */,
			);
			path = fonts;
			sourceTree = "<group>";
		};
		727A4D03199617F4008EEB98 /* Effect */ = {
			isa = PBXGroup;
			children = (
				727A4D04199617F4008EEB98 /* Effect.cpp */,
				727A4D05199617F4008EEB98 /* Effect.h */,
				727A4D06199617F4008EEB98 /* ParticleEffect */,
			);
			name = Effect;
			path = ../Classes/Effect;
			sourceTree = "<group>";
		};
		727A4D06199617F4008EEB98 /* ParticleEffect */ = {
			isa = PBXGroup;
			children = (
				727A4D07199617F4008EEB98 /* BurnOut.cpp */,
				727A4D08199617F4008EEB98 /* BurnOut.h */,
				727A4D09199617F4008EEB98 /* CircleFire.cpp */,
				727A4D0A199617F4008EEB98 /* CircleFire.h */,
				727A4D0B199617F4008EEB98 /* CircleLight.cpp */,
				727A4D0C199617F4008EEB98 /* CircleLight.h */,
				727A4D0D199617F4008EEB98 /* Ignite.cpp */,
				727A4D0E199617F4008EEB98 /* Ignite.h */,
				727A4D0F199617F4008EEB98 /* ParticleEffect.cpp */,
				727A4D10199617F4008EEB98 /* ParticleEffect.h */,
				727A4D11199617F4008EEB98 /* ParticleEffectClassLoader.h */,
			);
			path = ParticleEffect;
			sourceTree = "<group>";
		};
		727A4D12199617F4008EEB98 /* Manager */ = {
			isa = PBXGroup;
			children = (
				727A4D13199617F4008EEB98 /* BattleManager.cpp */,
				727A4D14199617F4008EEB98 /* BattleManager.h */,
				727A4D15199617F4008EEB98 /* ResourceManager.cpp */,
				727A4D16199617F4008EEB98 /* ResourceManager.h */,
				727A4D17199617F4008EEB98 /* RewardManager.cpp */,
				727A4D18199617F4008EEB98 /* RewardManager.h */,
			);
			name = Manager;
			path = ../Classes/Manager;
			sourceTree = "<group>";
		};
		727A4D19199617F4008EEB98 /* Sprite */ = {
			isa = PBXGroup;
			children = (
				727A4D1A199617F4008EEB98 /* Ally */,
				727A4D22199617F4008EEB98 /* Enemy */,
				727A4D38199617F4008EEB98 /* OperationPanel */,
				727A4D4C199617F4008EEB98 /* Player */,
			);
			name = Sprite;
			path = ../Classes/Sprite;
			sourceTree = "<group>";
		};
		727A4D1A199617F4008EEB98 /* Ally */ = {
			isa = PBXGroup;
			children = (
				727A4D1B199617F4008EEB98 /* Ally.cpp */,
				727A4D1C199617F4008EEB98 /* Ally.h */,
				727A4D1D199617F4008EEB98 /* AllyClassLoader.h */,
				727A4D1E199617F4008EEB98 /* Bomb.cpp */,
				727A4D1F199617F4008EEB98 /* Bomb.h */,
				727A4D20199617F4008EEB98 /* NormalBullet.cpp */,
				727A4D21199617F4008EEB98 /* NormalBullet.h */,
			);
			path = Ally;
			sourceTree = "<group>";
		};
		727A4D22199617F4008EEB98 /* Enemy */ = {
			isa = PBXGroup;
			children = (
				727A4D23199617F4008EEB98 /* Enemy.cpp */,
				727A4D24199617F4008EEB98 /* Enemy.h */,
				727A4D25199617F4008EEB98 /* Enemy01.cpp */,
				727A4D26199617F4008EEB98 /* Enemy01.h */,
				727A4D27199617F4008EEB98 /* Enemy02.cpp */,
				727A4D28199617F4008EEB98 /* Enemy02.h */,
				727A4D29199617F4008EEB98 /* Enemy03.cpp */,
				727A4D2A199617F4008EEB98 /* Enemy03.h */,
				727A4D2B199617F4008EEB98 /* Enemy04.cpp */,
				727A4D2C199617F4008EEB98 /* Enemy04.h */,
				727A4D2D199617F4008EEB98 /* Enemy05.cpp */,
				727A4D2E199617F4008EEB98 /* Enemy05.h */,
				727A4D2F199617F4008EEB98 /* Enemy06.cpp */,
				727A4D30199617F4008EEB98 /* Enemy06.h */,
				727A4D31199617F4008EEB98 /* Enemy08.cpp */,
				727A4D32199617F4008EEB98 /* Enemy08.h */,
				727A4D33199617F4008EEB98 /* EnemyClassLoader.h */,
				727A4D34199617F4008EEB98 /* EnemyNormalBullet.cpp */,
				727A4D35199617F4008EEB98 /* EnemyNormalBullet.h */,
				727A4D36199617F4008EEB98 /* Star.cpp */,
				727A4D37199617F4008EEB98 /* Star.h */,
			);
			path = Enemy;
			sourceTree = "<group>";
		};
		727A4D38199617F4008EEB98 /* OperationPanel */ = {
			isa = PBXGroup;
			children = (
				727A4D39199617F4008EEB98 /* ArrowLeft.cpp */,
				727A4D3A199617F4008EEB98 /* ArrowLeft.h */,
				727A4D3B199617F4008EEB98 /* ArrowRight.cpp */,
				727A4D3C199617F4008EEB98 /* ArrowRight.h */,
				727A4D3D199617F4008EEB98 /* ArrowTop.cpp */,
				727A4D3E199617F4008EEB98 /* ArrowTop.h */,
				727A4D3F199617F4008EEB98 /* ArrowUnder.cpp */,
				727A4D40199617F4008EEB98 /* ArrowUnder.h */,
				727A4D41199617F4008EEB98 /* LifeLeft.cpp */,
				727A4D42199617F4008EEB98 /* LifeLeft.h */,
				727A4D43199617F4008EEB98 /* LifeRight.cpp */,
				727A4D44199617F4008EEB98 /* LifeRight.h */,
				727A4D45199617F4008EEB98 /* NormalAttack.cpp */,
				727A4D46199617F4008EEB98 /* NormalAttack.h */,
				727A4D47199617F4008EEB98 /* OperationPanel.cpp */,
				727A4D48199617F4008EEB98 /* OperationPanel.h */,
				727A4D49199617F4008EEB98 /* OperationPanelClassLoader.h */,
				727A4D4A199617F4008EEB98 /* SpecialAttack.cpp */,
				727A4D4B199617F4008EEB98 /* SpecialAttack.h */,
			);
			path = OperationPanel;
			sourceTree = "<group>";
		};
		727A4D4C199617F4008EEB98 /* Player */ = {
			isa = PBXGroup;
			children = (
				727A4D4D199617F4008EEB98 /* Player.cpp */,
				727A4D4E199617F4008EEB98 /* Player.h */,
				727A4D4F199617F4008EEB98 /* PlayerClassLoader.h */,
				727A4D50199617F4008EEB98 /* WarShip.cpp */,
				727A4D51199617F4008EEB98 /* WarShip.h */,
			);
			path = Player;
			sourceTree = "<group>";
		};
		78C7DDAA14EBA5050085D0C2 /* Resources */ = {
			isa = PBXGroup;
			children = (
				727A4C631995FF25008EEB98 /* bg1.png */,
				727A4C641995FF25008EEB98 /* bg2.png */,
				727A4C651995FF25008EEB98 /* bg3.png */,
				727A4C661995FF25008EEB98 /* bomb.png */,
				727A4C671995FF25008EEB98 /* bullet.png */,
				727A4C681995FF25008EEB98 /* burn_out.plist */,
				727A4C691995FF25008EEB98 /* circle_fire.plist */,
				727A4C6A1995FF25008EEB98 /* circle_light.plist */,
				727A4C6B1995FF25008EEB98 /* CloseNormal.png */,
				727A4C6C1995FF25008EEB98 /* CloseSelected.png */,
				727A4C6D1995FF25008EEB98 /* enemy01.png */,
				727A4C6E1995FF25008EEB98 /* enemy02.png */,
				727A4C6F1995FF25008EEB98 /* enemy03.png */,
				727A4C701995FF25008EEB98 /* enemy04.png */,
				727A4C711995FF25008EEB98 /* enemy06.png */,
				727A4C721995FF25008EEB98 /* fonts */,
				727A4C741995FF25008EEB98 /* friend01.png */,
				727A4C751995FF25008EEB98 /* heart.png */,
				727A4C761995FF25008EEB98 /* HelloWorld.png */,
				727A4C771995FF25008EEB98 /* left.png */,
				727A4C781995FF25008EEB98 /* life_left.png */,
				727A4C791995FF25008EEB98 /* life_right.png */,
				727A4C7A1995FF25008EEB98 /* life.png */,
				727A4C7B1995FF25008EEB98 /* lizi.plist */,
				727A4C7C1995FF25008EEB98 /* right.png */,
				727A4C7D1995FF25008EEB98 /* star.png */,
				727A4C7E1995FF25008EEB98 /* top.png */,
				727A4C7F1995FF25008EEB98 /* under.png */,
				727A4C801995FF25008EEB98 /* war_ship.png */,
				727A4C811995FF25008EEB98 /* weapon_a.png */,
				727A4C821995FF25008EEB98 /* weapon_b.png */,
				727A4C831995FF25008EEB98 /* whiteFont.fnt */,
				727A4C841995FF25008EEB98 /* whiteFont.png */,
				1AFAF8B916D35E4900DB1158 /* CloseNormal.png */,
				727A4CAC199603EC008EEB98 /* CloseNormal.png */,
				727A4CAD199603EC008EEB98 /* CloseSelected.png */,
				1AFAF8BA16D35E4900DB1158 /* CloseSelected.png */,
				1AFAF8BB16D35E4900DB1158 /* HelloWorld.png */,
			);
			name = Resources;
			path = ../Resources;
			sourceTree = "<group>";
		};
/* End PBXGroup section */

/* Begin PBXNativeTarget section */
		1D6058900D05DD3D006BFB54 /* HelloWorldApp.temp_caseinsensitive_rename iOS */ = {
			isa = PBXNativeTarget;
			buildConfigurationList = 1D6058960D05DD3E006BFB54 /* Build configuration list for PBXNativeTarget "HelloWorldApp.temp_caseinsensitive_rename iOS" */;
			buildPhases = (
				1D60588D0D05DD3D006BFB54 /* Resources */,
				1D60588E0D05DD3D006BFB54 /* Sources */,
				1D60588F0D05DD3D006BFB54 /* Frameworks */,
			);
			buildRules = (
			);
			dependencies = (
				1AC6FB25180E99E1004C840B /* PBXTargetDependency */,
				1AC6FB27180E99E1004C840B /* PBXTargetDependency */,
				1AC6FB29180E99E1004C840B /* PBXTargetDependency */,
				1AC6FB2B180E99E1004C840B /* PBXTargetDependency */,
				1AC6FB2D180E99E1004C840B /* PBXTargetDependency */,
			);
			name = "HelloWorldApp.temp_caseinsensitive_rename iOS";
			productName = iphone;
			productReference = 1D6058910D05DD3D006BFB54 /* HelloWorldApp.temp_caseinsensitive_rename iOS.app */;
			productType = "com.apple.product-type.application";
		};
		5087E73D17EB910900C73F5D /* HelloWorldApp.temp_caseinsensitive_rename Mac */ = {
			isa = PBXNativeTarget;
			buildConfigurationList = 5087E76C17EB910900C73F5D /* Build configuration list for PBXNativeTarget "HelloWorldApp.temp_caseinsensitive_rename Mac" */;
			buildPhases = (
				5087E74817EB910900C73F5D /* Resources */,
				5087E75617EB910900C73F5D /* Sources */,
				5087E75C17EB910900C73F5D /* Frameworks */,
			);
			buildRules = (
			);
			dependencies = (
				1AC6FB1E180E9963004C840B /* PBXTargetDependency */,
				1AC6FB16180E9959004C840B /* PBXTargetDependency */,
				1AC6FB18180E9959004C840B /* PBXTargetDependency */,
				1AC6FB1A180E9959004C840B /* PBXTargetDependency */,
				1AC6FB1C180E9959004C840B /* PBXTargetDependency */,
			);
			name = "HelloWorldApp.temp_caseinsensitive_rename Mac";
			productName = iphone;
			productReference = 5087E76F17EB910900C73F5D /* HelloWorldApp.temp_caseinsensitive_rename Mac.app */;
			productType = "com.apple.product-type.application";
		};
/* End PBXNativeTarget section */

/* Begin PBXProject section */
		29B97313FDCFA39411CA2CEA /* Project object */ = {
			isa = PBXProject;
			attributes = {
				LastUpgradeCheck = 0500;
				TargetAttributes = {
					1D6058900D05DD3D006BFB54 = {
						DevelopmentTeam = C2AGCLBW3A;
					};
				};
			};
			buildConfigurationList = C01FCF4E08A954540054247B /* Build configuration list for PBXProject "HelloWorldApp" */;
			compatibilityVersion = "Xcode 3.2";
			developmentRegion = English;
			hasScannedForEncodings = 1;
			knownRegions = (
				English,
				Japanese,
				French,
				German,
			);
			mainGroup = 29B97314FDCFA39411CA2CEA /* CustomTemplate */;
			projectDirPath = "";
			projectReferences = (
				{
					ProductGroup = 1AC6FAE6180E9839004C840B /* Products */;
					ProjectRef = 1AC6FAE5180E9839004C840B /* cocos2d_libs.xcodeproj */;
				},
			);
			projectRoot = "";
			targets = (
				1D6058900D05DD3D006BFB54 /* HelloWorldApp.temp_caseinsensitive_rename iOS */,
				5087E73D17EB910900C73F5D /* HelloWorldApp.temp_caseinsensitive_rename Mac */,
			);
		};
/* End PBXProject section */

/* Begin PBXReferenceProxy section */
		1AC6FAF9180E9839004C840B /* libcocos2dx Mac.a */ = {
			isa = PBXReferenceProxy;
			fileType = archive.ar;
			path = "libcocos2dx Mac.a";
			remoteRef = 1AC6FAF8180E9839004C840B /* PBXContainerItemProxy */;
			sourceTree = BUILT_PRODUCTS_DIR;
		};
		1AC6FAFB180E9839004C840B /* libcocos2dx-extensions Mac.a */ = {
			isa = PBXReferenceProxy;
			fileType = archive.ar;
			path = "libcocos2dx-extensions Mac.a";
			remoteRef = 1AC6FAFA180E9839004C840B /* PBXContainerItemProxy */;
			sourceTree = BUILT_PRODUCTS_DIR;
		};
		1AC6FAFD180E9839004C840B /* libchipmunk Mac.a */ = {
			isa = PBXReferenceProxy;
			fileType = archive.ar;
			path = "libchipmunk Mac.a";
			remoteRef = 1AC6FAFC180E9839004C840B /* PBXContainerItemProxy */;
			sourceTree = BUILT_PRODUCTS_DIR;
		};
		1AC6FAFF180E9839004C840B /* libbox2d Mac.a */ = {
			isa = PBXReferenceProxy;
			fileType = archive.ar;
			path = "libbox2d Mac.a";
			remoteRef = 1AC6FAFE180E9839004C840B /* PBXContainerItemProxy */;
			sourceTree = BUILT_PRODUCTS_DIR;
		};
		1AC6FB01180E9839004C840B /* libCocosDenshion Mac.a */ = {
			isa = PBXReferenceProxy;
			fileType = archive.ar;
			path = "libCocosDenshion Mac.a";
			remoteRef = 1AC6FB00180E9839004C840B /* PBXContainerItemProxy */;
			sourceTree = BUILT_PRODUCTS_DIR;
		};
		1AC6FB07180E9839004C840B /* libcocos2dx iOS.a */ = {
			isa = PBXReferenceProxy;
			fileType = archive.ar;
			path = "libcocos2dx iOS.a";
			remoteRef = 1AC6FB06180E9839004C840B /* PBXContainerItemProxy */;
			sourceTree = BUILT_PRODUCTS_DIR;
		};
		1AC6FB09180E9839004C840B /* libcocos2dx-extensions iOS.a */ = {
			isa = PBXReferenceProxy;
			fileType = archive.ar;
			path = "libcocos2dx-extensions iOS.a";
			remoteRef = 1AC6FB08180E9839004C840B /* PBXContainerItemProxy */;
			sourceTree = BUILT_PRODUCTS_DIR;
		};
		1AC6FB0B180E9839004C840B /* libchipmunk iOS.a */ = {
			isa = PBXReferenceProxy;
			fileType = archive.ar;
			path = "libchipmunk iOS.a";
			remoteRef = 1AC6FB0A180E9839004C840B /* PBXContainerItemProxy */;
			sourceTree = BUILT_PRODUCTS_DIR;
		};
		1AC6FB0D180E9839004C840B /* libbox2d iOS.a */ = {
			isa = PBXReferenceProxy;
			fileType = archive.ar;
			path = "libbox2d iOS.a";
			remoteRef = 1AC6FB0C180E9839004C840B /* PBXContainerItemProxy */;
			sourceTree = BUILT_PRODUCTS_DIR;
		};
		1AC6FB0F180E9839004C840B /* libCocosDenshion iOS.a */ = {
			isa = PBXReferenceProxy;
			fileType = archive.ar;
			path = "libCocosDenshion iOS.a";
			remoteRef = 1AC6FB0E180E9839004C840B /* PBXContainerItemProxy */;
			sourceTree = BUILT_PRODUCTS_DIR;
		};
/* End PBXReferenceProxy section */

/* Begin PBXResourcesBuildPhase section */
		1D60588D0D05DD3D006BFB54 /* Resources */ = {
			isa = PBXResourcesBuildPhase;
			buildActionMask = 2147483647;
			files = (
				727A4C8C1995FF25008EEB98 /* circle_light.plist in Resources */,
				727A4C971995FF25008EEB98 /* HelloWorld.png in Resources */,
				727A4C9D1995FF25008EEB98 /* right.png in Resources */,
				727A4CA21995FF25008EEB98 /* weapon_a.png in Resources */,
				5087E78117EB970100C73F5D /* Icon-120.png in Resources */,
				727A4C9C1995FF25008EEB98 /* lizi.plist in Resources */,
				727A4C8E1995FF25008EEB98 /* CloseSelected.png in Resources */,
				5087E78617EB970100C73F5D /* Icon-76.png in Resources */,
				5087E77F17EB970100C73F5D /* Default@2x.png in Resources */,
				727A4C8F1995FF25008EEB98 /* enemy01.png in Resources */,
				727A4CAE199603EC008EEB98 /* CloseNormal.png in Resources */,
				727A4CA41995FF25008EEB98 /* whiteFont.fnt in Resources */,
				727A4C861995FF25008EEB98 /* bg2.png in Resources */,
				727A4CA51995FF25008EEB98 /* whiteFont.png in Resources */,
				50EF629917ECD46A001EB2F8 /* Icon-100.png in Resources */,
				727A4C9E1995FF25008EEB98 /* star.png in Resources */,
				727A4C961995FF25008EEB98 /* heart.png in Resources */,
				727A4C9F1995FF25008EEB98 /* top.png in Resources */,
				727A4C991995FF25008EEB98 /* life_left.png in Resources */,
				727A4C851995FF25008EEB98 /* bg1.png in Resources */,
				727A4C941995FF25008EEB98 /* Marker Felt.ttf in Resources */,
				1AFAF8BC16D35E4900DB1158 /* CloseNormal.png in Resources */,
				5087E78317EB970100C73F5D /* Icon-152.png in Resources */,
				727A4CB0199603EC008EEB98 /* CloseSelected.png in Resources */,
				727A4C871995FF25008EEB98 /* bg3.png in Resources */,
				727A4CA01995FF25008EEB98 /* under.png in Resources */,
				5087E77D17EB970100C73F5D /* Default-568h@2x.png in Resources */,
				5087E78517EB970100C73F5D /* Icon-72.png in Resources */,
				1AFAF8BD16D35E4900DB1158 /* CloseSelected.png in Resources */,
				727A4C8B1995FF25008EEB98 /* circle_fire.plist in Resources */,
				50EF62A317ECD613001EB2F8 /* Icon-50.png in Resources */,
				727A4C891995FF25008EEB98 /* bullet.png in Resources */,
				727A4C881995FF25008EEB98 /* bomb.png in Resources */,
				727A4C9B1995FF25008EEB98 /* life.png in Resources */,
				727A4C951995FF25008EEB98 /* friend01.png in Resources */,
				727A4C8D1995FF25008EEB98 /* CloseNormal.png in Resources */,
				727A4C931995FF25008EEB98 /* enemy06.png in Resources */,
				727A4C921995FF25008EEB98 /* enemy04.png in Resources */,
				5087E78017EB970100C73F5D /* Icon-114.png in Resources */,
				1AFAF8BE16D35E4900DB1158 /* HelloWorld.png in Resources */,
				50EF62A217ECD613001EB2F8 /* Icon-29.png in Resources */,
				727A4C901995FF25008EEB98 /* enemy02.png in Resources */,
				50EF629617ECD46A001EB2F8 /* Icon-40.png in Resources */,
				5087E78217EB970100C73F5D /* Icon-144.png in Resources */,
				727A4CA31995FF25008EEB98 /* weapon_b.png in Resources */,
				727A4C9A1995FF25008EEB98 /* life_right.png in Resources */,
				727A4C981995FF25008EEB98 /* left.png in Resources */,
				727A4C8A1995FF25008EEB98 /* burn_out.plist in Resources */,
				50EF629817ECD46A001EB2F8 /* Icon-80.png in Resources */,
				5087E78417EB970100C73F5D /* Icon-57.png in Resources */,
				727A4CA11995FF25008EEB98 /* war_ship.png in Resources */,
				5087E77E17EB970100C73F5D /* Default.png in Resources */,
				50EF629717ECD46A001EB2F8 /* Icon-58.png in Resources */,
				727A4C911995FF25008EEB98 /* enemy03.png in Resources */,
			);
			runOnlyForDeploymentPostprocessing = 0;
		};
		5087E74817EB910900C73F5D /* Resources */ = {
			isa = PBXResourcesBuildPhase;
			buildActionMask = 2147483647;
			files = (
				5087E75317EB910900C73F5D /* CloseNormal.png in Resources */,
				503AE0F817EB97AB00D1A890 /* Icon.icns in Resources */,
				727A4CAF199603EC008EEB98 /* CloseNormal.png in Resources */,
				5087E75417EB910900C73F5D /* CloseSelected.png in Resources */,
				5087E75517EB910900C73F5D /* HelloWorld.png in Resources */,
				727A4CB1199603EC008EEB98 /* CloseSelected.png in Resources */,
			);
			runOnlyForDeploymentPostprocessing = 0;
		};
/* End PBXResourcesBuildPhase section */

/* Begin PBXSourcesBuildPhase section */
		1D60588E0D05DD3D006BFB54 /* Sources */ = {
			isa = PBXSourcesBuildPhase;
			buildActionMask = 2147483647;
			files = (
				727A4D9619961854008EEB98 /* Player.h in Sources */,
				727A4D9719961854008EEB98 /* PlayerClassLoader.h in Sources */,
				727A4D9819961854008EEB98 /* WarShip.h in Sources */,
				727A4D8C19961850008EEB98 /* ArrowLeft.h in Sources */,
				727A4D8D19961850008EEB98 /* ArrowRight.h in Sources */,
				727A4D8E19961850008EEB98 /* ArrowTop.h in Sources */,
				727A4D8F19961850008EEB98 /* ArrowUnder.h in Sources */,
				727A4D9019961850008EEB98 /* LifeLeft.h in Sources */,
				727A4D9119961850008EEB98 /* LifeRight.h in Sources */,
				727A4D9219961850008EEB98 /* NormalAttack.h in Sources */,
				727A4D9319961850008EEB98 /* OperationPanel.h in Sources */,
				727A4D9419961850008EEB98 /* OperationPanelClassLoader.h in Sources */,
				727A4D9519961850008EEB98 /* SpecialAttack.h in Sources */,
				727A4D811996184B008EEB98 /* Enemy.h in Sources */,
				727A4D821996184B008EEB98 /* Enemy01.h in Sources */,
				727A4D831996184B008EEB98 /* Enemy02.h in Sources */,
				727A4D841996184B008EEB98 /* Enemy03.h in Sources */,
				727A4D851996184B008EEB98 /* Enemy04.h in Sources */,
				727A4D861996184B008EEB98 /* Enemy05.h in Sources */,
				727A4D871996184B008EEB98 /* Enemy06.h in Sources */,
				727A4D881996184B008EEB98 /* Enemy08.h in Sources */,
				727A4D891996184B008EEB98 /* EnemyClassLoader.h in Sources */,
				727A4D8A1996184B008EEB98 /* EnemyNormalBullet.h in Sources */,
				727A4D8B1996184B008EEB98 /* Star.h in Sources */,
				727A4D7D19961846008EEB98 /* Ally.h in Sources */,
				727A4D7E19961846008EEB98 /* AllyClassLoader.h in Sources */,
				727A4D7F19961846008EEB98 /* Bomb.h in Sources */,
				727A4D8019961846008EEB98 /* NormalBullet.h in Sources */,
				727A4D7A19961841008EEB98 /* BattleManager.h in Sources */,
				727A4D7B19961841008EEB98 /* ResourceManager.h in Sources */,
				727A4D7C19961841008EEB98 /* RewardManager.h in Sources */,
				727A4D791996183C008EEB98 /* Effect.h in Sources */,
				727A4D7319961837008EEB98 /* BurnOut.h in Sources */,
				727A4D7419961837008EEB98 /* CircleFire.h in Sources */,
				727A4D7519961837008EEB98 /* CircleLight.h in Sources */,
				727A4D7619961837008EEB98 /* Ignite.h in Sources */,
				727A4D7719961837008EEB98 /* ParticleEffect.h in Sources */,
				727A4D7819961837008EEB98 /* ParticleEffectClassLoader.h in Sources */,
				727A4D5D199617F4008EEB98 /* NormalBullet.cpp in Sources */,
				727A4D5C199617F4008EEB98 /* Bomb.cpp in Sources */,
				727A4D58199617F4008EEB98 /* BattleManager.cpp in Sources */,
				727A4D54199617F4008EEB98 /* CircleFire.cpp in Sources */,
				727A4D6F199617F4008EEB98 /* OperationPanel.cpp in Sources */,
				727A4CEB19961587008EEB98 /* AppDelegate.h in Sources */,
				727A4D62199617F4008EEB98 /* Enemy04.cpp in Sources */,
				727A4CEC19961587008EEB98 /* GameScene.h in Sources */,
				727A4D71199617F4008EEB98 /* Player.cpp in Sources */,
				727A4CED19961587008EEB98 /* Config.h in Sources */,
				727A4D65199617F4008EEB98 /* Enemy08.cpp in Sources */,
				727A4D66199617F4008EEB98 /* EnemyNormalBullet.cpp in Sources */,
				727A4D6E199617F4008EEB98 /* NormalAttack.cpp in Sources */,
				727A4D72199617F4008EEB98 /* WarShip.cpp in Sources */,
				727A4D57199617F4008EEB98 /* ParticleEffect.cpp in Sources */,
				727A4CEE19961587008EEB98 /* HelloWorldScene.h in Sources */,
				727A4D6C199617F4008EEB98 /* LifeLeft.cpp in Sources */,
				727A4D61199617F4008EEB98 /* Enemy03.cpp in Sources */,
				727A4D70199617F4008EEB98 /* SpecialAttack.cpp in Sources */,
				727A4D63199617F4008EEB98 /* Enemy05.cpp in Sources */,
				727A4D52199617F4008EEB98 /* Effect.cpp in Sources */,
				727A4D6D199617F4008EEB98 /* LifeRight.cpp in Sources */,
				727A4CEF19961587008EEB98 /* HelloWorldScene.cpp in Sources */,
				727A4D5F199617F4008EEB98 /* Enemy01.cpp in Sources */,
				727A4D6A199617F4008EEB98 /* ArrowTop.cpp in Sources */,
				727A4D64199617F4008EEB98 /* Enemy06.cpp in Sources */,
				727A4D68199617F4008EEB98 /* ArrowLeft.cpp in Sources */,
				727A4D56199617F4008EEB98 /* Ignite.cpp in Sources */,
				727A4D67199617F4008EEB98 /* Star.cpp in Sources */,
				503AE10017EB989F00D1A890 /* AppController.mm in Sources */,
				503AE10217EB989F00D1A890 /* RootViewController.mm in Sources */,
				1AFAF8B716D35DE700DB1158 /* AppDelegate.cpp in Sources */,
				727A4D69199617F4008EEB98 /* ArrowRight.cpp in Sources */,
				727A4D55199617F4008EEB98 /* CircleLight.cpp in Sources */,
				727A4D5E199617F4008EEB98 /* Enemy.cpp in Sources */,
				503AE10117EB989F00D1A890 /* main.m in Sources */,
				727A4CA91995FFB0008EEB98 /* GameScene.cpp in Sources */,
				727A4D5A199617F4008EEB98 /* RewardManager.cpp in Sources */,
				727A4D53199617F4008EEB98 /* BurnOut.cpp in Sources */,
				727A4D6B199617F4008EEB98 /* ArrowUnder.cpp in Sources */,
				727A4D59199617F4008EEB98 /* ResourceManager.cpp in Sources */,
				727A4D5B199617F4008EEB98 /* Ally.cpp in Sources */,
				727A4D60199617F4008EEB98 /* Enemy02.cpp in Sources */,
			);
			runOnlyForDeploymentPostprocessing = 0;
		};
		5087E75617EB910900C73F5D /* Sources */ = {
			isa = PBXSourcesBuildPhase;
			buildActionMask = 2147483647;
			files = (
				5087E75717EB910900C73F5D /* AppDelegate.cpp in Sources */,
				727A4CAA1995FFB0008EEB98 /* GameScene.cpp in Sources */,
				727A4CB5199606DF008EEB98 /* HelloWorldScene.cpp in Sources */,
				503AE10517EB98FF00D1A890 /* main.cpp in Sources */,
			);
			runOnlyForDeploymentPostprocessing = 0;
		};
/* End PBXSourcesBuildPhase section */

/* Begin PBXTargetDependency section */
		1AC6FB16180E9959004C840B /* PBXTargetDependency */ = {
			isa = PBXTargetDependency;
			name = "cocos2dx Mac";
			targetProxy = 1AC6FB15180E9959004C840B /* PBXContainerItemProxy */;
		};
		1AC6FB18180E9959004C840B /* PBXTargetDependency */ = {
			isa = PBXTargetDependency;
			name = "cocos2dx-extensions Mac";
			targetProxy = 1AC6FB17180E9959004C840B /* PBXContainerItemProxy */;
		};
		1AC6FB1A180E9959004C840B /* PBXTargetDependency */ = {
			isa = PBXTargetDependency;
			name = "chipmunk Mac";
			targetProxy = 1AC6FB19180E9959004C840B /* PBXContainerItemProxy */;
		};
		1AC6FB1C180E9959004C840B /* PBXTargetDependency */ = {
			isa = PBXTargetDependency;
			name = "CocosDenshion Mac";
			targetProxy = 1AC6FB1B180E9959004C840B /* PBXContainerItemProxy */;
		};
		1AC6FB1E180E9963004C840B /* PBXTargetDependency */ = {
			isa = PBXTargetDependency;
			name = "box2d Mac";
			targetProxy = 1AC6FB1D180E9963004C840B /* PBXContainerItemProxy */;
		};
		1AC6FB25180E99E1004C840B /* PBXTargetDependency */ = {
			isa = PBXTargetDependency;
			name = "cocos2dx iOS";
			targetProxy = 1AC6FB24180E99E1004C840B /* PBXContainerItemProxy */;
		};
		1AC6FB27180E99E1004C840B /* PBXTargetDependency */ = {
			isa = PBXTargetDependency;
			name = "cocos2dx-extensions iOS";
			targetProxy = 1AC6FB26180E99E1004C840B /* PBXContainerItemProxy */;
		};
		1AC6FB29180E99E1004C840B /* PBXTargetDependency */ = {
			isa = PBXTargetDependency;
			name = "chipmunk iOS";
			targetProxy = 1AC6FB28180E99E1004C840B /* PBXContainerItemProxy */;
		};
		1AC6FB2B180E99E1004C840B /* PBXTargetDependency */ = {
			isa = PBXTargetDependency;
			name = "box2d iOS";
			targetProxy = 1AC6FB2A180E99E1004C840B /* PBXContainerItemProxy */;
		};
		1AC6FB2D180E99E1004C840B /* PBXTargetDependency */ = {
			isa = PBXTargetDependency;
			name = "CocosDenshion iOS";
			targetProxy = 1AC6FB2C180E99E1004C840B /* PBXContainerItemProxy */;
		};
/* End PBXTargetDependency section */

/* Begin XCBuildConfiguration section */
		1D6058940D05DD3E006BFB54 /* Debug */ = {
			isa = XCBuildConfiguration;
			buildSettings = {
				ALWAYS_SEARCH_USER_PATHS = YES;
				CODE_SIGN_IDENTITY = "iPhone Developer";
				"CODE_SIGN_IDENTITY[sdk=iphoneos*]" = "iPhone Developer";
				COMPRESS_PNG_FILES = NO;
				GCC_DYNAMIC_NO_PIC = NO;
				GCC_INLINES_ARE_PRIVATE_EXTERN = NO;
				GCC_PRECOMPILE_PREFIX_HEADER = YES;
				GCC_PREFIX_HEADER = ios/Prefix.pch;
				GCC_PREPROCESSOR_DEFINITIONS = (
					USE_FILE32API,
					CC_TARGET_OS_IPHONE,
					"COCOS2D_DEBUG=1",
					"CC_ENABLE_CHIPMUNK_INTEGRATION=1",
				);
				GCC_SYMBOLS_PRIVATE_EXTERN = NO;
				HEADER_SEARCH_PATHS = (
					"$(inherited)",
					"$(SRCROOT)/../cocos2d/cocos/platform/ios",
					"$(SRCROOT)/../cocos2d/cocos/platform/ios/Simulation",
				);
				INFOPLIST_FILE = ios/Info.plist;
				IPHONEOS_DEPLOYMENT_TARGET = 5.0;
				LIBRARY_SEARCH_PATHS = "";
				PRODUCT_NAME = "HelloWorldApp.temp_caseinsensitive_rename iOS";
				PROVISIONING_PROFILE = "";
				SDKROOT = iphoneos;
				TARGETED_DEVICE_FAMILY = "1,2";
				USER_HEADER_SEARCH_PATHS = "";
			};
			name = Debug;
		};
		1D6058950D05DD3E006BFB54 /* Release */ = {
			isa = XCBuildConfiguration;
			buildSettings = {
				ALWAYS_SEARCH_USER_PATHS = YES;
				CODE_SIGN_IDENTITY = "iPhone Developer";
				"CODE_SIGN_IDENTITY[sdk=iphoneos*]" = "iPhone Developer";
				COMPRESS_PNG_FILES = NO;
				GCC_INLINES_ARE_PRIVATE_EXTERN = NO;
				GCC_PRECOMPILE_PREFIX_HEADER = YES;
				GCC_PREFIX_HEADER = ios/Prefix.pch;
				GCC_PREPROCESSOR_DEFINITIONS = (
					USE_FILE32API,
					CC_TARGET_OS_IPHONE,
					"CC_ENABLE_CHIPMUNK_INTEGRATION=1",
				);
				GCC_SYMBOLS_PRIVATE_EXTERN = NO;
				HEADER_SEARCH_PATHS = (
					"$(inherited)",
					"$(SRCROOT)/../cocos2d/cocos/platform/ios",
					"$(SRCROOT)/../cocos2d/cocos/platform/ios/Simulation",
				);
				INFOPLIST_FILE = ios/Info.plist;
				IPHONEOS_DEPLOYMENT_TARGET = 5.0;
				LIBRARY_SEARCH_PATHS = "";
				PRODUCT_NAME = "HelloWorldApp.temp_caseinsensitive_rename iOS";
				PROVISIONING_PROFILE = "";
				SDKROOT = iphoneos;
				TARGETED_DEVICE_FAMILY = "1,2";
				USER_HEADER_SEARCH_PATHS = "";
			};
			name = Release;
		};
		5087E76D17EB910900C73F5D /* Debug */ = {
			isa = XCBuildConfiguration;
			buildSettings = {
				ALWAYS_SEARCH_USER_PATHS = YES;
				ARCHS = "$(ARCHS_STANDARD_64_BIT)";
				CLANG_CXX_LANGUAGE_STANDARD = "c++0x";
				CLANG_CXX_LIBRARY = "libc++";
				GCC_DYNAMIC_NO_PIC = NO;
				GCC_INLINES_ARE_PRIVATE_EXTERN = NO;
				GCC_PRECOMPILE_PREFIX_HEADER = YES;
				GCC_PREFIX_HEADER = mac/Prefix.pch;
				GCC_PREPROCESSOR_DEFINITIONS = (
					USE_FILE32API,
					CC_TARGET_OS_MAC,
					"COCOS2D_DEBUG=1",
					"CC_ENABLE_CHIPMUNK_INTEGRATION=1",
				);
				GCC_SYMBOLS_PRIVATE_EXTERN = NO;
				HEADER_SEARCH_PATHS = (
					"$(inherited)",
					"$(SRCROOT)/../cocos2d/cocos/platform/mac",
					"$(SRCROOT)/../cocos2d/external/glfw3/include/mac",
				);
				INFOPLIST_FILE = mac/Info.plist;
				LIBRARY_SEARCH_PATHS = "";
				PRODUCT_NAME = "HelloWorldApp.temp_caseinsensitive_rename Mac";
				USER_HEADER_SEARCH_PATHS = "";
			};
			name = Debug;
		};
		5087E76E17EB910900C73F5D /* Release */ = {
			isa = XCBuildConfiguration;
			buildSettings = {
				ALWAYS_SEARCH_USER_PATHS = YES;
				ARCHS = "$(ARCHS_STANDARD_64_BIT)";
				CLANG_CXX_LANGUAGE_STANDARD = "c++0x";
				CLANG_CXX_LIBRARY = "libc++";
				GCC_INLINES_ARE_PRIVATE_EXTERN = NO;
				GCC_PRECOMPILE_PREFIX_HEADER = YES;
				GCC_PREFIX_HEADER = mac/Prefix.pch;
				GCC_PREPROCESSOR_DEFINITIONS = (
					USE_FILE32API,
					CC_TARGET_OS_MAC,
					"CC_ENABLE_CHIPMUNK_INTEGRATION=1",
				);
				GCC_SYMBOLS_PRIVATE_EXTERN = NO;
				HEADER_SEARCH_PATHS = (
					"$(inherited)",
					"$(SRCROOT)/../cocos2d/cocos/platform/mac",
					"$(SRCROOT)/../cocos2d/external/glfw3/include/mac",
				);
				INFOPLIST_FILE = mac/Info.plist;
				LIBRARY_SEARCH_PATHS = "";
				PRODUCT_NAME = "HelloWorldApp.temp_caseinsensitive_rename Mac";
				USER_HEADER_SEARCH_PATHS = "";
			};
			name = Release;
		};
		C01FCF4F08A954540054247B /* Debug */ = {
			isa = XCBuildConfiguration;
			buildSettings = {
				CLANG_CXX_LANGUAGE_STANDARD = "c++0x";
				CLANG_CXX_LIBRARY = "libc++";
				COPY_PHASE_STRIP = NO;
				GCC_OPTIMIZATION_LEVEL = 0;
				GCC_WARN_ABOUT_RETURN_TYPE = YES;
				GCC_WARN_UNUSED_VARIABLE = YES;
				HEADER_SEARCH_PATHS = (
					"$(SRCROOT)/../cocos2d",
					"$(SRCROOT)/../cocos2d/cocos",
					"$(SRCROOT)/../cocos2d/cocos/base",
					"$(SRCROOT)/../cocos2d/cocos/physics",
					"$(SRCROOT)/../cocos2d/cocos/math",
					"$(SRCROOT)/../cocos2d/cocos/2d",
					"$(SRCROOT)/../cocos2d/cocos/ui",
					"$(SRCROOT)/../cocos2d/cocos/network",
					"$(SRCROOT)/../cocos2d/cocos/audio/include",
					"$(SRCROOT)/../cocos2d/cocos/editor-support",
					"$(SRCROOT)/../cocos2d/extensions",
					"$(SRCROOT)/../cocos2d/external",
					"$(SRCROOT)/../cocos2d/external/chipmunk/include/chipmunk",
				);
				ONLY_ACTIVE_ARCH = YES;
				PRODUCT_NAME = "$(TARGET_NAME)";
				SDKROOT = macosx;
			};
			name = Debug;
		};
		C01FCF5008A954540054247B /* Release */ = {
			isa = XCBuildConfiguration;
			buildSettings = {
				CLANG_CXX_LANGUAGE_STANDARD = "c++0x";
				CLANG_CXX_LIBRARY = "libc++";
				GCC_WARN_ABOUT_RETURN_TYPE = YES;
				GCC_WARN_UNUSED_VARIABLE = YES;
				HEADER_SEARCH_PATHS = (
					"$(SRCROOT)/../cocos2d",
					"$(SRCROOT)/../cocos2d/cocos",
					"$(SRCROOT)/../cocos2d/cocos/base",
					"$(SRCROOT)/../cocos2d/cocos/physics",
					"$(SRCROOT)/../cocos2d/cocos/math",
					"$(SRCROOT)/../cocos2d/cocos/2d",
					"$(SRCROOT)/../cocos2d/cocos/ui",
					"$(SRCROOT)/../cocos2d/cocos/network",
					"$(SRCROOT)/../cocos2d/cocos/audio/include",
					"$(SRCROOT)/../cocos2d/cocos/editor-support",
					"$(SRCROOT)/../cocos2d/extensions",
					"$(SRCROOT)/../cocos2d/external",
					"$(SRCROOT)/../cocos2d/external/chipmunk/include/chipmunk",
				);
				OTHER_CFLAGS = "-DNS_BLOCK_ASSERTIONS=1";
				PRODUCT_NAME = "$(TARGET_NAME)";
				SDKROOT = macosx;
				VALIDATE_PRODUCT = YES;
			};
			name = Release;
		};
/* End XCBuildConfiguration section */

/* Begin XCConfigurationList section */
		1D6058960D05DD3E006BFB54 /* Build configuration list for PBXNativeTarget "HelloWorldApp.temp_caseinsensitive_rename iOS" */ = {
			isa = XCConfigurationList;
			buildConfigurations = (
				1D6058940D05DD3E006BFB54 /* Debug */,
				1D6058950D05DD3E006BFB54 /* Release */,
			);
			defaultConfigurationIsVisible = 0;
			defaultConfigurationName = Debug;
		};
		5087E76C17EB910900C73F5D /* Build configuration list for PBXNativeTarget "HelloWorldApp.temp_caseinsensitive_rename Mac" */ = {
			isa = XCConfigurationList;
			buildConfigurations = (
				5087E76D17EB910900C73F5D /* Debug */,
				5087E76E17EB910900C73F5D /* Release */,
			);
			defaultConfigurationIsVisible = 0;
			defaultConfigurationName = Debug;
		};
		C01FCF4E08A954540054247B /* Build configuration list for PBXProject "HelloWorldApp" */ = {
			isa = XCConfigurationList;
			buildConfigurations = (
				C01FCF4F08A954540054247B /* Debug */,
				C01FCF5008A954540054247B /* Release */,
			);
			defaultConfigurationIsVisible = 0;
			defaultConfigurationName = Debug;
		};
/* End XCConfigurationList section */
	};
	rootObject = 29B97313FDCFA39411CA2CEA /* Project object */;
}
